// !$*UTF8*$!
{
	archiveVersion = 1;
	classes = {
	};
	objectVersion = 50;
	objects = {

/* Begin PBXBuildFile section */
		813C8D5C234529E500DE9E82 /* BitViewModel.swift in Sources */ = {isa = PBXBuildFile; fileRef = 813C8D5B234529E500DE9E82 /* BitViewModel.swift */; };
		8166679423439D2B002DC01A /* TempoUpdaterViewController.swift in Sources */ = {isa = PBXBuildFile; fileRef = 8166679323439D2B002DC01A /* TempoUpdaterViewController.swift */; };
		8166679623439D42002DC01A /* TempoUpdaterView.swift in Sources */ = {isa = PBXBuildFile; fileRef = 8166679523439D42002DC01A /* TempoUpdaterView.swift */; };
		8166679823451E7F002DC01A /* TimeSignatureUpdaterViewController.swift in Sources */ = {isa = PBXBuildFile; fileRef = 8166679723451E7F002DC01A /* TimeSignatureUpdaterViewController.swift */; };
		8169CFAC234A72DC009EFB1C /* UIForceTapGestureRecogniser.swift in Sources */ = {isa = PBXBuildFile; fileRef = 8169CFAB234A72DC009EFB1C /* UIForceTapGestureRecogniser.swift */; };
		8169CFAE234A7F57009EFB1C /* HelpViewController.swift in Sources */ = {isa = PBXBuildFile; fileRef = 8169CFAD234A7F57009EFB1C /* HelpViewController.swift */; };
		8169CFB0234A7F71009EFB1C /* HelpView.swift in Sources */ = {isa = PBXBuildFile; fileRef = 8169CFAF234A7F71009EFB1C /* HelpView.swift */; };
		81811B592348B1F600C06204 /* GestureMetronomePlayerViewController.swift in Sources */ = {isa = PBXBuildFile; fileRef = 81811B582348B1F600C06204 /* GestureMetronomePlayerViewController.swift */; };
		81811B5B2348B29D00C06204 /* ContainerViewController.swift in Sources */ = {isa = PBXBuildFile; fileRef = 81811B5A2348B29D00C06204 /* ContainerViewController.swift */; };
		81811B5D2348B4E200C06204 /* MetronomeController.swift in Sources */ = {isa = PBXBuildFile; fileRef = 81811B5C2348B4E200C06204 /* MetronomeController.swift */; };
		819E341B2343678700D56E92 /* MetronomeTicker.swift in Sources */ = {isa = PBXBuildFile; fileRef = 819E341A2343678700D56E92 /* MetronomeTicker.swift */; };
		81BE0C0E2348C8B5000053C6 /* TempoTests.swift in Sources */ = {isa = PBXBuildFile; fileRef = 81BE0C0D2348C8B5000053C6 /* TempoTests.swift */; };
		81BE0C102348C926000053C6 /* TimeSignatureTests.swift in Sources */ = {isa = PBXBuildFile; fileRef = 81BE0C0F2348C926000053C6 /* TimeSignatureTests.swift */; };
		81C0B37F23492DB700D01072 /* TimeSignatureUpdaterView.swift in Sources */ = {isa = PBXBuildFile; fileRef = 81C0B37E23492DB700D01072 /* TimeSignatureUpdaterView.swift */; };
		81FAF02F23427ED1004A8C51 /* AppDelegate.swift in Sources */ = {isa = PBXBuildFile; fileRef = 81FAF02E23427ED1004A8C51 /* AppDelegate.swift */; };
		81FAF03123427ED1004A8C51 /* SceneDelegate.swift in Sources */ = {isa = PBXBuildFile; fileRef = 81FAF03023427ED1004A8C51 /* SceneDelegate.swift */; };
		81FAF03323427ED1004A8C51 /* MainViewController.swift in Sources */ = {isa = PBXBuildFile; fileRef = 81FAF03223427ED1004A8C51 /* MainViewController.swift */; };
		81FAF03623427ED1004A8C51 /* Main.storyboard in Resources */ = {isa = PBXBuildFile; fileRef = 81FAF03423427ED1004A8C51 /* Main.storyboard */; };
		81FAF03823427ED2004A8C51 /* Assets.xcassets in Resources */ = {isa = PBXBuildFile; fileRef = 81FAF03723427ED2004A8C51 /* Assets.xcassets */; };
		81FAF03B23427ED2004A8C51 /* LaunchScreen.storyboard in Resources */ = {isa = PBXBuildFile; fileRef = 81FAF03923427ED2004A8C51 /* LaunchScreen.storyboard */; };
		81FAF04623427ED3004A8C51 /* MetronomeTests.swift in Sources */ = {isa = PBXBuildFile; fileRef = 81FAF04523427ED3004A8C51 /* MetronomeTests.swift */; };
		81FAF05623427F52004A8C51 /* Metronome.swift in Sources */ = {isa = PBXBuildFile; fileRef = 81FAF05523427F52004A8C51 /* Metronome.swift */; };
		81FAF05923427F6F004A8C51 /* TimeSignature.swift in Sources */ = {isa = PBXBuildFile; fileRef = 81FAF05823427F6F004A8C51 /* TimeSignature.swift */; };
		81FAF05B234285E3004A8C51 /* Tempo.swift in Sources */ = {isa = PBXBuildFile; fileRef = 81FAF05A234285E3004A8C51 /* Tempo.swift */; };
		81FAF05F23429A00004A8C51 /* MetronomeView.swift in Sources */ = {isa = PBXBuildFile; fileRef = 81FAF05E23429A00004A8C51 /* MetronomeView.swift */; };
		81FAF06123429A24004A8C51 /* MetronomeViewController.swift in Sources */ = {isa = PBXBuildFile; fileRef = 81FAF06023429A24004A8C51 /* MetronomeViewController.swift */; };
		81FAF06723435823004A8C51 /* MetronomeViewModel.swift in Sources */ = {isa = PBXBuildFile; fileRef = 81FAF06623435823004A8C51 /* MetronomeViewModel.swift */; };
		81FAF06923436475004A8C51 /* MetronomeConfiguration.swift in Sources */ = {isa = PBXBuildFile; fileRef = 81FAF06823436475004A8C51 /* MetronomeConfiguration.swift */; };
/* End PBXBuildFile section */

/* Begin PBXContainerItemProxy section */
		81FAF04223427ED3004A8C51 /* PBXContainerItemProxy */ = {
			isa = PBXContainerItemProxy;
			containerPortal = 81FAF02323427ED1004A8C51 /* Project object */;
			proxyType = 1;
			remoteGlobalIDString = 81FAF02A23427ED1004A8C51;
			remoteInfo = Metronome;
		};
/* End PBXContainerItemProxy section */

/* Begin PBXFileReference section */
		813C8D5B234529E500DE9E82 /* BitViewModel.swift */ = {isa = PBXFileReference; lastKnownFileType = sourcecode.swift; path = BitViewModel.swift; sourceTree = "<group>"; };
		8166679323439D2B002DC01A /* TempoUpdaterViewController.swift */ = {isa = PBXFileReference; lastKnownFileType = sourcecode.swift; path = TempoUpdaterViewController.swift; sourceTree = "<group>"; };
		8166679523439D42002DC01A /* TempoUpdaterView.swift */ = {isa = PBXFileReference; lastKnownFileType = sourcecode.swift; path = TempoUpdaterView.swift; sourceTree = "<group>"; };
		8166679723451E7F002DC01A /* TimeSignatureUpdaterViewController.swift */ = {isa = PBXFileReference; lastKnownFileType = sourcecode.swift; path = TimeSignatureUpdaterViewController.swift; sourceTree = "<group>"; };
		8169CFAB234A72DC009EFB1C /* UIForceTapGestureRecogniser.swift */ = {isa = PBXFileReference; lastKnownFileType = sourcecode.swift; path = UIForceTapGestureRecogniser.swift; sourceTree = "<group>"; };
		8169CFAD234A7F57009EFB1C /* HelpViewController.swift */ = {isa = PBXFileReference; lastKnownFileType = sourcecode.swift; path = HelpViewController.swift; sourceTree = "<group>"; };
		8169CFAF234A7F71009EFB1C /* HelpView.swift */ = {isa = PBXFileReference; lastKnownFileType = sourcecode.swift; path = HelpView.swift; sourceTree = "<group>"; };
		81811B582348B1F600C06204 /* GestureMetronomePlayerViewController.swift */ = {isa = PBXFileReference; lastKnownFileType = sourcecode.swift; path = GestureMetronomePlayerViewController.swift; sourceTree = "<group>"; };
		81811B5A2348B29D00C06204 /* ContainerViewController.swift */ = {isa = PBXFileReference; lastKnownFileType = sourcecode.swift; path = ContainerViewController.swift; sourceTree = "<group>"; };
		81811B5C2348B4E200C06204 /* MetronomeController.swift */ = {isa = PBXFileReference; lastKnownFileType = sourcecode.swift; path = MetronomeController.swift; sourceTree = "<group>"; };
		819E341A2343678700D56E92 /* MetronomeTicker.swift */ = {isa = PBXFileReference; lastKnownFileType = sourcecode.swift; path = MetronomeTicker.swift; sourceTree = "<group>"; };
		81BE0C0D2348C8B5000053C6 /* TempoTests.swift */ = {isa = PBXFileReference; lastKnownFileType = sourcecode.swift; path = TempoTests.swift; sourceTree = "<group>"; };
		81BE0C0F2348C926000053C6 /* TimeSignatureTests.swift */ = {isa = PBXFileReference; lastKnownFileType = sourcecode.swift; path = TimeSignatureTests.swift; sourceTree = "<group>"; };
		81C0B37E23492DB700D01072 /* TimeSignatureUpdaterView.swift */ = {isa = PBXFileReference; fileEncoding = 4; lastKnownFileType = sourcecode.swift; path = TimeSignatureUpdaterView.swift; sourceTree = "<group>"; };
		81FAF02B23427ED1004A8C51 /* Metronome.app */ = {isa = PBXFileReference; explicitFileType = wrapper.application; includeInIndex = 0; path = Metronome.app; sourceTree = BUILT_PRODUCTS_DIR; };
		81FAF02E23427ED1004A8C51 /* AppDelegate.swift */ = {isa = PBXFileReference; lastKnownFileType = sourcecode.swift; path = AppDelegate.swift; sourceTree = "<group>"; };
		81FAF03023427ED1004A8C51 /* SceneDelegate.swift */ = {isa = PBXFileReference; lastKnownFileType = sourcecode.swift; path = SceneDelegate.swift; sourceTree = "<group>"; };
		81FAF03223427ED1004A8C51 /* MainViewController.swift */ = {isa = PBXFileReference; lastKnownFileType = sourcecode.swift; path = MainViewController.swift; sourceTree = "<group>"; };
		81FAF03523427ED1004A8C51 /* Base */ = {isa = PBXFileReference; lastKnownFileType = file.storyboard; name = Base; path = Base.lproj/Main.storyboard; sourceTree = "<group>"; };
		81FAF03723427ED2004A8C51 /* Assets.xcassets */ = {isa = PBXFileReference; lastKnownFileType = folder.assetcatalog; path = Assets.xcassets; sourceTree = "<group>"; };
		81FAF03A23427ED2004A8C51 /* Base */ = {isa = PBXFileReference; lastKnownFileType = file.storyboard; name = Base; path = Base.lproj/LaunchScreen.storyboard; sourceTree = "<group>"; };
		81FAF03C23427ED2004A8C51 /* Info.plist */ = {isa = PBXFileReference; lastKnownFileType = text.plist.xml; path = Info.plist; sourceTree = "<group>"; };
		81FAF04123427ED3004A8C51 /* MetronomeTests.xctest */ = {isa = PBXFileReference; explicitFileType = wrapper.cfbundle; includeInIndex = 0; path = MetronomeTests.xctest; sourceTree = BUILT_PRODUCTS_DIR; };
		81FAF04523427ED3004A8C51 /* MetronomeTests.swift */ = {isa = PBXFileReference; lastKnownFileType = sourcecode.swift; path = MetronomeTests.swift; sourceTree = "<group>"; };
		81FAF04723427ED3004A8C51 /* Info.plist */ = {isa = PBXFileReference; lastKnownFileType = text.plist.xml; path = Info.plist; sourceTree = "<group>"; };
		81FAF05523427F52004A8C51 /* Metronome.swift */ = {isa = PBXFileReference; lastKnownFileType = sourcecode.swift; path = Metronome.swift; sourceTree = "<group>"; };
		81FAF05823427F6F004A8C51 /* TimeSignature.swift */ = {isa = PBXFileReference; lastKnownFileType = sourcecode.swift; path = TimeSignature.swift; sourceTree = "<group>"; };
		81FAF05A234285E3004A8C51 /* Tempo.swift */ = {isa = PBXFileReference; lastKnownFileType = sourcecode.swift; path = Tempo.swift; sourceTree = "<group>"; };
		81FAF05E23429A00004A8C51 /* MetronomeView.swift */ = {isa = PBXFileReference; lastKnownFileType = sourcecode.swift; path = MetronomeView.swift; sourceTree = "<group>"; };
		81FAF06023429A24004A8C51 /* MetronomeViewController.swift */ = {isa = PBXFileReference; lastKnownFileType = sourcecode.swift; path = MetronomeViewController.swift; sourceTree = "<group>"; };
		81FAF06623435823004A8C51 /* MetronomeViewModel.swift */ = {isa = PBXFileReference; lastKnownFileType = sourcecode.swift; path = MetronomeViewModel.swift; sourceTree = "<group>"; };
		81FAF06823436475004A8C51 /* MetronomeConfiguration.swift */ = {isa = PBXFileReference; lastKnownFileType = sourcecode.swift; path = MetronomeConfiguration.swift; sourceTree = "<group>"; };
/* End PBXFileReference section */

/* Begin PBXFrameworksBuildPhase section */
		81FAF02823427ED1004A8C51 /* Frameworks */ = {
			isa = PBXFrameworksBuildPhase;
			buildActionMask = 2147483647;
			files = (
			);
			runOnlyForDeploymentPostprocessing = 0;
		};
		81FAF03E23427ED3004A8C51 /* Frameworks */ = {
			isa = PBXFrameworksBuildPhase;
			buildActionMask = 2147483647;
			files = (
			);
			runOnlyForDeploymentPostprocessing = 0;
		};
/* End PBXFrameworksBuildPhase section */

/* Begin PBXGroup section */
		81265BEB234910D8001648E1 /* Controllers */ = {
			isa = PBXGroup;
			children = (
				81811B5C2348B4E200C06204 /* MetronomeController.swift */,
			);
			path = Controllers;
			sourceTree = "<group>";
		};
		81FAF02223427ED1004A8C51 = {
			isa = PBXGroup;
			children = (
				81FAF02D23427ED1004A8C51 /* Metronome */,
				81FAF04423427ED3004A8C51 /* MetronomeTests */,
				81FAF02C23427ED1004A8C51 /* Products */,
			);
			sourceTree = "<group>";
		};
		81FAF02C23427ED1004A8C51 /* Products */ = {
			isa = PBXGroup;
			children = (
				81FAF02B23427ED1004A8C51 /* Metronome.app */,
				81FAF04123427ED3004A8C51 /* MetronomeTests.xctest */,
			);
			name = Products;
			sourceTree = "<group>";
		};
		81FAF02D23427ED1004A8C51 /* Metronome */ = {
			isa = PBXGroup;
			children = (
				81FAF05023427EEA004A8C51 /* Classes */,
				81FAF05223427F00004A8C51 /* Resources */,
				81FAF03C23427ED2004A8C51 /* Info.plist */,
			);
			path = Metronome;
			sourceTree = "<group>";
		};
		81FAF04423427ED3004A8C51 /* MetronomeTests */ = {
			isa = PBXGroup;
			children = (
				81FAF04523427ED3004A8C51 /* MetronomeTests.swift */,
				81BE0C0D2348C8B5000053C6 /* TempoTests.swift */,
				81BE0C0F2348C926000053C6 /* TimeSignatureTests.swift */,
				81FAF04723427ED3004A8C51 /* Info.plist */,
			);
			path = MetronomeTests;
			sourceTree = "<group>";
		};
		81FAF05023427EEA004A8C51 /* Classes */ = {
			isa = PBXGroup;
			children = (
				81FAF05723427F65004A8C51 /* Entities */,
				81FAF05423427F48004A8C51 /* Application */,
				81265BEB234910D8001648E1 /* Controllers */,
				81FAF05123427EF3004A8C51 /* Platform */,
			);
			path = Classes;
			sourceTree = "<group>";
		};
		81FAF05123427EF3004A8C51 /* Platform */ = {
			isa = PBXGroup;
			children = (
				81FAF02E23427ED1004A8C51 /* AppDelegate.swift */,
				81FAF03023427ED1004A8C51 /* SceneDelegate.swift */,
				81FAF06523435816004A8C51 /* Model */,
				81FAF05D234299DE004A8C51 /* View */,
				81FAF05C234299D4004A8C51 /* Controller */,
			);
			path = Platform;
			sourceTree = "<group>";
		};
		81FAF05223427F00004A8C51 /* Resources */ = {
			isa = PBXGroup;
			children = (
				81FAF05323427F07004A8C51 /* Storyboard */,
				81FAF03723427ED2004A8C51 /* Assets.xcassets */,
			);
			path = Resources;
			sourceTree = "<group>";
		};
		81FAF05323427F07004A8C51 /* Storyboard */ = {
			isa = PBXGroup;
			children = (
				81FAF03423427ED1004A8C51 /* Main.storyboard */,
				81FAF03923427ED2004A8C51 /* LaunchScreen.storyboard */,
			);
			path = Storyboard;
			sourceTree = "<group>";
		};
		81FAF05423427F48004A8C51 /* Application */ = {
			isa = PBXGroup;
			children = (
				819E341A2343678700D56E92 /* MetronomeTicker.swift */,
				81FAF06823436475004A8C51 /* MetronomeConfiguration.swift */,
				81FAF05523427F52004A8C51 /* Metronome.swift */,
			);
			path = Application;
			sourceTree = "<group>";
		};
		81FAF05723427F65004A8C51 /* Entities */ = {
			isa = PBXGroup;
			children = (
				81FAF05823427F6F004A8C51 /* TimeSignature.swift */,
				81FAF05A234285E3004A8C51 /* Tempo.swift */,
			);
			path = Entities;
			sourceTree = "<group>";
		};
		81FAF05C234299D4004A8C51 /* Controller */ = {
			isa = PBXGroup;
			children = (
				8169CFAB234A72DC009EFB1C /* UIForceTapGestureRecogniser.swift */,
				81811B5A2348B29D00C06204 /* ContainerViewController.swift */,
				81FAF03223427ED1004A8C51 /* MainViewController.swift */,
				81FAF06023429A24004A8C51 /* MetronomeViewController.swift */,
				81811B582348B1F600C06204 /* GestureMetronomePlayerViewController.swift */,
				8166679323439D2B002DC01A /* TempoUpdaterViewController.swift */,
				8166679723451E7F002DC01A /* TimeSignatureUpdaterViewController.swift */,
				8169CFAD234A7F57009EFB1C /* HelpViewController.swift */,
			);
			path = Controller;
			sourceTree = "<group>";
		};
		81FAF05D234299DE004A8C51 /* View */ = {
			isa = PBXGroup;
			children = (
				81FAF05E23429A00004A8C51 /* MetronomeView.swift */,
				8166679523439D42002DC01A /* TempoUpdaterView.swift */,
				81C0B37E23492DB700D01072 /* TimeSignatureUpdaterView.swift */,
				8169CFAF234A7F71009EFB1C /* HelpView.swift */,
			);
			path = View;
			sourceTree = "<group>";
		};
		81FAF06523435816004A8C51 /* Model */ = {
			isa = PBXGroup;
			children = (
				81FAF06623435823004A8C51 /* MetronomeViewModel.swift */,
				813C8D5B234529E500DE9E82 /* BitViewModel.swift */,
			);
			path = Model;
			sourceTree = "<group>";
		};
/* End PBXGroup section */

/* Begin PBXNativeTarget section */
		81FAF02A23427ED1004A8C51 /* Metronome */ = {
			isa = PBXNativeTarget;
			buildConfigurationList = 81FAF04A23427ED3004A8C51 /* Build configuration list for PBXNativeTarget "Metronome" */;
			buildPhases = (
				81FAF02723427ED1004A8C51 /* Sources */,
				81FAF02823427ED1004A8C51 /* Frameworks */,
				81FAF02923427ED1004A8C51 /* Resources */,
			);
			buildRules = (
			);
			dependencies = (
			);
			name = Metronome;
			productName = Metronome;
			productReference = 81FAF02B23427ED1004A8C51 /* Metronome.app */;
			productType = "com.apple.product-type.application";
		};
		81FAF04023427ED3004A8C51 /* MetronomeTests */ = {
			isa = PBXNativeTarget;
			buildConfigurationList = 81FAF04D23427ED3004A8C51 /* Build configuration list for PBXNativeTarget "MetronomeTests" */;
			buildPhases = (
				81FAF03D23427ED3004A8C51 /* Sources */,
				81FAF03E23427ED3004A8C51 /* Frameworks */,
				81FAF03F23427ED3004A8C51 /* Resources */,
			);
			buildRules = (
			);
			dependencies = (
				81FAF04323427ED3004A8C51 /* PBXTargetDependency */,
			);
			name = MetronomeTests;
			productName = MetronomeTests;
			productReference = 81FAF04123427ED3004A8C51 /* MetronomeTests.xctest */;
			productType = "com.apple.product-type.bundle.unit-test";
		};
/* End PBXNativeTarget section */

/* Begin PBXProject section */
		81FAF02323427ED1004A8C51 /* Project object */ = {
			isa = PBXProject;
			attributes = {
				LastSwiftUpdateCheck = 1100;
				LastUpgradeCheck = 1100;
				ORGANIZATIONNAME = "luca strazzullo";
				TargetAttributes = {
					81FAF02A23427ED1004A8C51 = {
						CreatedOnToolsVersion = 11.0;
					};
					81FAF04023427ED3004A8C51 = {
						CreatedOnToolsVersion = 11.0;
						TestTargetID = 81FAF02A23427ED1004A8C51;
					};
				};
			};
			buildConfigurationList = 81FAF02623427ED1004A8C51 /* Build configuration list for PBXProject "Metronome" */;
			compatibilityVersion = "Xcode 9.3";
			developmentRegion = en;
			hasScannedForEncodings = 0;
			knownRegions = (
				en,
				Base,
			);
			mainGroup = 81FAF02223427ED1004A8C51;
			productRefGroup = 81FAF02C23427ED1004A8C51 /* Products */;
			projectDirPath = "";
			projectRoot = "";
			targets = (
				81FAF02A23427ED1004A8C51 /* Metronome */,
				81FAF04023427ED3004A8C51 /* MetronomeTests */,
			);
		};
/* End PBXProject section */

/* Begin PBXResourcesBuildPhase section */
		81FAF02923427ED1004A8C51 /* Resources */ = {
			isa = PBXResourcesBuildPhase;
			buildActionMask = 2147483647;
			files = (
				81FAF03B23427ED2004A8C51 /* LaunchScreen.storyboard in Resources */,
				81FAF03823427ED2004A8C51 /* Assets.xcassets in Resources */,
				81FAF03623427ED1004A8C51 /* Main.storyboard in Resources */,
			);
			runOnlyForDeploymentPostprocessing = 0;
		};
		81FAF03F23427ED3004A8C51 /* Resources */ = {
			isa = PBXResourcesBuildPhase;
			buildActionMask = 2147483647;
			files = (
			);
			runOnlyForDeploymentPostprocessing = 0;
		};
/* End PBXResourcesBuildPhase section */

/* Begin PBXSourcesBuildPhase section */
		81FAF02723427ED1004A8C51 /* Sources */ = {
			isa = PBXSourcesBuildPhase;
			buildActionMask = 2147483647;
			files = (
				8166679823451E7F002DC01A /* TimeSignatureUpdaterViewController.swift in Sources */,
				81811B5D2348B4E200C06204 /* MetronomeController.swift in Sources */,
				8169CFAC234A72DC009EFB1C /* UIForceTapGestureRecogniser.swift in Sources */,
				81FAF06723435823004A8C51 /* MetronomeViewModel.swift in Sources */,
				819E341B2343678700D56E92 /* MetronomeTicker.swift in Sources */,
				8169CFB0234A7F71009EFB1C /* HelpView.swift in Sources */,
				81FAF05623427F52004A8C51 /* Metronome.swift in Sources */,
				81FAF03323427ED1004A8C51 /* MainViewController.swift in Sources */,
				8169CFAE234A7F57009EFB1C /* HelpViewController.swift in Sources */,
				81FAF05923427F6F004A8C51 /* TimeSignature.swift in Sources */,
				81811B592348B1F600C06204 /* GestureMetronomePlayerViewController.swift in Sources */,
				81FAF05F23429A00004A8C51 /* MetronomeView.swift in Sources */,
				813C8D5C234529E500DE9E82 /* BitViewModel.swift in Sources */,
				81FAF05B234285E3004A8C51 /* Tempo.swift in Sources */,
				81FAF06123429A24004A8C51 /* MetronomeViewController.swift in Sources */,
				8166679423439D2B002DC01A /* TempoUpdaterViewController.swift in Sources */,
				81FAF06923436475004A8C51 /* MetronomeConfiguration.swift in Sources */,
				8166679623439D42002DC01A /* TempoUpdaterView.swift in Sources */,
				81FAF02F23427ED1004A8C51 /* AppDelegate.swift in Sources */,
				81811B5B2348B29D00C06204 /* ContainerViewController.swift in Sources */,
				81C0B37F23492DB700D01072 /* TimeSignatureUpdaterView.swift in Sources */,
				81FAF03123427ED1004A8C51 /* SceneDelegate.swift in Sources */,
			);
			runOnlyForDeploymentPostprocessing = 0;
		};
		81FAF03D23427ED3004A8C51 /* Sources */ = {
			isa = PBXSourcesBuildPhase;
			buildActionMask = 2147483647;
			files = (
				81BE0C102348C926000053C6 /* TimeSignatureTests.swift in Sources */,
				81FAF04623427ED3004A8C51 /* MetronomeTests.swift in Sources */,
				81BE0C0E2348C8B5000053C6 /* TempoTests.swift in Sources */,
			);
			runOnlyForDeploymentPostprocessing = 0;
		};
/* End PBXSourcesBuildPhase section */

/* Begin PBXTargetDependency section */
		81FAF04323427ED3004A8C51 /* PBXTargetDependency */ = {
			isa = PBXTargetDependency;
			target = 81FAF02A23427ED1004A8C51 /* Metronome */;
			targetProxy = 81FAF04223427ED3004A8C51 /* PBXContainerItemProxy */;
		};
/* End PBXTargetDependency section */

/* Begin PBXVariantGroup section */
		81FAF03423427ED1004A8C51 /* Main.storyboard */ = {
			isa = PBXVariantGroup;
			children = (
				81FAF03523427ED1004A8C51 /* Base */,
			);
			name = Main.storyboard;
			sourceTree = "<group>";
		};
		81FAF03923427ED2004A8C51 /* LaunchScreen.storyboard */ = {
			isa = PBXVariantGroup;
			children = (
				81FAF03A23427ED2004A8C51 /* Base */,
			);
			name = LaunchScreen.storyboard;
			sourceTree = "<group>";
		};
/* End PBXVariantGroup section */

/* Begin XCBuildConfiguration section */
		81FAF04823427ED3004A8C51 /* Debug */ = {
			isa = XCBuildConfiguration;
			buildSettings = {
				ALWAYS_SEARCH_USER_PATHS = NO;
				CLANG_ANALYZER_NONNULL = YES;
				CLANG_ANALYZER_NUMBER_OBJECT_CONVERSION = YES_AGGRESSIVE;
				CLANG_CXX_LANGUAGE_STANDARD = "gnu++14";
				CLANG_CXX_LIBRARY = "libc++";
				CLANG_ENABLE_MODULES = YES;
				CLANG_ENABLE_OBJC_ARC = YES;
				CLANG_ENABLE_OBJC_WEAK = YES;
				CLANG_WARN_BLOCK_CAPTURE_AUTORELEASING = YES;
				CLANG_WARN_BOOL_CONVERSION = YES;
				CLANG_WARN_COMMA = YES;
				CLANG_WARN_CONSTANT_CONVERSION = YES;
				CLANG_WARN_DEPRECATED_OBJC_IMPLEMENTATIONS = YES;
				CLANG_WARN_DIRECT_OBJC_ISA_USAGE = YES_ERROR;
				CLANG_WARN_DOCUMENTATION_COMMENTS = YES;
				CLANG_WARN_EMPTY_BODY = YES;
				CLANG_WARN_ENUM_CONVERSION = YES;
				CLANG_WARN_INFINITE_RECURSION = YES;
				CLANG_WARN_INT_CONVERSION = YES;
				CLANG_WARN_NON_LITERAL_NULL_CONVERSION = YES;
				CLANG_WARN_OBJC_IMPLICIT_RETAIN_SELF = YES;
				CLANG_WARN_OBJC_LITERAL_CONVERSION = YES;
				CLANG_WARN_OBJC_ROOT_CLASS = YES_ERROR;
				CLANG_WARN_RANGE_LOOP_ANALYSIS = YES;
				CLANG_WARN_STRICT_PROTOTYPES = YES;
				CLANG_WARN_SUSPICIOUS_MOVE = YES;
				CLANG_WARN_UNGUARDED_AVAILABILITY = YES_AGGRESSIVE;
				CLANG_WARN_UNREACHABLE_CODE = YES;
				CLANG_WARN__DUPLICATE_METHOD_MATCH = YES;
				COPY_PHASE_STRIP = NO;
				DEBUG_INFORMATION_FORMAT = dwarf;
				ENABLE_STRICT_OBJC_MSGSEND = YES;
				ENABLE_TESTABILITY = YES;
				GCC_C_LANGUAGE_STANDARD = gnu11;
				GCC_DYNAMIC_NO_PIC = NO;
				GCC_NO_COMMON_BLOCKS = YES;
				GCC_OPTIMIZATION_LEVEL = 0;
				GCC_PREPROCESSOR_DEFINITIONS = (
					"DEBUG=1",
					"$(inherited)",
				);
				GCC_WARN_64_TO_32_BIT_CONVERSION = YES;
				GCC_WARN_ABOUT_RETURN_TYPE = YES_ERROR;
				GCC_WARN_UNDECLARED_SELECTOR = YES;
				GCC_WARN_UNINITIALIZED_AUTOS = YES_AGGRESSIVE;
				GCC_WARN_UNUSED_FUNCTION = YES;
				GCC_WARN_UNUSED_VARIABLE = YES;
				IPHONEOS_DEPLOYMENT_TARGET = 13.0;
				MTL_ENABLE_DEBUG_INFO = INCLUDE_SOURCE;
				MTL_FAST_MATH = YES;
				ONLY_ACTIVE_ARCH = YES;
				SDKROOT = iphoneos;
				SWIFT_ACTIVE_COMPILATION_CONDITIONS = DEBUG;
				SWIFT_OPTIMIZATION_LEVEL = "-Onone";
			};
			name = Debug;
		};
		81FAF04923427ED3004A8C51 /* Release */ = {
			isa = XCBuildConfiguration;
			buildSettings = {
				ALWAYS_SEARCH_USER_PATHS = NO;
				CLANG_ANALYZER_NONNULL = YES;
				CLANG_ANALYZER_NUMBER_OBJECT_CONVERSION = YES_AGGRESSIVE;
				CLANG_CXX_LANGUAGE_STANDARD = "gnu++14";
				CLANG_CXX_LIBRARY = "libc++";
				CLANG_ENABLE_MODULES = YES;
				CLANG_ENABLE_OBJC_ARC = YES;
				CLANG_ENABLE_OBJC_WEAK = YES;
				CLANG_WARN_BLOCK_CAPTURE_AUTORELEASING = YES;
				CLANG_WARN_BOOL_CONVERSION = YES;
				CLANG_WARN_COMMA = YES;
				CLANG_WARN_CONSTANT_CONVERSION = YES;
				CLANG_WARN_DEPRECATED_OBJC_IMPLEMENTATIONS = YES;
				CLANG_WARN_DIRECT_OBJC_ISA_USAGE = YES_ERROR;
				CLANG_WARN_DOCUMENTATION_COMMENTS = YES;
				CLANG_WARN_EMPTY_BODY = YES;
				CLANG_WARN_ENUM_CONVERSION = YES;
				CLANG_WARN_INFINITE_RECURSION = YES;
				CLANG_WARN_INT_CONVERSION = YES;
				CLANG_WARN_NON_LITERAL_NULL_CONVERSION = YES;
				CLANG_WARN_OBJC_IMPLICIT_RETAIN_SELF = YES;
				CLANG_WARN_OBJC_LITERAL_CONVERSION = YES;
				CLANG_WARN_OBJC_ROOT_CLASS = YES_ERROR;
				CLANG_WARN_RANGE_LOOP_ANALYSIS = YES;
				CLANG_WARN_STRICT_PROTOTYPES = YES;
				CLANG_WARN_SUSPICIOUS_MOVE = YES;
				CLANG_WARN_UNGUARDED_AVAILABILITY = YES_AGGRESSIVE;
				CLANG_WARN_UNREACHABLE_CODE = YES;
				CLANG_WARN__DUPLICATE_METHOD_MATCH = YES;
				COPY_PHASE_STRIP = NO;
				DEBUG_INFORMATION_FORMAT = "dwarf-with-dsym";
				ENABLE_NS_ASSERTIONS = NO;
				ENABLE_STRICT_OBJC_MSGSEND = YES;
				GCC_C_LANGUAGE_STANDARD = gnu11;
				GCC_NO_COMMON_BLOCKS = YES;
				GCC_WARN_64_TO_32_BIT_CONVERSION = YES;
				GCC_WARN_ABOUT_RETURN_TYPE = YES_ERROR;
				GCC_WARN_UNDECLARED_SELECTOR = YES;
				GCC_WARN_UNINITIALIZED_AUTOS = YES_AGGRESSIVE;
				GCC_WARN_UNUSED_FUNCTION = YES;
				GCC_WARN_UNUSED_VARIABLE = YES;
				IPHONEOS_DEPLOYMENT_TARGET = 13.0;
				MTL_ENABLE_DEBUG_INFO = NO;
				MTL_FAST_MATH = YES;
				SDKROOT = iphoneos;
				SWIFT_COMPILATION_MODE = wholemodule;
				SWIFT_OPTIMIZATION_LEVEL = "-O";
				VALIDATE_PRODUCT = YES;
			};
			name = Release;
		};
		81FAF04B23427ED3004A8C51 /* Debug */ = {
			isa = XCBuildConfiguration;
			buildSettings = {
				ASSETCATALOG_COMPILER_APPICON_NAME = AppIcon;
				CODE_SIGN_IDENTITY = "iPhone Developer";
				CODE_SIGN_STYLE = Manual;
				DEVELOPMENT_TEAM = UC9U5RZ8UF;
				INFOPLIST_FILE = Metronome/Info.plist;
				LD_RUNPATH_SEARCH_PATHS = (
					"$(inherited)",
					"@executable_path/Frameworks",
				);
				PRODUCT_BUNDLE_IDENTIFIER = com.lucastrazzullo.metronome;
				PRODUCT_NAME = "$(TARGET_NAME)";
				PROVISIONING_PROFILE_SPECIFIER = "Metronome - Development";
				SWIFT_VERSION = 5.0;
				TARGETED_DEVICE_FAMILY = 1;
			};
			name = Debug;
		};
		81FAF04C23427ED3004A8C51 /* Release */ = {
			isa = XCBuildConfiguration;
			buildSettings = {
				ASSETCATALOG_COMPILER_APPICON_NAME = AppIcon;
				CODE_SIGN_IDENTITY = "iPhone Distribution";
				CODE_SIGN_STYLE = Manual;
				DEVELOPMENT_TEAM = UC9U5RZ8UF;
				INFOPLIST_FILE = Metronome/Info.plist;
				LD_RUNPATH_SEARCH_PATHS = (
					"$(inherited)",
					"@executable_path/Frameworks",
				);
				PRODUCT_BUNDLE_IDENTIFIER = com.lucastrazzullo.metronome;
				PRODUCT_NAME = "$(TARGET_NAME)";
				PROVISIONING_PROFILE_SPECIFIER = "Metronome - Distribution";
				SWIFT_VERSION = 5.0;
				TARGETED_DEVICE_FAMILY = 1;
			};
			name = Release;
		};
		81FAF04E23427ED3004A8C51 /* Debug */ = {
			isa = XCBuildConfiguration;
			buildSettings = {
				ALWAYS_EMBED_SWIFT_STANDARD_LIBRARIES = YES;
				BUNDLE_LOADER = "$(TEST_HOST)";
				CODE_SIGN_STYLE = Automatic;
				DEVELOPMENT_TEAM = UC9U5RZ8UF;
				INFOPLIST_FILE = MetronomeTests/Info.plist;
				IPHONEOS_DEPLOYMENT_TARGET = 13.0;
				LD_RUNPATH_SEARCH_PATHS = (
					"$(inherited)",
					"@executable_path/Frameworks",
					"@loader_path/Frameworks",
				);
				PRODUCT_BUNDLE_IDENTIFIER = com.lucastrazzullo.MetronomeTests;
				PRODUCT_NAME = "$(TARGET_NAME)";
				SWIFT_VERSION = 5.0;
				TARGETED_DEVICE_FAMILY = "1,2";
				TEST_HOST = "$(BUILT_PRODUCTS_DIR)/Metronome.app/Metronome";
			};
			name = Debug;
		};
		81FAF04F23427ED3004A8C51 /* Release */ = {
			isa = XCBuildConfiguration;
			buildSettings = {
				ALWAYS_EMBED_SWIFT_STANDARD_LIBRARIES = YES;
				BUNDLE_LOADER = "$(TEST_HOST)";
				CODE_SIGN_STYLE = Automatic;
				DEVELOPMENT_TEAM = UC9U5RZ8UF;
				INFOPLIST_FILE = MetronomeTests/Info.plist;
				IPHONEOS_DEPLOYMENT_TARGET = 13.0;
				LD_RUNPATH_SEARCH_PATHS = (
					"$(inherited)",
					"@executable_path/Frameworks",
					"@loader_path/Frameworks",
				);
				PRODUCT_BUNDLE_IDENTIFIER = com.lucastrazzullo.MetronomeTests;
				PRODUCT_NAME = "$(TARGET_NAME)";
				SWIFT_VERSION = 5.0;
				TARGETED_DEVICE_FAMILY = "1,2";
				TEST_HOST = "$(BUILT_PRODUCTS_DIR)/Metronome.app/Metronome";
			};
			name = Release;
		};
/* End XCBuildConfiguration section */

/* Begin XCConfigurationList section */
		81FAF02623427ED1004A8C51 /* Build configuration list for PBXProject "Metronome" */ = {
			isa = XCConfigurationList;
			buildConfigurations = (
				81FAF04823427ED3004A8C51 /* Debug */,
				81FAF04923427ED3004A8C51 /* Release */,
			);
			defaultConfigurationIsVisible = 0;
			defaultConfigurationName = Release;
		};
		81FAF04A23427ED3004A8C51 /* Build configuration list for PBXNativeTarget "Metronome" */ = {
			isa = XCConfigurationList;
			buildConfigurations = (
				81FAF04B23427ED3004A8C51 /* Debug */,
				81FAF04C23427ED3004A8C51 /* Release */,
			);
			defaultConfigurationIsVisible = 0;
			defaultConfigurationName = Release;
		};
		81FAF04D23427ED3004A8C51 /* Build configuration list for PBXNativeTarget "MetronomeTests" */ = {
			isa = XCConfigurationList;
			buildConfigurations = (
				81FAF04E23427ED3004A8C51 /* Debug */,
				81FAF04F23427ED3004A8C51 /* Release */,
			);
			defaultConfigurationIsVisible = 0;
			defaultConfigurationName = Release;
		};
/* End XCConfigurationList section */
	};
	rootObject = 81FAF02323427ED1004A8C51 /* Project object */;
}
