// !$*UTF8*$!
{
	archiveVersion = 1;
	classes = {
	};
	objectVersion = 50;
	objects = {

/* Begin PBXBuildFile section */
		810701A1245F2E78003D0B54 /* Metronome.swift in Sources */ = {isa = PBXBuildFile; fileRef = 810701A0245F2E78003D0B54 /* Metronome.swift */; };
		810701A2245F2E78003D0B54 /* Metronome.swift in Sources */ = {isa = PBXBuildFile; fileRef = 810701A0245F2E78003D0B54 /* Metronome.swift */; };
		810701A3245F2E78003D0B54 /* Metronome.swift in Sources */ = {isa = PBXBuildFile; fileRef = 810701A0245F2E78003D0B54 /* Metronome.swift */; };
		810701A4245F2E78003D0B54 /* Metronome.swift in Sources */ = {isa = PBXBuildFile; fileRef = 810701A0245F2E78003D0B54 /* Metronome.swift */; };
		810701A6245F3035003D0B54 /* MetronomeViewModel.swift in Sources */ = {isa = PBXBuildFile; fileRef = 81BDF50124586C3500B4F7F8 /* MetronomeViewModel.swift */; };
		810701A7245F3035003D0B54 /* BeatViewModel.swift in Sources */ = {isa = PBXBuildFile; fileRef = 81BDF50E245877AC00B4F7F8 /* BeatViewModel.swift */; };
		810701AB245F30DF003D0B54 /* ControlsViewModel.swift in Sources */ = {isa = PBXBuildFile; fileRef = 810701A8245F30DF003D0B54 /* ControlsViewModel.swift */; };
		810701B2245F4AA7003D0B54 /* TimeSignaturePickerView.swift in Sources */ = {isa = PBXBuildFile; fileRef = 810701AF245F4AA7003D0B54 /* TimeSignaturePickerView.swift */; };
		810701B5245F4ADD003D0B54 /* TempoPickerView.swift in Sources */ = {isa = PBXBuildFile; fileRef = 810701B4245F4ADD003D0B54 /* TempoPickerView.swift */; };
		8115EFAF235B660C00527665 /* BeatView.swift in Sources */ = {isa = PBXBuildFile; fileRef = 8115EFAE235B660C00527665 /* BeatView.swift */; };
		8115EFB1235CF3AC00527665 /* MetronomePrecisionTests.swift in Sources */ = {isa = PBXBuildFile; fileRef = 8115EFB0235CF3AC00527665 /* MetronomePrecisionTests.swift */; };
		8115EFB3235DB24100527665 /* ConfigurationCache.swift in Sources */ = {isa = PBXBuildFile; fileRef = 8115EFB2235DB24100527665 /* ConfigurationCache.swift */; };
		8115EFB5235DB29400527665 /* WelcomeCache.swift in Sources */ = {isa = PBXBuildFile; fileRef = 8115EFB4235DB29400527665 /* WelcomeCache.swift */; };
		8115EFB8235DB43C00527665 /* EntryCache.swift in Sources */ = {isa = PBXBuildFile; fileRef = 8115EFB7235DB43C00527665 /* EntryCache.swift */; };
		8115EFBA235DB65D00527665 /* Cache.swift in Sources */ = {isa = PBXBuildFile; fileRef = 8115EFB9235DB65D00527665 /* Cache.swift */; };
		8115EFBC235DB72200527665 /* UserDefaultBackedEntryCache.swift in Sources */ = {isa = PBXBuildFile; fileRef = 8115EFBB235DB72200527665 /* UserDefaultBackedEntryCache.swift */; };
		8115EFBF235DBCF000527665 /* MetronomeCacheController.swift in Sources */ = {isa = PBXBuildFile; fileRef = 8115EFBE235DBCF000527665 /* MetronomeCacheController.swift */; };
		8115EFC1235DBF6E00527665 /* MetronomeHapticController.swift in Sources */ = {isa = PBXBuildFile; fileRef = 8115EFC0235DBF6E00527665 /* MetronomeHapticController.swift */; };
		811BEEE22461CF4E00C5ADF7 /* MultiObservingController.swift in Sources */ = {isa = PBXBuildFile; fileRef = 811BEEE12461CF4E00C5ADF7 /* MultiObservingController.swift */; };
		81249768234B64280047F3E3 /* TimeSignature.swift in Sources */ = {isa = PBXBuildFile; fileRef = 81FAF05823427F6F004A8C51 /* TimeSignature.swift */; };
		81249769234B64280047F3E3 /* Tempo.swift in Sources */ = {isa = PBXBuildFile; fileRef = 81FAF05A234285E3004A8C51 /* Tempo.swift */; };
		8124976A234B642C0047F3E3 /* MetronomeTicker.swift in Sources */ = {isa = PBXBuildFile; fileRef = 819E341A2343678700D56E92 /* MetronomeTicker.swift */; };
		8124976B234B642C0047F3E3 /* MetronomeConfiguration.swift in Sources */ = {isa = PBXBuildFile; fileRef = 81FAF06823436475004A8C51 /* MetronomeConfiguration.swift */; };
		8124976F234B643E0047F3E3 /* MetronomeTicker.swift in Sources */ = {isa = PBXBuildFile; fileRef = 819E341A2343678700D56E92 /* MetronomeTicker.swift */; };
		81249770234B643E0047F3E3 /* MetronomeConfiguration.swift in Sources */ = {isa = PBXBuildFile; fileRef = 81FAF06823436475004A8C51 /* MetronomeConfiguration.swift */; };
		81249772234B64420047F3E3 /* TimeSignature.swift in Sources */ = {isa = PBXBuildFile; fileRef = 81FAF05823427F6F004A8C51 /* TimeSignature.swift */; };
		81249773234B64420047F3E3 /* Tempo.swift in Sources */ = {isa = PBXBuildFile; fileRef = 81FAF05A234285E3004A8C51 /* Tempo.swift */; };
		812E5B422355155900F04E41 /* TapTempoPickerViewModel.swift in Sources */ = {isa = PBXBuildFile; fileRef = 812E5B412355155900F04E41 /* TapTempoPickerViewModel.swift */; };
		812E5B442355198900F04E41 /* NoteLengthPickerViewModel.swift in Sources */ = {isa = PBXBuildFile; fileRef = 812E5B432355198900F04E41 /* NoteLengthPickerViewModel.swift */; };
		8155D9C62359BE9D009521F2 /* MetronomePublisher.swift in Sources */ = {isa = PBXBuildFile; fileRef = 8155D9C52359BE9D009521F2 /* MetronomePublisher.swift */; };
		815DA89B24617DFE00FEE8B1 /* Palette.swift in Sources */ = {isa = PBXBuildFile; fileRef = 815DA89924617D7000FEE8B1 /* Palette.swift */; };
		815DA89C24617E0800FEE8B1 /* ColorPalette.xcassets in Resources */ = {isa = PBXBuildFile; fileRef = 815DA89724617D5600FEE8B1 /* ColorPalette.xcassets */; };
		815DA89D24617FE100FEE8B1 /* ColorPalette.xcassets in Resources */ = {isa = PBXBuildFile; fileRef = 815DA89724617D5600FEE8B1 /* ColorPalette.xcassets */; };
		815DA89E24617FF500FEE8B1 /* Palette.swift in Sources */ = {isa = PBXBuildFile; fileRef = 815DA89924617D7000FEE8B1 /* Palette.swift */; };
		8166679823451E7F002DC01A /* TimeSignaturePickerViewController.swift in Sources */ = {isa = PBXBuildFile; fileRef = 8166679723451E7F002DC01A /* TimeSignaturePickerViewController.swift */; };
		8169EE5B235E1D4300DAD7BB /* BeatsView.swift in Sources */ = {isa = PBXBuildFile; fileRef = 8169EE5A235E1D4300DAD7BB /* BeatsView.swift */; };
		8179A9832353A22100B33770 /* ChromeView.swift in Sources */ = {isa = PBXBuildFile; fileRef = 8179A9822353A22100B33770 /* ChromeView.swift */; };
		817EFA432355C09F004E774D /* SlideTempoPickerViewModel.swift in Sources */ = {isa = PBXBuildFile; fileRef = 817EFA422355C09F004E774D /* SlideTempoPickerViewModel.swift */; };
		817EFA4C2355C60E004E774D /* BrandFont.swift in Sources */ = {isa = PBXBuildFile; fileRef = 817EFA4B2355C60E004E774D /* BrandFont.swift */; };
		817EFA4E2355C948004E774D /* TipView.swift in Sources */ = {isa = PBXBuildFile; fileRef = 817EFA4D2355C948004E774D /* TipView.swift */; };
		817F9932234CAD0400DA1043 /* Assets.xcassets in Resources */ = {isa = PBXBuildFile; fileRef = 817F9931234CAD0400DA1043 /* Assets.xcassets */; };
		817F9939234CAD0400DA1043 /* Metronome Watch Extension.appex in Embed App Extensions */ = {isa = PBXBuildFile; fileRef = 817F9938234CAD0400DA1043 /* Metronome Watch Extension.appex */; settings = {ATTRIBUTES = (RemoveHeadersOnCopy, ); }; };
		817F9942234CAD0500DA1043 /* Assets.xcassets in Resources */ = {isa = PBXBuildFile; fileRef = 817F9941234CAD0500DA1043 /* Assets.xcassets */; };
		817F994F234CAD6600DA1043 /* ExtensionDelegate.swift in Sources */ = {isa = PBXBuildFile; fileRef = 81249741234B61C00047F3E3 /* ExtensionDelegate.swift */; };
		817F9952234CAD6D00DA1043 /* MetronomeView.swift in Sources */ = {isa = PBXBuildFile; fileRef = 8124977E234B68FF0047F3E3 /* MetronomeView.swift */; };
		817F9953234CAD7000DA1043 /* MetronomeViewController.swift in Sources */ = {isa = PBXBuildFile; fileRef = 8124973F234B61C00047F3E3 /* MetronomeViewController.swift */; };
		817F9954234CADB800DA1043 /* TimeSignature.swift in Sources */ = {isa = PBXBuildFile; fileRef = 81FAF05823427F6F004A8C51 /* TimeSignature.swift */; };
		817F9955234CADB800DA1043 /* Tempo.swift in Sources */ = {isa = PBXBuildFile; fileRef = 81FAF05A234285E3004A8C51 /* Tempo.swift */; };
		817F9956234CADBC00DA1043 /* MetronomeTicker.swift in Sources */ = {isa = PBXBuildFile; fileRef = 819E341A2343678700D56E92 /* MetronomeTicker.swift */; };
		817F9957234CADBC00DA1043 /* MetronomeConfiguration.swift in Sources */ = {isa = PBXBuildFile; fileRef = 81FAF06823436475004A8C51 /* MetronomeConfiguration.swift */; };
		817F995C234CAEFF00DA1043 /* Interface.storyboard in Resources */ = {isa = PBXBuildFile; fileRef = 817F992E234CAD0300DA1043 /* Interface.storyboard */; };
		817F995D234CAF2000DA1043 /* Interface.storyboard in Resources */ = {isa = PBXBuildFile; fileRef = 817F992E234CAD0300DA1043 /* Interface.storyboard */; };
		81807A6A245FF16C00737786 /* TempoPickerViewModel.swift in Sources */ = {isa = PBXBuildFile; fileRef = 81807A69245FF16C00737786 /* TempoPickerViewModel.swift */; };
		81807A6C245FF1FD00737786 /* Copy.swift in Sources */ = {isa = PBXBuildFile; fileRef = 81807A6B245FF1FD00737786 /* Copy.swift */; };
		81807A6E246001EC00737786 /* TimeSignaturePickerViewModel.swift in Sources */ = {isa = PBXBuildFile; fileRef = 81807A6D246001EC00737786 /* TimeSignaturePickerViewModel.swift */; };
		81811B5B2348B29D00C06204 /* ContainerViewController.swift in Sources */ = {isa = PBXBuildFile; fileRef = 81811B5A2348B29D00C06204 /* ContainerViewController.swift */; };
		81919FB3234B4F220061571A /* Localizable.strings in Resources */ = {isa = PBXBuildFile; fileRef = 81919FB2234B4F220061571A /* Localizable.strings */; };
		81919FB5234B515C0061571A /* HelpViewModel.swift in Sources */ = {isa = PBXBuildFile; fileRef = 81919FB4234B515C0061571A /* HelpViewModel.swift */; };
		81919FB7234B51960061571A /* TipViewModel.swift in Sources */ = {isa = PBXBuildFile; fileRef = 81919FB6234B51960061571A /* TipViewModel.swift */; };
		81A71C772352455100E86256 /* TogglerGestureController.swift in Sources */ = {isa = PBXBuildFile; fileRef = 81A71C762352455100E86256 /* TogglerGestureController.swift */; };
		81A71C792352477C00E86256 /* SlideTempoUpdaterGestureController.swift in Sources */ = {isa = PBXBuildFile; fileRef = 81A71C782352477C00E86256 /* SlideTempoUpdaterGestureController.swift */; };
		81A71C7B23524B2200E86256 /* BarLengthUpdaterGestureController.swift in Sources */ = {isa = PBXBuildFile; fileRef = 81A71C7A23524B2200E86256 /* BarLengthUpdaterGestureController.swift */; };
		81A729AE235E1FDC00DD5EE6 /* MultiGestureController.swift in Sources */ = {isa = PBXBuildFile; fileRef = 81A729AD235E1FDC00DD5EE6 /* MultiGestureController.swift */; };
		81A729B0235E21C300DD5EE6 /* ColorView.swift in Sources */ = {isa = PBXBuildFile; fileRef = 81A729AF235E21C300DD5EE6 /* ColorView.swift */; };
		81A8878323524CEF0071BF48 /* NoteLengthUpdaterGestureController.swift in Sources */ = {isa = PBXBuildFile; fileRef = 81A8878223524CEF0071BF48 /* NoteLengthUpdaterGestureController.swift */; };
		81A88789235250FE0071BF48 /* TapTempoUpdaterGestureController.swift in Sources */ = {isa = PBXBuildFile; fileRef = 81A88788235250FE0071BF48 /* TapTempoUpdaterGestureController.swift */; };
		81A8878B235257770071BF48 /* TapTempoPickerViewController.swift in Sources */ = {isa = PBXBuildFile; fileRef = 81A8878A235257770071BF48 /* TapTempoPickerViewController.swift */; };
		81A8878D235343420071BF48 /* BarLengthPickerViewModel.swift in Sources */ = {isa = PBXBuildFile; fileRef = 81A8878C235343420071BF48 /* BarLengthPickerViewModel.swift */; };
		81B3F07C245F54EE00626E93 /* MetronomeViewModel.swift in Sources */ = {isa = PBXBuildFile; fileRef = 81BDF50124586C3500B4F7F8 /* MetronomeViewModel.swift */; };
		81B3F07D245F54F000626E93 /* BeatViewModel.swift in Sources */ = {isa = PBXBuildFile; fileRef = 81BDF50E245877AC00B4F7F8 /* BeatViewModel.swift */; };
		81B3F07E245F54F400626E93 /* ControlsViewModel.swift in Sources */ = {isa = PBXBuildFile; fileRef = 810701A8245F30DF003D0B54 /* ControlsViewModel.swift */; };
		81B3F07F245F598B00626E93 /* Localizable.strings in Resources */ = {isa = PBXBuildFile; fileRef = 81919FB2234B4F220061571A /* Localizable.strings */; };
		81B3F080245F598C00626E93 /* Localizable.strings in Resources */ = {isa = PBXBuildFile; fileRef = 81919FB2234B4F220061571A /* Localizable.strings */; };
		81B999A62359C38A00E87778 /* MetronomePublisher.swift in Sources */ = {isa = PBXBuildFile; fileRef = 8155D9C52359BE9D009521F2 /* MetronomePublisher.swift */; };
		81B999AD235B1D9700E87778 /* Beat.swift in Sources */ = {isa = PBXBuildFile; fileRef = 81B999AC235B1D9700E87778 /* Beat.swift */; };
		81B999AE235B22B500E87778 /* Beat.swift in Sources */ = {isa = PBXBuildFile; fileRef = 81B999AC235B1D9700E87778 /* Beat.swift */; };
		81B999AF235B22B900E87778 /* Beat.swift in Sources */ = {isa = PBXBuildFile; fileRef = 81B999AC235B1D9700E87778 /* Beat.swift */; };
		81B999B1235B569600E87778 /* BeatView.swift in Sources */ = {isa = PBXBuildFile; fileRef = 81B999B0235B569600E87778 /* BeatView.swift */; };
		81BDF4E724586A4C00B4F7F8 /* AppDelegate.swift in Sources */ = {isa = PBXBuildFile; fileRef = 81BDF4E624586A4C00B4F7F8 /* AppDelegate.swift */; };
		81BDF4E924586A4C00B4F7F8 /* MetronomeView.swift in Sources */ = {isa = PBXBuildFile; fileRef = 81BDF4E824586A4C00B4F7F8 /* MetronomeView.swift */; };
		81BDF4EB24586A4F00B4F7F8 /* Assets.xcassets in Resources */ = {isa = PBXBuildFile; fileRef = 81BDF4EA24586A4F00B4F7F8 /* Assets.xcassets */; };
		81BDF4EE24586A4F00B4F7F8 /* Preview Assets.xcassets in Resources */ = {isa = PBXBuildFile; fileRef = 81BDF4ED24586A4F00B4F7F8 /* Preview Assets.xcassets */; };
		81BDF4F124586A4F00B4F7F8 /* Main.storyboard in Resources */ = {isa = PBXBuildFile; fileRef = 81BDF4EF24586A4F00B4F7F8 /* Main.storyboard */; };
		81BDF4F924586BED00B4F7F8 /* TimeSignature.swift in Sources */ = {isa = PBXBuildFile; fileRef = 81FAF05823427F6F004A8C51 /* TimeSignature.swift */; };
		81BDF4FA24586BED00B4F7F8 /* Tempo.swift in Sources */ = {isa = PBXBuildFile; fileRef = 81FAF05A234285E3004A8C51 /* Tempo.swift */; };
		81BDF4FB24586BED00B4F7F8 /* Beat.swift in Sources */ = {isa = PBXBuildFile; fileRef = 81B999AC235B1D9700E87778 /* Beat.swift */; };
		81BDF4FC24586BED00B4F7F8 /* MetronomeTicker.swift in Sources */ = {isa = PBXBuildFile; fileRef = 819E341A2343678700D56E92 /* MetronomeTicker.swift */; };
		81BDF4FD24586BED00B4F7F8 /* MetronomeConfiguration.swift in Sources */ = {isa = PBXBuildFile; fileRef = 81FAF06823436475004A8C51 /* MetronomeConfiguration.swift */; };
		81BDF4FF24586BED00B4F7F8 /* MetronomePublisher.swift in Sources */ = {isa = PBXBuildFile; fileRef = 8155D9C52359BE9D009521F2 /* MetronomePublisher.swift */; };
		81BDF50224586C3500B4F7F8 /* MetronomeViewModel.swift in Sources */ = {isa = PBXBuildFile; fileRef = 81BDF50124586C3500B4F7F8 /* MetronomeViewModel.swift */; };
		81BDF50524586C9900B4F7F8 /* BeatsView.swift in Sources */ = {isa = PBXBuildFile; fileRef = 81BDF50424586C9900B4F7F8 /* BeatsView.swift */; };
		81BDF50724586CD100B4F7F8 /* BeatView.swift in Sources */ = {isa = PBXBuildFile; fileRef = 81BDF50624586CD100B4F7F8 /* BeatView.swift */; };
		81BDF50B24586D1000B4F7F8 /* ColorView.swift in Sources */ = {isa = PBXBuildFile; fileRef = 81BDF50A24586D1000B4F7F8 /* ColorView.swift */; };
		81BDF50D2458761000B4F7F8 /* ControlsView.swift in Sources */ = {isa = PBXBuildFile; fileRef = 81BDF50C2458761000B4F7F8 /* ControlsView.swift */; };
		81BDF50F245877AD00B4F7F8 /* BeatViewModel.swift in Sources */ = {isa = PBXBuildFile; fileRef = 81BDF50E245877AC00B4F7F8 /* BeatViewModel.swift */; };
		81BE0C0E2348C8B5000053C6 /* TempoTests.swift in Sources */ = {isa = PBXBuildFile; fileRef = 81BE0C0D2348C8B5000053C6 /* TempoTests.swift */; };
		81BE0C102348C926000053C6 /* TimeSignatureTests.swift in Sources */ = {isa = PBXBuildFile; fileRef = 81BE0C0F2348C926000053C6 /* TimeSignatureTests.swift */; };
		81BEDDE52461728800FE1D6E /* TempoPickerViewController.swift in Sources */ = {isa = PBXBuildFile; fileRef = 81BEDDE42461728800FE1D6E /* TempoPickerViewController.swift */; };
		81C0725523523D23009A9523 /* HelpGestureController.swift in Sources */ = {isa = PBXBuildFile; fileRef = 81C0725423523D23009A9523 /* HelpGestureController.swift */; };
		81C0B37F23492DB700D01072 /* GesturePickerView.swift in Sources */ = {isa = PBXBuildFile; fileRef = 81C0B37E23492DB700D01072 /* GesturePickerView.swift */; };
		81D525D02460466400F8F541 /* TempoPickerViewModel.swift in Sources */ = {isa = PBXBuildFile; fileRef = 81807A69245FF16C00737786 /* TempoPickerViewModel.swift */; };
		81D525D12460467200F8F541 /* Copy.swift in Sources */ = {isa = PBXBuildFile; fileRef = 81807A6B245FF1FD00737786 /* Copy.swift */; };
		81D525D324605ACC00F8F541 /* TimeSignaturePickerViewModel.swift in Sources */ = {isa = PBXBuildFile; fileRef = 81807A6D246001EC00737786 /* TimeSignaturePickerViewModel.swift */; };
		81D525D624605AF600F8F541 /* ConfigurationPickerViewModel.swift in Sources */ = {isa = PBXBuildFile; fileRef = 81D525D524605AF600F8F541 /* ConfigurationPickerViewModel.swift */; };
		81D525D724605DE100F8F541 /* Copy.swift in Sources */ = {isa = PBXBuildFile; fileRef = 81807A6B245FF1FD00737786 /* Copy.swift */; };
		81D525DA2460744600F8F541 /* ControlsViewModel.swift in Sources */ = {isa = PBXBuildFile; fileRef = 810701A8245F30DF003D0B54 /* ControlsViewModel.swift */; };
		81E7DEB02461964D001F4F07 /* GesturePickerViewModel.swift in Sources */ = {isa = PBXBuildFile; fileRef = 81E7DEAF2461964D001F4F07 /* GesturePickerViewModel.swift */; };
		81E7DEB42461B58D001F4F07 /* MetronomeApplicationSettingsController.swift in Sources */ = {isa = PBXBuildFile; fileRef = 81E7DEB32461B58D001F4F07 /* MetronomeApplicationSettingsController.swift */; };
		81E7FDC12357293600C20444 /* WelcomeViewController.swift in Sources */ = {isa = PBXBuildFile; fileRef = 81E7FDC02357293600C20444 /* WelcomeViewController.swift */; };
		81E7FDC523573BD300C20444 /* TipsView.swift in Sources */ = {isa = PBXBuildFile; fileRef = 81E7FDC423573BD300C20444 /* TipsView.swift */; };
		81E7FDC723573C7A00C20444 /* TipsViewController.swift in Sources */ = {isa = PBXBuildFile; fileRef = 81E7FDC623573C7A00C20444 /* TipsViewController.swift */; };
		81E7FDC923573CF900C20444 /* WelcomeViewModel.swift in Sources */ = {isa = PBXBuildFile; fileRef = 81E7FDC823573CF900C20444 /* WelcomeViewModel.swift */; };
		81E7FDCD23573E8600C20444 /* TipsViewModelRepository.swift in Sources */ = {isa = PBXBuildFile; fileRef = 81E7FDCC23573E8600C20444 /* TipsViewModelRepository.swift */; };
		81FAF02F23427ED1004A8C51 /* AppDelegate.swift in Sources */ = {isa = PBXBuildFile; fileRef = 81FAF02E23427ED1004A8C51 /* AppDelegate.swift */; };
		81FAF03123427ED1004A8C51 /* SceneDelegate.swift in Sources */ = {isa = PBXBuildFile; fileRef = 81FAF03023427ED1004A8C51 /* SceneDelegate.swift */; };
		81FAF03323427ED1004A8C51 /* MainViewController.swift in Sources */ = {isa = PBXBuildFile; fileRef = 81FAF03223427ED1004A8C51 /* MainViewController.swift */; };
		81FAF03623427ED1004A8C51 /* Main.storyboard in Resources */ = {isa = PBXBuildFile; fileRef = 81FAF03423427ED1004A8C51 /* Main.storyboard */; };
		81FAF03823427ED2004A8C51 /* Assets.xcassets in Resources */ = {isa = PBXBuildFile; fileRef = 81FAF03723427ED2004A8C51 /* Assets.xcassets */; };
		81FAF03B23427ED2004A8C51 /* LaunchScreen.storyboard in Resources */ = {isa = PBXBuildFile; fileRef = 81FAF03923427ED2004A8C51 /* LaunchScreen.storyboard */; };
		81FAF04623427ED3004A8C51 /* MetronomeTests.swift in Sources */ = {isa = PBXBuildFile; fileRef = 81FAF04523427ED3004A8C51 /* MetronomeTests.swift */; };
		81FAF05F23429A00004A8C51 /* MetronomeView.swift in Sources */ = {isa = PBXBuildFile; fileRef = 81FAF05E23429A00004A8C51 /* MetronomeView.swift */; };
		81FAF06123429A24004A8C51 /* MetronomeViewController.swift in Sources */ = {isa = PBXBuildFile; fileRef = 81FAF06023429A24004A8C51 /* MetronomeViewController.swift */; };
/* End PBXBuildFile section */

/* Begin PBXContainerItemProxy section */
		817F993A234CAD0400DA1043 /* PBXContainerItemProxy */ = {
			isa = PBXContainerItemProxy;
			containerPortal = 81FAF02323427ED1004A8C51 /* Project object */;
			proxyType = 1;
			remoteGlobalIDString = 817F9937234CAD0400DA1043;
			remoteInfo = "Metronome Watch Extension";
		};
		81FAF04223427ED3004A8C51 /* PBXContainerItemProxy */ = {
			isa = PBXContainerItemProxy;
			containerPortal = 81FAF02323427ED1004A8C51 /* Project object */;
			proxyType = 1;
			remoteGlobalIDString = 81FAF02A23427ED1004A8C51;
			remoteInfo = Metronome;
		};
/* End PBXContainerItemProxy section */

/* Begin PBXCopyFilesBuildPhase section */
		817F994A234CAD0500DA1043 /* Embed App Extensions */ = {
			isa = PBXCopyFilesBuildPhase;
			buildActionMask = 2147483647;
			dstPath = "";
			dstSubfolderSpec = 13;
			files = (
				817F9939234CAD0400DA1043 /* Metronome Watch Extension.appex in Embed App Extensions */,
			);
			name = "Embed App Extensions";
			runOnlyForDeploymentPostprocessing = 0;
		};
/* End PBXCopyFilesBuildPhase section */

/* Begin PBXFileReference section */
		810701A0245F2E78003D0B54 /* Metronome.swift */ = {isa = PBXFileReference; fileEncoding = 4; lastKnownFileType = sourcecode.swift; path = Metronome.swift; sourceTree = "<group>"; };
		810701A8245F30DF003D0B54 /* ControlsViewModel.swift */ = {isa = PBXFileReference; lastKnownFileType = sourcecode.swift; path = ControlsViewModel.swift; sourceTree = "<group>"; };
		810701AF245F4AA7003D0B54 /* TimeSignaturePickerView.swift */ = {isa = PBXFileReference; fileEncoding = 4; lastKnownFileType = sourcecode.swift; path = TimeSignaturePickerView.swift; sourceTree = "<group>"; };
		810701B4245F4ADD003D0B54 /* TempoPickerView.swift */ = {isa = PBXFileReference; fileEncoding = 4; lastKnownFileType = sourcecode.swift; path = TempoPickerView.swift; sourceTree = "<group>"; };
		8115EFAE235B660C00527665 /* BeatView.swift */ = {isa = PBXFileReference; lastKnownFileType = sourcecode.swift; path = BeatView.swift; sourceTree = "<group>"; };
		8115EFB0235CF3AC00527665 /* MetronomePrecisionTests.swift */ = {isa = PBXFileReference; lastKnownFileType = sourcecode.swift; path = MetronomePrecisionTests.swift; sourceTree = "<group>"; };
		8115EFB2235DB24100527665 /* ConfigurationCache.swift */ = {isa = PBXFileReference; lastKnownFileType = sourcecode.swift; path = ConfigurationCache.swift; sourceTree = "<group>"; };
		8115EFB4235DB29400527665 /* WelcomeCache.swift */ = {isa = PBXFileReference; lastKnownFileType = sourcecode.swift; path = WelcomeCache.swift; sourceTree = "<group>"; };
		8115EFB7235DB43C00527665 /* EntryCache.swift */ = {isa = PBXFileReference; lastKnownFileType = sourcecode.swift; path = EntryCache.swift; sourceTree = "<group>"; };
		8115EFB9235DB65D00527665 /* Cache.swift */ = {isa = PBXFileReference; lastKnownFileType = sourcecode.swift; path = Cache.swift; sourceTree = "<group>"; };
		8115EFBB235DB72200527665 /* UserDefaultBackedEntryCache.swift */ = {isa = PBXFileReference; lastKnownFileType = sourcecode.swift; path = UserDefaultBackedEntryCache.swift; sourceTree = "<group>"; };
		8115EFBE235DBCF000527665 /* MetronomeCacheController.swift */ = {isa = PBXFileReference; lastKnownFileType = sourcecode.swift; path = MetronomeCacheController.swift; sourceTree = "<group>"; };
		8115EFC0235DBF6E00527665 /* MetronomeHapticController.swift */ = {isa = PBXFileReference; fileEncoding = 4; lastKnownFileType = sourcecode.swift; path = MetronomeHapticController.swift; sourceTree = "<group>"; };
		811BEEE12461CF4E00C5ADF7 /* MultiObservingController.swift */ = {isa = PBXFileReference; lastKnownFileType = sourcecode.swift; path = MultiObservingController.swift; sourceTree = "<group>"; };
		8124973F234B61C00047F3E3 /* MetronomeViewController.swift */ = {isa = PBXFileReference; lastKnownFileType = sourcecode.swift; path = MetronomeViewController.swift; sourceTree = "<group>"; };
		81249741234B61C00047F3E3 /* ExtensionDelegate.swift */ = {isa = PBXFileReference; lastKnownFileType = sourcecode.swift; path = ExtensionDelegate.swift; sourceTree = "<group>"; };
		8124977E234B68FF0047F3E3 /* MetronomeView.swift */ = {isa = PBXFileReference; lastKnownFileType = sourcecode.swift; path = MetronomeView.swift; sourceTree = "<group>"; };
		812E5B412355155900F04E41 /* TapTempoPickerViewModel.swift */ = {isa = PBXFileReference; lastKnownFileType = sourcecode.swift; path = TapTempoPickerViewModel.swift; sourceTree = "<group>"; };
		812E5B432355198900F04E41 /* NoteLengthPickerViewModel.swift */ = {isa = PBXFileReference; lastKnownFileType = sourcecode.swift; path = NoteLengthPickerViewModel.swift; sourceTree = "<group>"; };
		8155D9C52359BE9D009521F2 /* MetronomePublisher.swift */ = {isa = PBXFileReference; lastKnownFileType = sourcecode.swift; path = MetronomePublisher.swift; sourceTree = "<group>"; };
		815DA89724617D5600FEE8B1 /* ColorPalette.xcassets */ = {isa = PBXFileReference; lastKnownFileType = folder.assetcatalog; path = ColorPalette.xcassets; sourceTree = "<group>"; };
		815DA89924617D7000FEE8B1 /* Palette.swift */ = {isa = PBXFileReference; lastKnownFileType = sourcecode.swift; path = Palette.swift; sourceTree = "<group>"; };
		8166679723451E7F002DC01A /* TimeSignaturePickerViewController.swift */ = {isa = PBXFileReference; lastKnownFileType = sourcecode.swift; path = TimeSignaturePickerViewController.swift; sourceTree = "<group>"; };
		8169EE5A235E1D4300DAD7BB /* BeatsView.swift */ = {isa = PBXFileReference; lastKnownFileType = sourcecode.swift; path = BeatsView.swift; sourceTree = "<group>"; };
		8179A9822353A22100B33770 /* ChromeView.swift */ = {isa = PBXFileReference; lastKnownFileType = sourcecode.swift; path = ChromeView.swift; sourceTree = "<group>"; };
		817EFA422355C09F004E774D /* SlideTempoPickerViewModel.swift */ = {isa = PBXFileReference; fileEncoding = 4; lastKnownFileType = sourcecode.swift; path = SlideTempoPickerViewModel.swift; sourceTree = "<group>"; };
		817EFA4B2355C60E004E774D /* BrandFont.swift */ = {isa = PBXFileReference; lastKnownFileType = sourcecode.swift; path = BrandFont.swift; sourceTree = "<group>"; };
		817EFA4D2355C948004E774D /* TipView.swift */ = {isa = PBXFileReference; lastKnownFileType = sourcecode.swift; path = TipView.swift; sourceTree = "<group>"; };
		817F992C234CAD0300DA1043 /* Metronome.app */ = {isa = PBXFileReference; explicitFileType = wrapper.application; includeInIndex = 0; path = Metronome.app; sourceTree = BUILT_PRODUCTS_DIR; };
		817F992F234CAD0300DA1043 /* Base */ = {isa = PBXFileReference; lastKnownFileType = file.storyboard; name = Base; path = Base.lproj/Interface.storyboard; sourceTree = "<group>"; };
		817F9931234CAD0400DA1043 /* Assets.xcassets */ = {isa = PBXFileReference; lastKnownFileType = folder.assetcatalog; path = Assets.xcassets; sourceTree = "<group>"; };
		817F9933234CAD0400DA1043 /* Info.plist */ = {isa = PBXFileReference; lastKnownFileType = text.plist.xml; path = Info.plist; sourceTree = "<group>"; };
		817F9938234CAD0400DA1043 /* Metronome Watch Extension.appex */ = {isa = PBXFileReference; explicitFileType = "wrapper.app-extension"; includeInIndex = 0; path = "Metronome Watch Extension.appex"; sourceTree = BUILT_PRODUCTS_DIR; };
		817F9941234CAD0500DA1043 /* Assets.xcassets */ = {isa = PBXFileReference; lastKnownFileType = folder.assetcatalog; path = Assets.xcassets; sourceTree = "<group>"; };
		817F9943234CAD0500DA1043 /* Info.plist */ = {isa = PBXFileReference; lastKnownFileType = text.plist.xml; path = Info.plist; sourceTree = "<group>"; };
		81807A69245FF16C00737786 /* TempoPickerViewModel.swift */ = {isa = PBXFileReference; lastKnownFileType = sourcecode.swift; path = TempoPickerViewModel.swift; sourceTree = "<group>"; };
		81807A6B245FF1FD00737786 /* Copy.swift */ = {isa = PBXFileReference; lastKnownFileType = sourcecode.swift; path = Copy.swift; sourceTree = "<group>"; };
		81807A6D246001EC00737786 /* TimeSignaturePickerViewModel.swift */ = {isa = PBXFileReference; lastKnownFileType = sourcecode.swift; path = TimeSignaturePickerViewModel.swift; sourceTree = "<group>"; };
		81811B5A2348B29D00C06204 /* ContainerViewController.swift */ = {isa = PBXFileReference; lastKnownFileType = sourcecode.swift; path = ContainerViewController.swift; sourceTree = "<group>"; };
		81919FB2234B4F220061571A /* Localizable.strings */ = {isa = PBXFileReference; lastKnownFileType = text.plist.strings; path = Localizable.strings; sourceTree = "<group>"; };
		81919FB4234B515C0061571A /* HelpViewModel.swift */ = {isa = PBXFileReference; lastKnownFileType = sourcecode.swift; path = HelpViewModel.swift; sourceTree = "<group>"; };
		81919FB6234B51960061571A /* TipViewModel.swift */ = {isa = PBXFileReference; lastKnownFileType = sourcecode.swift; path = TipViewModel.swift; sourceTree = "<group>"; };
		819E341A2343678700D56E92 /* MetronomeTicker.swift */ = {isa = PBXFileReference; lastKnownFileType = sourcecode.swift; path = MetronomeTicker.swift; sourceTree = "<group>"; };
		81A71C762352455100E86256 /* TogglerGestureController.swift */ = {isa = PBXFileReference; lastKnownFileType = sourcecode.swift; path = TogglerGestureController.swift; sourceTree = "<group>"; };
		81A71C782352477C00E86256 /* SlideTempoUpdaterGestureController.swift */ = {isa = PBXFileReference; lastKnownFileType = sourcecode.swift; path = SlideTempoUpdaterGestureController.swift; sourceTree = "<group>"; };
		81A71C7A23524B2200E86256 /* BarLengthUpdaterGestureController.swift */ = {isa = PBXFileReference; lastKnownFileType = sourcecode.swift; path = BarLengthUpdaterGestureController.swift; sourceTree = "<group>"; };
		81A729AD235E1FDC00DD5EE6 /* MultiGestureController.swift */ = {isa = PBXFileReference; lastKnownFileType = sourcecode.swift; path = MultiGestureController.swift; sourceTree = "<group>"; };
		81A729AF235E21C300DD5EE6 /* ColorView.swift */ = {isa = PBXFileReference; lastKnownFileType = sourcecode.swift; path = ColorView.swift; sourceTree = "<group>"; };
		81A8878223524CEF0071BF48 /* NoteLengthUpdaterGestureController.swift */ = {isa = PBXFileReference; lastKnownFileType = sourcecode.swift; path = NoteLengthUpdaterGestureController.swift; sourceTree = "<group>"; };
		81A887862352501C0071BF48 /* README.md */ = {isa = PBXFileReference; lastKnownFileType = net.daringfireball.markdown; name = README.md; path = ../README.md; sourceTree = "<group>"; };
		81A88788235250FE0071BF48 /* TapTempoUpdaterGestureController.swift */ = {isa = PBXFileReference; lastKnownFileType = sourcecode.swift; path = TapTempoUpdaterGestureController.swift; sourceTree = "<group>"; };
		81A8878A235257770071BF48 /* TapTempoPickerViewController.swift */ = {isa = PBXFileReference; lastKnownFileType = sourcecode.swift; path = TapTempoPickerViewController.swift; sourceTree = "<group>"; };
		81A8878C235343420071BF48 /* BarLengthPickerViewModel.swift */ = {isa = PBXFileReference; lastKnownFileType = sourcecode.swift; path = BarLengthPickerViewModel.swift; sourceTree = "<group>"; };
		81B999AC235B1D9700E87778 /* Beat.swift */ = {isa = PBXFileReference; lastKnownFileType = sourcecode.swift; path = Beat.swift; sourceTree = "<group>"; };
		81B999B0235B569600E87778 /* BeatView.swift */ = {isa = PBXFileReference; lastKnownFileType = sourcecode.swift; path = BeatView.swift; sourceTree = "<group>"; };
		81BDF4E424586A4C00B4F7F8 /* Metronome Macos.app */ = {isa = PBXFileReference; explicitFileType = wrapper.application; includeInIndex = 0; path = "Metronome Macos.app"; sourceTree = BUILT_PRODUCTS_DIR; };
		81BDF4E624586A4C00B4F7F8 /* AppDelegate.swift */ = {isa = PBXFileReference; lastKnownFileType = sourcecode.swift; path = AppDelegate.swift; sourceTree = "<group>"; };
		81BDF4E824586A4C00B4F7F8 /* MetronomeView.swift */ = {isa = PBXFileReference; lastKnownFileType = sourcecode.swift; path = MetronomeView.swift; sourceTree = "<group>"; };
		81BDF4EA24586A4F00B4F7F8 /* Assets.xcassets */ = {isa = PBXFileReference; lastKnownFileType = folder.assetcatalog; path = Assets.xcassets; sourceTree = "<group>"; };
		81BDF4ED24586A4F00B4F7F8 /* Preview Assets.xcassets */ = {isa = PBXFileReference; lastKnownFileType = folder.assetcatalog; path = "Preview Assets.xcassets"; sourceTree = "<group>"; };
		81BDF4F024586A4F00B4F7F8 /* Base */ = {isa = PBXFileReference; lastKnownFileType = file.storyboard; name = Base; path = Base.lproj/Main.storyboard; sourceTree = "<group>"; };
		81BDF4F224586A4F00B4F7F8 /* Info.plist */ = {isa = PBXFileReference; lastKnownFileType = text.plist.xml; path = Info.plist; sourceTree = "<group>"; };
		81BDF4F324586A4F00B4F7F8 /* Metronome_Macos.entitlements */ = {isa = PBXFileReference; lastKnownFileType = text.plist.entitlements; path = Metronome_Macos.entitlements; sourceTree = "<group>"; };
		81BDF50124586C3500B4F7F8 /* MetronomeViewModel.swift */ = {isa = PBXFileReference; lastKnownFileType = sourcecode.swift; path = MetronomeViewModel.swift; sourceTree = "<group>"; };
		81BDF50424586C9900B4F7F8 /* BeatsView.swift */ = {isa = PBXFileReference; lastKnownFileType = sourcecode.swift; path = BeatsView.swift; sourceTree = "<group>"; };
		81BDF50624586CD100B4F7F8 /* BeatView.swift */ = {isa = PBXFileReference; lastKnownFileType = sourcecode.swift; path = BeatView.swift; sourceTree = "<group>"; };
		81BDF50A24586D1000B4F7F8 /* ColorView.swift */ = {isa = PBXFileReference; lastKnownFileType = sourcecode.swift; path = ColorView.swift; sourceTree = "<group>"; };
		81BDF50C2458761000B4F7F8 /* ControlsView.swift */ = {isa = PBXFileReference; lastKnownFileType = sourcecode.swift; path = ControlsView.swift; sourceTree = "<group>"; };
		81BDF50E245877AC00B4F7F8 /* BeatViewModel.swift */ = {isa = PBXFileReference; lastKnownFileType = sourcecode.swift; path = BeatViewModel.swift; sourceTree = "<group>"; };
		81BE0C0D2348C8B5000053C6 /* TempoTests.swift */ = {isa = PBXFileReference; lastKnownFileType = sourcecode.swift; path = TempoTests.swift; sourceTree = "<group>"; };
		81BE0C0F2348C926000053C6 /* TimeSignatureTests.swift */ = {isa = PBXFileReference; lastKnownFileType = sourcecode.swift; path = TimeSignatureTests.swift; sourceTree = "<group>"; };
		81BEDDE42461728800FE1D6E /* TempoPickerViewController.swift */ = {isa = PBXFileReference; fileEncoding = 4; lastKnownFileType = sourcecode.swift; path = TempoPickerViewController.swift; sourceTree = "<group>"; };
		81C0725423523D23009A9523 /* HelpGestureController.swift */ = {isa = PBXFileReference; lastKnownFileType = sourcecode.swift; path = HelpGestureController.swift; sourceTree = "<group>"; };
		81C0B37E23492DB700D01072 /* GesturePickerView.swift */ = {isa = PBXFileReference; fileEncoding = 4; lastKnownFileType = sourcecode.swift; path = GesturePickerView.swift; sourceTree = "<group>"; };
		81D525D524605AF600F8F541 /* ConfigurationPickerViewModel.swift */ = {isa = PBXFileReference; lastKnownFileType = sourcecode.swift; path = ConfigurationPickerViewModel.swift; sourceTree = "<group>"; };
		81E7DEAF2461964D001F4F07 /* GesturePickerViewModel.swift */ = {isa = PBXFileReference; lastKnownFileType = sourcecode.swift; path = GesturePickerViewModel.swift; sourceTree = "<group>"; };
		81E7DEB32461B58D001F4F07 /* MetronomeApplicationSettingsController.swift */ = {isa = PBXFileReference; lastKnownFileType = sourcecode.swift; path = MetronomeApplicationSettingsController.swift; sourceTree = "<group>"; };
		81E7FDC02357293600C20444 /* WelcomeViewController.swift */ = {isa = PBXFileReference; lastKnownFileType = sourcecode.swift; path = WelcomeViewController.swift; sourceTree = "<group>"; };
		81E7FDC423573BD300C20444 /* TipsView.swift */ = {isa = PBXFileReference; fileEncoding = 4; lastKnownFileType = sourcecode.swift; path = TipsView.swift; sourceTree = "<group>"; };
		81E7FDC623573C7A00C20444 /* TipsViewController.swift */ = {isa = PBXFileReference; fileEncoding = 4; lastKnownFileType = sourcecode.swift; path = TipsViewController.swift; sourceTree = "<group>"; };
		81E7FDC823573CF900C20444 /* WelcomeViewModel.swift */ = {isa = PBXFileReference; lastKnownFileType = sourcecode.swift; path = WelcomeViewModel.swift; sourceTree = "<group>"; };
		81E7FDCC23573E8600C20444 /* TipsViewModelRepository.swift */ = {isa = PBXFileReference; lastKnownFileType = sourcecode.swift; path = TipsViewModelRepository.swift; sourceTree = "<group>"; };
		81FAF02B23427ED1004A8C51 /* Metronome.app */ = {isa = PBXFileReference; explicitFileType = wrapper.application; includeInIndex = 0; path = Metronome.app; sourceTree = BUILT_PRODUCTS_DIR; };
		81FAF02E23427ED1004A8C51 /* AppDelegate.swift */ = {isa = PBXFileReference; lastKnownFileType = sourcecode.swift; path = AppDelegate.swift; sourceTree = "<group>"; };
		81FAF03023427ED1004A8C51 /* SceneDelegate.swift */ = {isa = PBXFileReference; lastKnownFileType = sourcecode.swift; path = SceneDelegate.swift; sourceTree = "<group>"; };
		81FAF03223427ED1004A8C51 /* MainViewController.swift */ = {isa = PBXFileReference; lastKnownFileType = sourcecode.swift; path = MainViewController.swift; sourceTree = "<group>"; };
		81FAF03523427ED1004A8C51 /* Base */ = {isa = PBXFileReference; lastKnownFileType = file.storyboard; name = Base; path = Base.lproj/Main.storyboard; sourceTree = "<group>"; };
		81FAF03723427ED2004A8C51 /* Assets.xcassets */ = {isa = PBXFileReference; lastKnownFileType = folder.assetcatalog; path = Assets.xcassets; sourceTree = "<group>"; };
		81FAF03A23427ED2004A8C51 /* Base */ = {isa = PBXFileReference; lastKnownFileType = file.storyboard; name = Base; path = Base.lproj/LaunchScreen.storyboard; sourceTree = "<group>"; };
		81FAF03C23427ED2004A8C51 /* Info.plist */ = {isa = PBXFileReference; lastKnownFileType = text.plist.xml; path = Info.plist; sourceTree = "<group>"; };
		81FAF04123427ED3004A8C51 /* MetronomeTests.xctest */ = {isa = PBXFileReference; explicitFileType = wrapper.cfbundle; includeInIndex = 0; path = MetronomeTests.xctest; sourceTree = BUILT_PRODUCTS_DIR; };
		81FAF04523427ED3004A8C51 /* MetronomeTests.swift */ = {isa = PBXFileReference; lastKnownFileType = sourcecode.swift; path = MetronomeTests.swift; sourceTree = "<group>"; };
		81FAF04723427ED3004A8C51 /* Info.plist */ = {isa = PBXFileReference; lastKnownFileType = text.plist.xml; path = Info.plist; sourceTree = "<group>"; };
		81FAF05823427F6F004A8C51 /* TimeSignature.swift */ = {isa = PBXFileReference; lastKnownFileType = sourcecode.swift; path = TimeSignature.swift; sourceTree = "<group>"; };
		81FAF05A234285E3004A8C51 /* Tempo.swift */ = {isa = PBXFileReference; lastKnownFileType = sourcecode.swift; path = Tempo.swift; sourceTree = "<group>"; };
		81FAF05E23429A00004A8C51 /* MetronomeView.swift */ = {isa = PBXFileReference; lastKnownFileType = sourcecode.swift; path = MetronomeView.swift; sourceTree = "<group>"; };
		81FAF06023429A24004A8C51 /* MetronomeViewController.swift */ = {isa = PBXFileReference; lastKnownFileType = sourcecode.swift; path = MetronomeViewController.swift; sourceTree = "<group>"; };
		81FAF06823436475004A8C51 /* MetronomeConfiguration.swift */ = {isa = PBXFileReference; lastKnownFileType = sourcecode.swift; path = MetronomeConfiguration.swift; sourceTree = "<group>"; };
/* End PBXFileReference section */

/* Begin PBXFrameworksBuildPhase section */
		817F9935234CAD0400DA1043 /* Frameworks */ = {
			isa = PBXFrameworksBuildPhase;
			buildActionMask = 2147483647;
			files = (
			);
			runOnlyForDeploymentPostprocessing = 0;
		};
		81BDF4E124586A4C00B4F7F8 /* Frameworks */ = {
			isa = PBXFrameworksBuildPhase;
			buildActionMask = 2147483647;
			files = (
			);
			runOnlyForDeploymentPostprocessing = 0;
		};
		81FAF02823427ED1004A8C51 /* Frameworks */ = {
			isa = PBXFrameworksBuildPhase;
			buildActionMask = 2147483647;
			files = (
			);
			runOnlyForDeploymentPostprocessing = 0;
		};
		81FAF03E23427ED3004A8C51 /* Frameworks */ = {
			isa = PBXFrameworksBuildPhase;
			buildActionMask = 2147483647;
			files = (
			);
			runOnlyForDeploymentPostprocessing = 0;
		};
/* End PBXFrameworksBuildPhase section */

/* Begin PBXGroup section */
		810701A5245F3009003D0B54 /* View Models */ = {
			isa = PBXGroup;
			children = (
				81BDF50124586C3500B4F7F8 /* MetronomeViewModel.swift */,
				81BDF50E245877AC00B4F7F8 /* BeatViewModel.swift */,
				810701A8245F30DF003D0B54 /* ControlsViewModel.swift */,
				81807A69245FF16C00737786 /* TempoPickerViewModel.swift */,
				81807A6D246001EC00737786 /* TimeSignaturePickerViewModel.swift */,
			);
			path = "View Models";
			sourceTree = "<group>";
		};
		8115EFB6235DB34200527665 /* Cache */ = {
			isa = PBXGroup;
			children = (
				8115EFB7235DB43C00527665 /* EntryCache.swift */,
				8115EFBB235DB72200527665 /* UserDefaultBackedEntryCache.swift */,
				8115EFB9235DB65D00527665 /* Cache.swift */,
				8115EFB2235DB24100527665 /* ConfigurationCache.swift */,
				8115EFB4235DB29400527665 /* WelcomeCache.swift */,
			);
			path = Cache;
			sourceTree = "<group>";
		};
		8115EFBD235DBCE100527665 /* Observing Controllers */ = {
			isa = PBXGroup;
			children = (
				811BEEE12461CF4E00C5ADF7 /* MultiObservingController.swift */,
				81E7DEB32461B58D001F4F07 /* MetronomeApplicationSettingsController.swift */,
				8115EFC0235DBF6E00527665 /* MetronomeHapticController.swift */,
				8115EFBE235DBCF000527665 /* MetronomeCacheController.swift */,
			);
			path = "Observing Controllers";
			sourceTree = "<group>";
		};
		81249754234B620D0047F3E3 /* Metronome */ = {
			isa = PBXGroup;
			children = (
				81FAF05723427F65004A8C51 /* Entities */,
				81FAF05423427F48004A8C51 /* Application */,
				81919FB1234B4EEF0061571A /* String */,
				815DA89624617D3400FEE8B1 /* Color */,
				810701A5245F3009003D0B54 /* View Models */,
			);
			path = Metronome;
			sourceTree = "<group>";
		};
		8124977B234B65EF0047F3E3 /* Classes */ = {
			isa = PBXGroup;
			children = (
				81249741234B61C00047F3E3 /* ExtensionDelegate.swift */,
				8124977D234B68F60047F3E3 /* View */,
				8124977C234B65F30047F3E3 /* Controller */,
			);
			path = Classes;
			sourceTree = "<group>";
		};
		8124977C234B65F30047F3E3 /* Controller */ = {
			isa = PBXGroup;
			children = (
				8124973F234B61C00047F3E3 /* MetronomeViewController.swift */,
			);
			path = Controller;
			sourceTree = "<group>";
		};
		8124977D234B68F60047F3E3 /* View */ = {
			isa = PBXGroup;
			children = (
				8124977E234B68FF0047F3E3 /* MetronomeView.swift */,
				8115EFAE235B660C00527665 /* BeatView.swift */,
				810701B4245F4ADD003D0B54 /* TempoPickerView.swift */,
				810701AF245F4AA7003D0B54 /* TimeSignaturePickerView.swift */,
			);
			path = View;
			sourceTree = "<group>";
		};
		8155D9C82359BEB1009521F2 /* ViewModel */ = {
			isa = PBXGroup;
			children = (
				81E7DEB12461977F001F4F07 /* Gesture picker */,
				81E7FDC823573CF900C20444 /* WelcomeViewModel.swift */,
				81919FB4234B515C0061571A /* HelpViewModel.swift */,
				81919FB6234B51960061571A /* TipViewModel.swift */,
			);
			path = ViewModel;
			sourceTree = "<group>";
		};
		815DA89624617D3400FEE8B1 /* Color */ = {
			isa = PBXGroup;
			children = (
				815DA89724617D5600FEE8B1 /* ColorPalette.xcassets */,
				815DA89924617D7000FEE8B1 /* Palette.swift */,
			);
			path = Color;
			sourceTree = "<group>";
		};
		817EFA4A2355C602004E774D /* Font */ = {
			isa = PBXGroup;
			children = (
				817EFA4B2355C60E004E774D /* BrandFont.swift */,
			);
			path = Font;
			sourceTree = "<group>";
		};
		817F992D234CAD0300DA1043 /* Metronome Watch */ = {
			isa = PBXGroup;
			children = (
				817F992E234CAD0300DA1043 /* Interface.storyboard */,
				817F9931234CAD0400DA1043 /* Assets.xcassets */,
				817F9933234CAD0400DA1043 /* Info.plist */,
			);
			path = "Metronome Watch";
			sourceTree = "<group>";
		};
		817F993C234CAD0400DA1043 /* Metronome Watch Extension */ = {
			isa = PBXGroup;
			children = (
				8124977B234B65EF0047F3E3 /* Classes */,
				817F9941234CAD0500DA1043 /* Assets.xcassets */,
				817F9943234CAD0500DA1043 /* Info.plist */,
			);
			path = "Metronome Watch Extension";
			sourceTree = "<group>";
		};
		81919FB1234B4EEF0061571A /* String */ = {
			isa = PBXGroup;
			children = (
				81919FB2234B4F220061571A /* Localizable.strings */,
				81807A6B245FF1FD00737786 /* Copy.swift */,
			);
			path = String;
			sourceTree = "<group>";
		};
		81A71C7C23524B5900E86256 /* Extension */ = {
			isa = PBXGroup;
			children = (
				81811B5A2348B29D00C06204 /* ContainerViewController.swift */,
			);
			path = Extension;
			sourceTree = "<group>";
		};
		81A71C7D23524B7A00E86256 /* Gesture Controllers */ = {
			isa = PBXGroup;
			children = (
				81A729AD235E1FDC00DD5EE6 /* MultiGestureController.swift */,
				81A71C762352455100E86256 /* TogglerGestureController.swift */,
				81C0725423523D23009A9523 /* HelpGestureController.swift */,
				81A71C782352477C00E86256 /* SlideTempoUpdaterGestureController.swift */,
				81A88788235250FE0071BF48 /* TapTempoUpdaterGestureController.swift */,
				81A71C7A23524B2200E86256 /* BarLengthUpdaterGestureController.swift */,
				81A8878223524CEF0071BF48 /* NoteLengthUpdaterGestureController.swift */,
			);
			path = "Gesture Controllers";
			sourceTree = "<group>";
		};
		81AB357D234CB118004C1BCD /* Frameworks */ = {
			isa = PBXGroup;
			children = (
			);
			name = Frameworks;
			sourceTree = "<group>";
		};
		81BDF4E524586A4C00B4F7F8 /* Metronome Macos */ = {
			isa = PBXGroup;
			children = (
				81BDF4F724586AE400B4F7F8 /* Classes */,
				81BDF4F824586AF500B4F7F8 /* Resources */,
				81BDF4EC24586A4F00B4F7F8 /* Preview Content */,
				81BDF4F224586A4F00B4F7F8 /* Info.plist */,
				81BDF4F324586A4F00B4F7F8 /* Metronome_Macos.entitlements */,
			);
			path = "Metronome Macos";
			sourceTree = "<group>";
		};
		81BDF4EC24586A4F00B4F7F8 /* Preview Content */ = {
			isa = PBXGroup;
			children = (
				81BDF4ED24586A4F00B4F7F8 /* Preview Assets.xcassets */,
			);
			path = "Preview Content";
			sourceTree = "<group>";
		};
		81BDF4F724586AE400B4F7F8 /* Classes */ = {
			isa = PBXGroup;
			children = (
				81BDF4E624586A4C00B4F7F8 /* AppDelegate.swift */,
				81D525D424605AE300F8F541 /* Model */,
				81BDF50024586BF900B4F7F8 /* View */,
			);
			path = Classes;
			sourceTree = "<group>";
		};
		81BDF4F824586AF500B4F7F8 /* Resources */ = {
			isa = PBXGroup;
			children = (
				81BDF4EA24586A4F00B4F7F8 /* Assets.xcassets */,
				81BDF4EF24586A4F00B4F7F8 /* Main.storyboard */,
			);
			path = Resources;
			sourceTree = "<group>";
		};
		81BDF50024586BF900B4F7F8 /* View */ = {
			isa = PBXGroup;
			children = (
				81BDF4E824586A4C00B4F7F8 /* MetronomeView.swift */,
				81BDF50C2458761000B4F7F8 /* ControlsView.swift */,
				81BDF50424586C9900B4F7F8 /* BeatsView.swift */,
				81BDF50624586CD100B4F7F8 /* BeatView.swift */,
				81BDF50A24586D1000B4F7F8 /* ColorView.swift */,
			);
			path = View;
			sourceTree = "<group>";
		};
		81D525D424605AE300F8F541 /* Model */ = {
			isa = PBXGroup;
			children = (
				81D525D524605AF600F8F541 /* ConfigurationPickerViewModel.swift */,
			);
			path = Model;
			sourceTree = "<group>";
		};
		81E7DEB12461977F001F4F07 /* Gesture picker */ = {
			isa = PBXGroup;
			children = (
				81E7DEAF2461964D001F4F07 /* GesturePickerViewModel.swift */,
				817EFA422355C09F004E774D /* SlideTempoPickerViewModel.swift */,
				812E5B412355155900F04E41 /* TapTempoPickerViewModel.swift */,
				81A8878C235343420071BF48 /* BarLengthPickerViewModel.swift */,
				812E5B432355198900F04E41 /* NoteLengthPickerViewModel.swift */,
			);
			path = "Gesture picker";
			sourceTree = "<group>";
		};
		81FAF02223427ED1004A8C51 = {
			isa = PBXGroup;
			children = (
				81A887862352501C0071BF48 /* README.md */,
				81249754234B620D0047F3E3 /* Metronome */,
				81FAF04423427ED3004A8C51 /* Metronome Tests */,
				81FAF02D23427ED1004A8C51 /* Metronome iOS */,
				817F992D234CAD0300DA1043 /* Metronome Watch */,
				817F993C234CAD0400DA1043 /* Metronome Watch Extension */,
				81BDF4E524586A4C00B4F7F8 /* Metronome Macos */,
				81FAF02C23427ED1004A8C51 /* Products */,
				81AB357D234CB118004C1BCD /* Frameworks */,
			);
			sourceTree = "<group>";
		};
		81FAF02C23427ED1004A8C51 /* Products */ = {
			isa = PBXGroup;
			children = (
				81FAF02B23427ED1004A8C51 /* Metronome.app */,
				81FAF04123427ED3004A8C51 /* MetronomeTests.xctest */,
				817F992C234CAD0300DA1043 /* Metronome.app */,
				817F9938234CAD0400DA1043 /* Metronome Watch Extension.appex */,
				81BDF4E424586A4C00B4F7F8 /* Metronome Macos.app */,
			);
			name = Products;
			sourceTree = "<group>";
		};
		81FAF02D23427ED1004A8C51 /* Metronome iOS */ = {
			isa = PBXGroup;
			children = (
				81FAF05023427EEA004A8C51 /* Classes */,
				81FAF05223427F00004A8C51 /* Resources */,
				81FAF03C23427ED2004A8C51 /* Info.plist */,
			);
			path = "Metronome iOS";
			sourceTree = "<group>";
		};
		81FAF04423427ED3004A8C51 /* Metronome Tests */ = {
			isa = PBXGroup;
			children = (
				81FAF04523427ED3004A8C51 /* MetronomeTests.swift */,
				8115EFB0235CF3AC00527665 /* MetronomePrecisionTests.swift */,
				81BE0C0D2348C8B5000053C6 /* TempoTests.swift */,
				81BE0C0F2348C926000053C6 /* TimeSignatureTests.swift */,
				81FAF04723427ED3004A8C51 /* Info.plist */,
			);
			path = "Metronome Tests";
			sourceTree = "<group>";
		};
		81FAF05023427EEA004A8C51 /* Classes */ = {
			isa = PBXGroup;
			children = (
				81FAF02E23427ED1004A8C51 /* AppDelegate.swift */,
				81FAF03023427ED1004A8C51 /* SceneDelegate.swift */,
				81FAF06523435816004A8C51 /* Model */,
				81FAF05D234299DE004A8C51 /* View */,
				81FAF05C234299D4004A8C51 /* Controller */,
			);
			path = Classes;
			sourceTree = "<group>";
		};
		81FAF05223427F00004A8C51 /* Resources */ = {
			isa = PBXGroup;
			children = (
				817EFA4A2355C602004E774D /* Font */,
				81FAF05323427F07004A8C51 /* Storyboard */,
				81FAF03723427ED2004A8C51 /* Assets.xcassets */,
			);
			path = Resources;
			sourceTree = "<group>";
		};
		81FAF05323427F07004A8C51 /* Storyboard */ = {
			isa = PBXGroup;
			children = (
				81FAF03423427ED1004A8C51 /* Main.storyboard */,
				81FAF03923427ED2004A8C51 /* LaunchScreen.storyboard */,
			);
			path = Storyboard;
			sourceTree = "<group>";
		};
		81FAF05423427F48004A8C51 /* Application */ = {
			isa = PBXGroup;
			children = (
				819E341A2343678700D56E92 /* MetronomeTicker.swift */,
				81FAF06823436475004A8C51 /* MetronomeConfiguration.swift */,
				810701A0245F2E78003D0B54 /* Metronome.swift */,
				8155D9C52359BE9D009521F2 /* MetronomePublisher.swift */,
			);
			path = Application;
			sourceTree = "<group>";
		};
		81FAF05723427F65004A8C51 /* Entities */ = {
			isa = PBXGroup;
			children = (
				81FAF05823427F6F004A8C51 /* TimeSignature.swift */,
				81FAF05A234285E3004A8C51 /* Tempo.swift */,
				81B999AC235B1D9700E87778 /* Beat.swift */,
			);
			path = Entities;
			sourceTree = "<group>";
		};
		81FAF05C234299D4004A8C51 /* Controller */ = {
			isa = PBXGroup;
			children = (
				81A71C7C23524B5900E86256 /* Extension */,
				8115EFBD235DBCE100527665 /* Observing Controllers */,
				81A71C7D23524B7A00E86256 /* Gesture Controllers */,
				81FAF03223427ED1004A8C51 /* MainViewController.swift */,
				81FAF06023429A24004A8C51 /* MetronomeViewController.swift */,
				81BEDDE42461728800FE1D6E /* TempoPickerViewController.swift */,
				81A8878A235257770071BF48 /* TapTempoPickerViewController.swift */,
				8166679723451E7F002DC01A /* TimeSignaturePickerViewController.swift */,
				81E7FDC623573C7A00C20444 /* TipsViewController.swift */,
				81E7FDC02357293600C20444 /* WelcomeViewController.swift */,
			);
			path = Controller;
			sourceTree = "<group>";
		};
		81FAF05D234299DE004A8C51 /* View */ = {
			isa = PBXGroup;
			children = (
				81C0B37E23492DB700D01072 /* GesturePickerView.swift */,
				81FAF05E23429A00004A8C51 /* MetronomeView.swift */,
				8169EE5A235E1D4300DAD7BB /* BeatsView.swift */,
				81B999B0235B569600E87778 /* BeatView.swift */,
				8179A9822353A22100B33770 /* ChromeView.swift */,
				81E7FDC423573BD300C20444 /* TipsView.swift */,
				817EFA4D2355C948004E774D /* TipView.swift */,
				81A729AF235E21C300DD5EE6 /* ColorView.swift */,
			);
			path = View;
			sourceTree = "<group>";
		};
		81FAF06523435816004A8C51 /* Model */ = {
			isa = PBXGroup;
			children = (
				81E7FDCC23573E8600C20444 /* TipsViewModelRepository.swift */,
				8115EFB6235DB34200527665 /* Cache */,
				8155D9C82359BEB1009521F2 /* ViewModel */,
			);
			path = Model;
			sourceTree = "<group>";
		};
/* End PBXGroup section */

/* Begin PBXNativeTarget section */
		817F992B234CAD0300DA1043 /* Metronome Watch */ = {
			isa = PBXNativeTarget;
			buildConfigurationList = 817F994B234CAD0500DA1043 /* Build configuration list for PBXNativeTarget "Metronome Watch" */;
			buildPhases = (
				817F992A234CAD0300DA1043 /* Resources */,
				817F994A234CAD0500DA1043 /* Embed App Extensions */,
			);
			buildRules = (
			);
			dependencies = (
				817F993B234CAD0400DA1043 /* PBXTargetDependency */,
			);
			name = "Metronome Watch";
			productName = "Metronome Watch";
			productReference = 817F992C234CAD0300DA1043 /* Metronome.app */;
			productType = "com.apple.product-type.application.watchapp2";
		};
		817F9937234CAD0400DA1043 /* Metronome Watch Extension */ = {
			isa = PBXNativeTarget;
			buildConfigurationList = 817F9947234CAD0500DA1043 /* Build configuration list for PBXNativeTarget "Metronome Watch Extension" */;
			buildPhases = (
				817F9934234CAD0400DA1043 /* Sources */,
				817F9935234CAD0400DA1043 /* Frameworks */,
				817F9936234CAD0400DA1043 /* Resources */,
			);
			buildRules = (
			);
			dependencies = (
			);
			name = "Metronome Watch Extension";
			productName = "Metronome Watch Extension";
			productReference = 817F9938234CAD0400DA1043 /* Metronome Watch Extension.appex */;
			productType = "com.apple.product-type.watchkit2-extension";
		};
		81BDF4E324586A4C00B4F7F8 /* Metronome Macos */ = {
			isa = PBXNativeTarget;
			buildConfigurationList = 81BDF4F424586A4F00B4F7F8 /* Build configuration list for PBXNativeTarget "Metronome Macos" */;
			buildPhases = (
				81BDF4E024586A4C00B4F7F8 /* Sources */,
				81BDF4E124586A4C00B4F7F8 /* Frameworks */,
				81BDF4E224586A4C00B4F7F8 /* Resources */,
			);
			buildRules = (
			);
			dependencies = (
			);
			name = "Metronome Macos";
			productName = "Metronome Macos";
			productReference = 81BDF4E424586A4C00B4F7F8 /* Metronome Macos.app */;
			productType = "com.apple.product-type.application";
		};
		81FAF02A23427ED1004A8C51 /* Metronome iOS */ = {
			isa = PBXNativeTarget;
			buildConfigurationList = 81FAF04A23427ED3004A8C51 /* Build configuration list for PBXNativeTarget "Metronome iOS" */;
			buildPhases = (
				81FAF02723427ED1004A8C51 /* Sources */,
				81FAF02823427ED1004A8C51 /* Frameworks */,
				81FAF02923427ED1004A8C51 /* Resources */,
			);
			buildRules = (
			);
			dependencies = (
			);
			name = "Metronome iOS";
			productName = Metronome;
			productReference = 81FAF02B23427ED1004A8C51 /* Metronome.app */;
			productType = "com.apple.product-type.application";
		};
		81FAF04023427ED3004A8C51 /* MetronomeTests */ = {
			isa = PBXNativeTarget;
			buildConfigurationList = 81FAF04D23427ED3004A8C51 /* Build configuration list for PBXNativeTarget "MetronomeTests" */;
			buildPhases = (
				81FAF03D23427ED3004A8C51 /* Sources */,
				81FAF03E23427ED3004A8C51 /* Frameworks */,
				81FAF03F23427ED3004A8C51 /* Resources */,
			);
			buildRules = (
			);
			dependencies = (
				81FAF04323427ED3004A8C51 /* PBXTargetDependency */,
			);
			name = MetronomeTests;
			packageProductDependencies = (
			);
			productName = MetronomeTests;
			productReference = 81FAF04123427ED3004A8C51 /* MetronomeTests.xctest */;
			productType = "com.apple.product-type.bundle.unit-test";
		};
/* End PBXNativeTarget section */

/* Begin PBXProject section */
		81FAF02323427ED1004A8C51 /* Project object */ = {
			isa = PBXProject;
			attributes = {
				LastSwiftUpdateCheck = 1130;
				LastUpgradeCheck = 1130;
				ORGANIZATIONNAME = "luca strazzullo";
				TargetAttributes = {
					817F992B234CAD0300DA1043 = {
						CreatedOnToolsVersion = 11.1;
					};
					817F9937234CAD0400DA1043 = {
						CreatedOnToolsVersion = 11.1;
					};
					81BDF4E324586A4C00B4F7F8 = {
						CreatedOnToolsVersion = 11.3.1;
					};
					81FAF02A23427ED1004A8C51 = {
						CreatedOnToolsVersion = 11.0;
					};
					81FAF04023427ED3004A8C51 = {
						CreatedOnToolsVersion = 11.0;
					};
				};
			};
			buildConfigurationList = 81FAF02623427ED1004A8C51 /* Build configuration list for PBXProject "Metronome" */;
			compatibilityVersion = "Xcode 9.3";
			developmentRegion = en;
			hasScannedForEncodings = 0;
			knownRegions = (
				en,
				Base,
			);
			mainGroup = 81FAF02223427ED1004A8C51;
			packageReferences = (
			);
			productRefGroup = 81FAF02C23427ED1004A8C51 /* Products */;
			projectDirPath = "";
			projectRoot = "";
			targets = (
				81FAF04023427ED3004A8C51 /* MetronomeTests */,
				81FAF02A23427ED1004A8C51 /* Metronome iOS */,
				817F992B234CAD0300DA1043 /* Metronome Watch */,
				817F9937234CAD0400DA1043 /* Metronome Watch Extension */,
				81BDF4E324586A4C00B4F7F8 /* Metronome Macos */,
			);
		};
/* End PBXProject section */

/* Begin PBXResourcesBuildPhase section */
		817F992A234CAD0300DA1043 /* Resources */ = {
			isa = PBXResourcesBuildPhase;
			buildActionMask = 2147483647;
			files = (
				817F995C234CAEFF00DA1043 /* Interface.storyboard in Resources */,
				817F9932234CAD0400DA1043 /* Assets.xcassets in Resources */,
			);
			runOnlyForDeploymentPostprocessing = 0;
		};
		817F9936234CAD0400DA1043 /* Resources */ = {
			isa = PBXResourcesBuildPhase;
			buildActionMask = 2147483647;
			files = (
				817F995D234CAF2000DA1043 /* Interface.storyboard in Resources */,
				81B3F07F245F598B00626E93 /* Localizable.strings in Resources */,
				817F9942234CAD0500DA1043 /* Assets.xcassets in Resources */,
			);
			runOnlyForDeploymentPostprocessing = 0;
		};
		81BDF4E224586A4C00B4F7F8 /* Resources */ = {
			isa = PBXResourcesBuildPhase;
			buildActionMask = 2147483647;
			files = (
				81BDF4F124586A4F00B4F7F8 /* Main.storyboard in Resources */,
				81B3F080245F598C00626E93 /* Localizable.strings in Resources */,
				815DA89D24617FE100FEE8B1 /* ColorPalette.xcassets in Resources */,
				81BDF4EE24586A4F00B4F7F8 /* Preview Assets.xcassets in Resources */,
				81BDF4EB24586A4F00B4F7F8 /* Assets.xcassets in Resources */,
			);
			runOnlyForDeploymentPostprocessing = 0;
		};
		81FAF02923427ED1004A8C51 /* Resources */ = {
			isa = PBXResourcesBuildPhase;
			buildActionMask = 2147483647;
			files = (
				81FAF03B23427ED2004A8C51 /* LaunchScreen.storyboard in Resources */,
				81919FB3234B4F220061571A /* Localizable.strings in Resources */,
				815DA89C24617E0800FEE8B1 /* ColorPalette.xcassets in Resources */,
				81FAF03823427ED2004A8C51 /* Assets.xcassets in Resources */,
				81FAF03623427ED1004A8C51 /* Main.storyboard in Resources */,
			);
			runOnlyForDeploymentPostprocessing = 0;
		};
		81FAF03F23427ED3004A8C51 /* Resources */ = {
			isa = PBXResourcesBuildPhase;
			buildActionMask = 2147483647;
			files = (
			);
			runOnlyForDeploymentPostprocessing = 0;
		};
/* End PBXResourcesBuildPhase section */

/* Begin PBXSourcesBuildPhase section */
		817F9934234CAD0400DA1043 /* Sources */ = {
			isa = PBXSourcesBuildPhase;
			buildActionMask = 2147483647;
			files = (
				81807A6E246001EC00737786 /* TimeSignaturePickerViewModel.swift in Sources */,
				81807A6C245FF1FD00737786 /* Copy.swift in Sources */,
				810701A3245F2E78003D0B54 /* Metronome.swift in Sources */,
				817F9956234CADBC00DA1043 /* MetronomeTicker.swift in Sources */,
				81B999AE235B22B500E87778 /* Beat.swift in Sources */,
				817F994F234CAD6600DA1043 /* ExtensionDelegate.swift in Sources */,
				81B999A62359C38A00E87778 /* MetronomePublisher.swift in Sources */,
				81807A6A245FF16C00737786 /* TempoPickerViewModel.swift in Sources */,
				810701A6245F3035003D0B54 /* MetronomeViewModel.swift in Sources */,
				810701AB245F30DF003D0B54 /* ControlsViewModel.swift in Sources */,
				817F9953234CAD7000DA1043 /* MetronomeViewController.swift in Sources */,
				8115EFAF235B660C00527665 /* BeatView.swift in Sources */,
				817F9952234CAD6D00DA1043 /* MetronomeView.swift in Sources */,
				810701B5245F4ADD003D0B54 /* TempoPickerView.swift in Sources */,
				817F9957234CADBC00DA1043 /* MetronomeConfiguration.swift in Sources */,
				810701B2245F4AA7003D0B54 /* TimeSignaturePickerView.swift in Sources */,
				810701A7245F3035003D0B54 /* BeatViewModel.swift in Sources */,
				817F9954234CADB800DA1043 /* TimeSignature.swift in Sources */,
				817F9955234CADB800DA1043 /* Tempo.swift in Sources */,
			);
			runOnlyForDeploymentPostprocessing = 0;
		};
		81BDF4E024586A4C00B4F7F8 /* Sources */ = {
			isa = PBXSourcesBuildPhase;
			buildActionMask = 2147483647;
			files = (
				81D525D324605ACC00F8F541 /* TimeSignaturePickerViewModel.swift in Sources */,
				81D525D12460467200F8F541 /* Copy.swift in Sources */,
				810701A4245F2E78003D0B54 /* Metronome.swift in Sources */,
				81BDF50D2458761000B4F7F8 /* ControlsView.swift in Sources */,
				81BDF4FD24586BED00B4F7F8 /* MetronomeConfiguration.swift in Sources */,
				81BDF50524586C9900B4F7F8 /* BeatsView.swift in Sources */,
				815DA89E24617FF500FEE8B1 /* Palette.swift in Sources */,
				81D525D02460466400F8F541 /* TempoPickerViewModel.swift in Sources */,
				81BDF50B24586D1000B4F7F8 /* ColorView.swift in Sources */,
				81BDF4FC24586BED00B4F7F8 /* MetronomeTicker.swift in Sources */,
				81BDF4E924586A4C00B4F7F8 /* MetronomeView.swift in Sources */,
				81D525DA2460744600F8F541 /* ControlsViewModel.swift in Sources */,
				81BDF4E724586A4C00B4F7F8 /* AppDelegate.swift in Sources */,
				81BDF4F924586BED00B4F7F8 /* TimeSignature.swift in Sources */,
				81BDF50F245877AD00B4F7F8 /* BeatViewModel.swift in Sources */,
				81BDF50224586C3500B4F7F8 /* MetronomeViewModel.swift in Sources */,
				81D525D624605AF600F8F541 /* ConfigurationPickerViewModel.swift in Sources */,
				81BDF4FB24586BED00B4F7F8 /* Beat.swift in Sources */,
				81BDF50724586CD100B4F7F8 /* BeatView.swift in Sources */,
				81BDF4FA24586BED00B4F7F8 /* Tempo.swift in Sources */,
				81BDF4FF24586BED00B4F7F8 /* MetronomePublisher.swift in Sources */,
			);
			runOnlyForDeploymentPostprocessing = 0;
		};
		81FAF02723427ED1004A8C51 /* Sources */ = {
			isa = PBXSourcesBuildPhase;
			buildActionMask = 2147483647;
			files = (
				8166679823451E7F002DC01A /* TimeSignaturePickerViewController.swift in Sources */,
				81E7FDC923573CF900C20444 /* WelcomeViewModel.swift in Sources */,
				812E5B422355155900F04E41 /* TapTempoPickerViewModel.swift in Sources */,
				81E7FDC723573C7A00C20444 /* TipsViewController.swift in Sources */,
				81249773234B64420047F3E3 /* Tempo.swift in Sources */,
				8115EFB8235DB43C00527665 /* EntryCache.swift in Sources */,
				812E5B442355198900F04E41 /* NoteLengthPickerViewModel.swift in Sources */,
				81249770234B643E0047F3E3 /* MetronomeConfiguration.swift in Sources */,
				81E7DEB02461964D001F4F07 /* GesturePickerViewModel.swift in Sources */,
				81FAF03323427ED1004A8C51 /* MainViewController.swift in Sources */,
				81B3F07E245F54F400626E93 /* ControlsViewModel.swift in Sources */,
				8124976F234B643E0047F3E3 /* MetronomeTicker.swift in Sources */,
				81A88789235250FE0071BF48 /* TapTempoUpdaterGestureController.swift in Sources */,
				815DA89B24617DFE00FEE8B1 /* Palette.swift in Sources */,
				81E7FDCD23573E8600C20444 /* TipsViewModelRepository.swift in Sources */,
				81E7FDC523573BD300C20444 /* TipsView.swift in Sources */,
				81FAF05F23429A00004A8C51 /* MetronomeView.swift in Sources */,
				817EFA4E2355C948004E774D /* TipView.swift in Sources */,
				81A71C792352477C00E86256 /* SlideTempoUpdaterGestureController.swift in Sources */,
				810701A2245F2E78003D0B54 /* Metronome.swift in Sources */,
				8169EE5B235E1D4300DAD7BB /* BeatsView.swift in Sources */,
				8115EFBC235DB72200527665 /* UserDefaultBackedEntryCache.swift in Sources */,
				8115EFB3235DB24100527665 /* ConfigurationCache.swift in Sources */,
				81B3F07D245F54F000626E93 /* BeatViewModel.swift in Sources */,
				81C0725523523D23009A9523 /* HelpGestureController.swift in Sources */,
				81A729AE235E1FDC00DD5EE6 /* MultiGestureController.swift in Sources */,
				81E7FDC12357293600C20444 /* WelcomeViewController.swift in Sources */,
				817EFA4C2355C60E004E774D /* BrandFont.swift in Sources */,
				81FAF06123429A24004A8C51 /* MetronomeViewController.swift in Sources */,
				81A8878323524CEF0071BF48 /* NoteLengthUpdaterGestureController.swift in Sources */,
				81A8878B235257770071BF48 /* TapTempoPickerViewController.swift in Sources */,
				81B999B1235B569600E87778 /* BeatView.swift in Sources */,
				81A8878D235343420071BF48 /* BarLengthPickerViewModel.swift in Sources */,
				81A729B0235E21C300DD5EE6 /* ColorView.swift in Sources */,
				81B999AD235B1D9700E87778 /* Beat.swift in Sources */,
				81D525D724605DE100F8F541 /* Copy.swift in Sources */,
				8115EFC1235DBF6E00527665 /* MetronomeHapticController.swift in Sources */,
				81E7DEB42461B58D001F4F07 /* MetronomeApplicationSettingsController.swift in Sources */,
				81A71C772352455100E86256 /* TogglerGestureController.swift in Sources */,
				817EFA432355C09F004E774D /* SlideTempoPickerViewModel.swift in Sources */,
				81FAF02F23427ED1004A8C51 /* AppDelegate.swift in Sources */,
				81BEDDE52461728800FE1D6E /* TempoPickerViewController.swift in Sources */,
				8179A9832353A22100B33770 /* ChromeView.swift in Sources */,
				8115EFBA235DB65D00527665 /* Cache.swift in Sources */,
				8155D9C62359BE9D009521F2 /* MetronomePublisher.swift in Sources */,
				8115EFB5235DB29400527665 /* WelcomeCache.swift in Sources */,
				81B3F07C245F54EE00626E93 /* MetronomeViewModel.swift in Sources */,
				8115EFBF235DBCF000527665 /* MetronomeCacheController.swift in Sources */,
				81811B5B2348B29D00C06204 /* ContainerViewController.swift in Sources */,
				81C0B37F23492DB700D01072 /* GesturePickerView.swift in Sources */,
				81919FB5234B515C0061571A /* HelpViewModel.swift in Sources */,
				81919FB7234B51960061571A /* TipViewModel.swift in Sources */,
				81FAF03123427ED1004A8C51 /* SceneDelegate.swift in Sources */,
				81249772234B64420047F3E3 /* TimeSignature.swift in Sources */,
				81A71C7B23524B2200E86256 /* BarLengthUpdaterGestureController.swift in Sources */,
				811BEEE22461CF4E00C5ADF7 /* MultiObservingController.swift in Sources */,
			);
			runOnlyForDeploymentPostprocessing = 0;
		};
		81FAF03D23427ED3004A8C51 /* Sources */ = {
			isa = PBXSourcesBuildPhase;
			buildActionMask = 2147483647;
			files = (
				8124976B234B642C0047F3E3 /* MetronomeConfiguration.swift in Sources */,
				81B999AF235B22B900E87778 /* Beat.swift in Sources */,
				810701A1245F2E78003D0B54 /* Metronome.swift in Sources */,
				8115EFB1235CF3AC00527665 /* MetronomePrecisionTests.swift in Sources */,
				8124976A234B642C0047F3E3 /* MetronomeTicker.swift in Sources */,
				81BE0C102348C926000053C6 /* TimeSignatureTests.swift in Sources */,
				81FAF04623427ED3004A8C51 /* MetronomeTests.swift in Sources */,
				81BE0C0E2348C8B5000053C6 /* TempoTests.swift in Sources */,
				81249768234B64280047F3E3 /* TimeSignature.swift in Sources */,
				81249769234B64280047F3E3 /* Tempo.swift in Sources */,
			);
			runOnlyForDeploymentPostprocessing = 0;
		};
/* End PBXSourcesBuildPhase section */

/* Begin PBXTargetDependency section */
		817F993B234CAD0400DA1043 /* PBXTargetDependency */ = {
			isa = PBXTargetDependency;
			target = 817F9937234CAD0400DA1043 /* Metronome Watch Extension */;
			targetProxy = 817F993A234CAD0400DA1043 /* PBXContainerItemProxy */;
		};
		81FAF04323427ED3004A8C51 /* PBXTargetDependency */ = {
			isa = PBXTargetDependency;
			target = 81FAF02A23427ED1004A8C51 /* Metronome iOS */;
			targetProxy = 81FAF04223427ED3004A8C51 /* PBXContainerItemProxy */;
		};
/* End PBXTargetDependency section */

/* Begin PBXVariantGroup section */
		817F992E234CAD0300DA1043 /* Interface.storyboard */ = {
			isa = PBXVariantGroup;
			children = (
				817F992F234CAD0300DA1043 /* Base */,
			);
			name = Interface.storyboard;
			sourceTree = "<group>";
		};
		81BDF4EF24586A4F00B4F7F8 /* Main.storyboard */ = {
			isa = PBXVariantGroup;
			children = (
				81BDF4F024586A4F00B4F7F8 /* Base */,
			);
			name = Main.storyboard;
			sourceTree = "<group>";
		};
		81FAF03423427ED1004A8C51 /* Main.storyboard */ = {
			isa = PBXVariantGroup;
			children = (
				81FAF03523427ED1004A8C51 /* Base */,
			);
			name = Main.storyboard;
			sourceTree = "<group>";
		};
		81FAF03923427ED2004A8C51 /* LaunchScreen.storyboard */ = {
			isa = PBXVariantGroup;
			children = (
				81FAF03A23427ED2004A8C51 /* Base */,
			);
			name = LaunchScreen.storyboard;
			sourceTree = "<group>";
		};
/* End PBXVariantGroup section */

/* Begin XCBuildConfiguration section */
		817F9948234CAD0500DA1043 /* Debug */ = {
			isa = XCBuildConfiguration;
			buildSettings = {
				ASSETCATALOG_COMPILER_COMPLICATION_NAME = Complication;
				CODE_SIGN_IDENTITY = "iPhone Developer";
				CODE_SIGN_STYLE = Manual;
				CURRENT_PROJECT_VERSION = 13;
				DEVELOPMENT_TEAM = UC9U5RZ8UF;
				INFOPLIST_FILE = "Metronome Watch Extension/Info.plist";
				LD_RUNPATH_SEARCH_PATHS = (
					"$(inherited)",
					"@executable_path/Frameworks",
					"@executable_path/../../Frameworks",
				);
				PRODUCT_BUNDLE_IDENTIFIER = com.lucastrazzullo.metronome.watchkitapp.watchkitextension;
				PRODUCT_NAME = "${TARGET_NAME}";
				PROVISIONING_PROFILE_SPECIFIER = "Metronome watchkitextension - Development";
				SDKROOT = watchos;
				SKIP_INSTALL = YES;
				SWIFT_VERSION = 5.0;
				TARGETED_DEVICE_FAMILY = 4;
				WATCHOS_DEPLOYMENT_TARGET = 6.0;
			};
			name = Debug;
		};
		817F9949234CAD0500DA1043 /* Release */ = {
			isa = XCBuildConfiguration;
			buildSettings = {
				ASSETCATALOG_COMPILER_COMPLICATION_NAME = Complication;
				CODE_SIGN_IDENTITY = "iPhone Distribution";
				CODE_SIGN_STYLE = Manual;
				CURRENT_PROJECT_VERSION = 13;
				DEVELOPMENT_TEAM = UC9U5RZ8UF;
				INFOPLIST_FILE = "Metronome Watch Extension/Info.plist";
				LD_RUNPATH_SEARCH_PATHS = (
					"$(inherited)",
					"@executable_path/Frameworks",
					"@executable_path/../../Frameworks",
				);
				PRODUCT_BUNDLE_IDENTIFIER = com.lucastrazzullo.metronome.watchkitapp.watchkitextension;
				PRODUCT_NAME = "${TARGET_NAME}";
				PROVISIONING_PROFILE_SPECIFIER = "Metronome watchkitextension - Distribution";
				SDKROOT = watchos;
				SKIP_INSTALL = YES;
				SWIFT_VERSION = 5.0;
				TARGETED_DEVICE_FAMILY = 4;
				WATCHOS_DEPLOYMENT_TARGET = 6.0;
			};
			name = Release;
		};
		817F994C234CAD0500DA1043 /* Debug */ = {
			isa = XCBuildConfiguration;
			buildSettings = {
				ALWAYS_EMBED_SWIFT_STANDARD_LIBRARIES = YES;
				ASSETCATALOG_COMPILER_APPICON_NAME = AppIcon;
				CODE_SIGN_IDENTITY = "iPhone Developer";
				CODE_SIGN_STYLE = Manual;
				CURRENT_PROJECT_VERSION = 13;
				DEVELOPMENT_TEAM = UC9U5RZ8UF;
				IBSC_MODULE = Metronome_Watch_Extension;
				INFOPLIST_FILE = "Metronome Watch/Info.plist";
				PRODUCT_BUNDLE_IDENTIFIER = com.lucastrazzullo.metronome.watchkitapp;
				PRODUCT_NAME = Metronome;
				PROVISIONING_PROFILE_SPECIFIER = "Metronome watchkitapp - Development";
				SDKROOT = watchos;
				SKIP_INSTALL = YES;
				SWIFT_VERSION = 5.0;
				TARGETED_DEVICE_FAMILY = 4;
				WATCHOS_DEPLOYMENT_TARGET = 6.0;
			};
			name = Debug;
		};
		817F994D234CAD0500DA1043 /* Release */ = {
			isa = XCBuildConfiguration;
			buildSettings = {
				ALWAYS_EMBED_SWIFT_STANDARD_LIBRARIES = YES;
				ASSETCATALOG_COMPILER_APPICON_NAME = AppIcon;
				CODE_SIGN_IDENTITY = "iPhone Distribution";
				CODE_SIGN_STYLE = Manual;
				CURRENT_PROJECT_VERSION = 13;
				DEVELOPMENT_TEAM = UC9U5RZ8UF;
				IBSC_MODULE = Metronome_Watch_Extension;
				INFOPLIST_FILE = "Metronome Watch/Info.plist";
				PRODUCT_BUNDLE_IDENTIFIER = com.lucastrazzullo.metronome.watchkitapp;
				PRODUCT_NAME = Metronome;
				PROVISIONING_PROFILE_SPECIFIER = "Metronome watchkitapp - Distribution";
				SDKROOT = watchos;
				SKIP_INSTALL = YES;
				SWIFT_VERSION = 5.0;
				TARGETED_DEVICE_FAMILY = 4;
				WATCHOS_DEPLOYMENT_TARGET = 6.0;
			};
			name = Release;
		};
		81BDF4F524586A4F00B4F7F8 /* Debug */ = {
			isa = XCBuildConfiguration;
			buildSettings = {
				ASSETCATALOG_COMPILER_APPICON_NAME = AppIcon;
				CODE_SIGN_ENTITLEMENTS = "Metronome Macos/Metronome_Macos.entitlements";
				CODE_SIGN_IDENTITY = "-";
				CODE_SIGN_STYLE = Automatic;
				COMBINE_HIDPI_IMAGES = YES;
				DEVELOPMENT_ASSET_PATHS = "\"Metronome Macos/Preview Content\"";
				DEVELOPMENT_TEAM = UC9U5RZ8UF;
				ENABLE_HARDENED_RUNTIME = YES;
				ENABLE_PREVIEWS = YES;
				INFOPLIST_FILE = "Metronome Macos/Info.plist";
				LD_RUNPATH_SEARCH_PATHS = (
					"$(inherited)",
					"@executable_path/../Frameworks",
				);
				MACOSX_DEPLOYMENT_TARGET = 10.15;
				PRODUCT_BUNDLE_IDENTIFIER = "com.lucastrazzullo.Metronome-Macos";
				PRODUCT_NAME = "$(TARGET_NAME)";
				SDKROOT = macosx;
				SWIFT_VERSION = 5.0;
			};
			name = Debug;
		};
		81BDF4F624586A4F00B4F7F8 /* Release */ = {
			isa = XCBuildConfiguration;
			buildSettings = {
				ASSETCATALOG_COMPILER_APPICON_NAME = AppIcon;
				CODE_SIGN_ENTITLEMENTS = "Metronome Macos/Metronome_Macos.entitlements";
				CODE_SIGN_IDENTITY = "-";
				CODE_SIGN_STYLE = Automatic;
				COMBINE_HIDPI_IMAGES = YES;
				DEVELOPMENT_ASSET_PATHS = "\"Metronome Macos/Preview Content\"";
				DEVELOPMENT_TEAM = UC9U5RZ8UF;
				ENABLE_HARDENED_RUNTIME = YES;
				ENABLE_PREVIEWS = YES;
				INFOPLIST_FILE = "Metronome Macos/Info.plist";
				LD_RUNPATH_SEARCH_PATHS = (
					"$(inherited)",
					"@executable_path/../Frameworks",
				);
				MACOSX_DEPLOYMENT_TARGET = 10.15;
				PRODUCT_BUNDLE_IDENTIFIER = "com.lucastrazzullo.Metronome-Macos";
				PRODUCT_NAME = "$(TARGET_NAME)";
				SDKROOT = macosx;
				SWIFT_VERSION = 5.0;
			};
			name = Release;
		};
		81FAF04823427ED3004A8C51 /* Debug */ = {
			isa = XCBuildConfiguration;
			buildSettings = {
				ALWAYS_SEARCH_USER_PATHS = NO;
				CLANG_ANALYZER_NONNULL = YES;
				CLANG_ANALYZER_NUMBER_OBJECT_CONVERSION = YES_AGGRESSIVE;
				CLANG_CXX_LANGUAGE_STANDARD = "gnu++14";
				CLANG_CXX_LIBRARY = "libc++";
				CLANG_ENABLE_MODULES = YES;
				CLANG_ENABLE_OBJC_ARC = YES;
				CLANG_ENABLE_OBJC_WEAK = YES;
				CLANG_WARN_BLOCK_CAPTURE_AUTORELEASING = YES;
				CLANG_WARN_BOOL_CONVERSION = YES;
				CLANG_WARN_COMMA = YES;
				CLANG_WARN_CONSTANT_CONVERSION = YES;
				CLANG_WARN_DEPRECATED_OBJC_IMPLEMENTATIONS = YES;
				CLANG_WARN_DIRECT_OBJC_ISA_USAGE = YES_ERROR;
				CLANG_WARN_DOCUMENTATION_COMMENTS = YES;
				CLANG_WARN_EMPTY_BODY = YES;
				CLANG_WARN_ENUM_CONVERSION = YES;
				CLANG_WARN_INFINITE_RECURSION = YES;
				CLANG_WARN_INT_CONVERSION = YES;
				CLANG_WARN_NON_LITERAL_NULL_CONVERSION = YES;
				CLANG_WARN_OBJC_IMPLICIT_RETAIN_SELF = YES;
				CLANG_WARN_OBJC_LITERAL_CONVERSION = YES;
				CLANG_WARN_OBJC_ROOT_CLASS = YES_ERROR;
				CLANG_WARN_RANGE_LOOP_ANALYSIS = YES;
				CLANG_WARN_STRICT_PROTOTYPES = YES;
				CLANG_WARN_SUSPICIOUS_MOVE = YES;
				CLANG_WARN_UNGUARDED_AVAILABILITY = YES_AGGRESSIVE;
				CLANG_WARN_UNREACHABLE_CODE = YES;
				CLANG_WARN__DUPLICATE_METHOD_MATCH = YES;
				COPY_PHASE_STRIP = NO;
				DEBUG_INFORMATION_FORMAT = dwarf;
				ENABLE_STRICT_OBJC_MSGSEND = YES;
				ENABLE_TESTABILITY = YES;
				GCC_C_LANGUAGE_STANDARD = gnu11;
				GCC_DYNAMIC_NO_PIC = NO;
				GCC_NO_COMMON_BLOCKS = YES;
				GCC_OPTIMIZATION_LEVEL = 0;
				GCC_PREPROCESSOR_DEFINITIONS = (
					"DEBUG=1",
					"$(inherited)",
				);
				GCC_WARN_64_TO_32_BIT_CONVERSION = YES;
				GCC_WARN_ABOUT_RETURN_TYPE = YES_ERROR;
				GCC_WARN_UNDECLARED_SELECTOR = YES;
				GCC_WARN_UNINITIALIZED_AUTOS = YES_AGGRESSIVE;
				GCC_WARN_UNUSED_FUNCTION = YES;
				GCC_WARN_UNUSED_VARIABLE = YES;
				IPHONEOS_DEPLOYMENT_TARGET = 13.0;
				MTL_ENABLE_DEBUG_INFO = INCLUDE_SOURCE;
				MTL_FAST_MATH = YES;
				ONLY_ACTIVE_ARCH = YES;
				SDKROOT = iphoneos;
				SWIFT_ACTIVE_COMPILATION_CONDITIONS = DEBUG;
				SWIFT_OPTIMIZATION_LEVEL = "-Onone";
			};
			name = Debug;
		};
		81FAF04923427ED3004A8C51 /* Release */ = {
			isa = XCBuildConfiguration;
			buildSettings = {
				ALWAYS_SEARCH_USER_PATHS = NO;
				CLANG_ANALYZER_NONNULL = YES;
				CLANG_ANALYZER_NUMBER_OBJECT_CONVERSION = YES_AGGRESSIVE;
				CLANG_CXX_LANGUAGE_STANDARD = "gnu++14";
				CLANG_CXX_LIBRARY = "libc++";
				CLANG_ENABLE_MODULES = YES;
				CLANG_ENABLE_OBJC_ARC = YES;
				CLANG_ENABLE_OBJC_WEAK = YES;
				CLANG_WARN_BLOCK_CAPTURE_AUTORELEASING = YES;
				CLANG_WARN_BOOL_CONVERSION = YES;
				CLANG_WARN_COMMA = YES;
				CLANG_WARN_CONSTANT_CONVERSION = YES;
				CLANG_WARN_DEPRECATED_OBJC_IMPLEMENTATIONS = YES;
				CLANG_WARN_DIRECT_OBJC_ISA_USAGE = YES_ERROR;
				CLANG_WARN_DOCUMENTATION_COMMENTS = YES;
				CLANG_WARN_EMPTY_BODY = YES;
				CLANG_WARN_ENUM_CONVERSION = YES;
				CLANG_WARN_INFINITE_RECURSION = YES;
				CLANG_WARN_INT_CONVERSION = YES;
				CLANG_WARN_NON_LITERAL_NULL_CONVERSION = YES;
				CLANG_WARN_OBJC_IMPLICIT_RETAIN_SELF = YES;
				CLANG_WARN_OBJC_LITERAL_CONVERSION = YES;
				CLANG_WARN_OBJC_ROOT_CLASS = YES_ERROR;
				CLANG_WARN_RANGE_LOOP_ANALYSIS = YES;
				CLANG_WARN_STRICT_PROTOTYPES = YES;
				CLANG_WARN_SUSPICIOUS_MOVE = YES;
				CLANG_WARN_UNGUARDED_AVAILABILITY = YES_AGGRESSIVE;
				CLANG_WARN_UNREACHABLE_CODE = YES;
				CLANG_WARN__DUPLICATE_METHOD_MATCH = YES;
				COPY_PHASE_STRIP = NO;
				DEBUG_INFORMATION_FORMAT = "dwarf-with-dsym";
				ENABLE_NS_ASSERTIONS = NO;
				ENABLE_STRICT_OBJC_MSGSEND = YES;
				GCC_C_LANGUAGE_STANDARD = gnu11;
				GCC_NO_COMMON_BLOCKS = YES;
				GCC_WARN_64_TO_32_BIT_CONVERSION = YES;
				GCC_WARN_ABOUT_RETURN_TYPE = YES_ERROR;
				GCC_WARN_UNDECLARED_SELECTOR = YES;
				GCC_WARN_UNINITIALIZED_AUTOS = YES_AGGRESSIVE;
				GCC_WARN_UNUSED_FUNCTION = YES;
				GCC_WARN_UNUSED_VARIABLE = YES;
				IPHONEOS_DEPLOYMENT_TARGET = 13.0;
				MTL_ENABLE_DEBUG_INFO = NO;
				MTL_FAST_MATH = YES;
				SDKROOT = iphoneos;
				SWIFT_COMPILATION_MODE = wholemodule;
				SWIFT_OPTIMIZATION_LEVEL = "-O";
				VALIDATE_PRODUCT = YES;
			};
			name = Release;
		};
		81FAF04B23427ED3004A8C51 /* Debug */ = {
			isa = XCBuildConfiguration;
			buildSettings = {
				ASSETCATALOG_COMPILER_APPICON_NAME = AppIcon;
				CODE_SIGN_IDENTITY = "iPhone Developer";
				CODE_SIGN_STYLE = Manual;
				CURRENT_PROJECT_VERSION = 15;
				DEVELOPMENT_TEAM = UC9U5RZ8UF;
				INFOPLIST_FILE = "Metronome iOS/Info.plist";
				LD_RUNPATH_SEARCH_PATHS = (
					"$(inherited)",
					"@executable_path/Frameworks",
				);
				PRODUCT_BUNDLE_IDENTIFIER = com.lucastrazzullo.metronome;
				PRODUCT_NAME = Metronome;
				PROVISIONING_PROFILE_SPECIFIER = "Metronome - Development";
				SWIFT_OPTIMIZATION_LEVEL = "-Onone";
				SWIFT_VERSION = 5.0;
				TARGETED_DEVICE_FAMILY = 1;
			};
			name = Debug;
		};
		81FAF04C23427ED3004A8C51 /* Release */ = {
			isa = XCBuildConfiguration;
			buildSettings = {
				ASSETCATALOG_COMPILER_APPICON_NAME = AppIcon;
				CODE_SIGN_IDENTITY = "iPhone Distribution";
				CODE_SIGN_STYLE = Manual;
				CURRENT_PROJECT_VERSION = 15;
				DEVELOPMENT_TEAM = UC9U5RZ8UF;
				INFOPLIST_FILE = "Metronome iOS/Info.plist";
				LD_RUNPATH_SEARCH_PATHS = (
					"$(inherited)",
					"@executable_path/Frameworks",
				);
				PRODUCT_BUNDLE_IDENTIFIER = com.lucastrazzullo.metronome;
				PRODUCT_NAME = Metronome;
				PROVISIONING_PROFILE_SPECIFIER = "Metronome - Distribution";
				SWIFT_VERSION = 5.0;
				TARGETED_DEVICE_FAMILY = 1;
			};
			name = Release;
		};
		81FAF04E23427ED3004A8C51 /* Debug */ = {
			isa = XCBuildConfiguration;
			buildSettings = {
				ALWAYS_EMBED_SWIFT_STANDARD_LIBRARIES = YES;
				CODE_SIGN_STYLE = Automatic;
				DEVELOPMENT_TEAM = UC9U5RZ8UF;
				INFOPLIST_FILE = "Metronome Tests/Info.plist";
				IPHONEOS_DEPLOYMENT_TARGET = 13.0;
				LD_RUNPATH_SEARCH_PATHS = (
					"$(inherited)",
					"@executable_path/Frameworks",
					"@loader_path/Frameworks",
				);
				PRODUCT_BUNDLE_IDENTIFIER = com.lucastrazzullo.MetronomeTests;
				PRODUCT_NAME = "$(TARGET_NAME)";
				SWIFT_VERSION = 5.0;
				TARGETED_DEVICE_FAMILY = "1,2";
			};
			name = Debug;
		};
		81FAF04F23427ED3004A8C51 /* Release */ = {
			isa = XCBuildConfiguration;
			buildSettings = {
				ALWAYS_EMBED_SWIFT_STANDARD_LIBRARIES = YES;
				CODE_SIGN_STYLE = Automatic;
				DEVELOPMENT_TEAM = UC9U5RZ8UF;
				INFOPLIST_FILE = "Metronome Tests/Info.plist";
				IPHONEOS_DEPLOYMENT_TARGET = 13.0;
				LD_RUNPATH_SEARCH_PATHS = (
					"$(inherited)",
					"@executable_path/Frameworks",
					"@loader_path/Frameworks",
				);
				PRODUCT_BUNDLE_IDENTIFIER = com.lucastrazzullo.MetronomeTests;
				PRODUCT_NAME = "$(TARGET_NAME)";
				SWIFT_VERSION = 5.0;
				TARGETED_DEVICE_FAMILY = "1,2";
			};
			name = Release;
		};
/* End XCBuildConfiguration section */

/* Begin XCConfigurationList section */
		817F9947234CAD0500DA1043 /* Build configuration list for PBXNativeTarget "Metronome Watch Extension" */ = {
			isa = XCConfigurationList;
			buildConfigurations = (
				817F9948234CAD0500DA1043 /* Debug */,
				817F9949234CAD0500DA1043 /* Release */,
			);
			defaultConfigurationIsVisible = 0;
			defaultConfigurationName = Release;
		};
		817F994B234CAD0500DA1043 /* Build configuration list for PBXNativeTarget "Metronome Watch" */ = {
			isa = XCConfigurationList;
			buildConfigurations = (
				817F994C234CAD0500DA1043 /* Debug */,
				817F994D234CAD0500DA1043 /* Release */,
			);
			defaultConfigurationIsVisible = 0;
			defaultConfigurationName = Release;
		};
		81BDF4F424586A4F00B4F7F8 /* Build configuration list for PBXNativeTarget "Metronome Macos" */ = {
			isa = XCConfigurationList;
			buildConfigurations = (
				81BDF4F524586A4F00B4F7F8 /* Debug */,
				81BDF4F624586A4F00B4F7F8 /* Release */,
			);
			defaultConfigurationIsVisible = 0;
			defaultConfigurationName = Release;
		};
		81FAF02623427ED1004A8C51 /* Build configuration list for PBXProject "Metronome" */ = {
			isa = XCConfigurationList;
			buildConfigurations = (
				81FAF04823427ED3004A8C51 /* Debug */,
				81FAF04923427ED3004A8C51 /* Release */,
			);
			defaultConfigurationIsVisible = 0;
			defaultConfigurationName = Release;
		};
		81FAF04A23427ED3004A8C51 /* Build configuration list for PBXNativeTarget "Metronome iOS" */ = {
			isa = XCConfigurationList;
			buildConfigurations = (
				81FAF04B23427ED3004A8C51 /* Debug */,
				81FAF04C23427ED3004A8C51 /* Release */,
			);
			defaultConfigurationIsVisible = 0;
			defaultConfigurationName = Release;
		};
		81FAF04D23427ED3004A8C51 /* Build configuration list for PBXNativeTarget "MetronomeTests" */ = {
			isa = XCConfigurationList;
			buildConfigurations = (
				81FAF04E23427ED3004A8C51 /* Debug */,
				81FAF04F23427ED3004A8C51 /* Release */,
			);
			defaultConfigurationIsVisible = 0;
			defaultConfigurationName = Release;
		};
/* End XCConfigurationList section */
	};
	rootObject = 81FAF02323427ED1004A8C51 /* Project object */;
}
