// !$*UTF8*$!
{
	archiveVersion = 1;
	classes = {
	};
	objectVersion = 50;
	objects = {

/* Begin PBXBuildFile section */
		81249768234B64280047F3E3 /* TimeSignature.swift in Sources */ = {isa = PBXBuildFile; fileRef = 81FAF05823427F6F004A8C51 /* TimeSignature.swift */; };
		81249769234B64280047F3E3 /* Tempo.swift in Sources */ = {isa = PBXBuildFile; fileRef = 81FAF05A234285E3004A8C51 /* Tempo.swift */; };
		8124976A234B642C0047F3E3 /* MetronomeTicker.swift in Sources */ = {isa = PBXBuildFile; fileRef = 819E341A2343678700D56E92 /* MetronomeTicker.swift */; };
		8124976B234B642C0047F3E3 /* MetronomeConfiguration.swift in Sources */ = {isa = PBXBuildFile; fileRef = 81FAF06823436475004A8C51 /* MetronomeConfiguration.swift */; };
		8124976C234B642C0047F3E3 /* Metronome.swift in Sources */ = {isa = PBXBuildFile; fileRef = 81FAF05523427F52004A8C51 /* Metronome.swift */; };
		8124976F234B643E0047F3E3 /* MetronomeTicker.swift in Sources */ = {isa = PBXBuildFile; fileRef = 819E341A2343678700D56E92 /* MetronomeTicker.swift */; };
		81249770234B643E0047F3E3 /* MetronomeConfiguration.swift in Sources */ = {isa = PBXBuildFile; fileRef = 81FAF06823436475004A8C51 /* MetronomeConfiguration.swift */; };
		81249771234B643E0047F3E3 /* Metronome.swift in Sources */ = {isa = PBXBuildFile; fileRef = 81FAF05523427F52004A8C51 /* Metronome.swift */; };
		81249772234B64420047F3E3 /* TimeSignature.swift in Sources */ = {isa = PBXBuildFile; fileRef = 81FAF05823427F6F004A8C51 /* TimeSignature.swift */; };
		81249773234B64420047F3E3 /* Tempo.swift in Sources */ = {isa = PBXBuildFile; fileRef = 81FAF05A234285E3004A8C51 /* Tempo.swift */; };
		81249787234B8EEE0047F3E3 /* ObservableMetronome.swift in Sources */ = {isa = PBXBuildFile; fileRef = 81249785234B8EBA0047F3E3 /* ObservableMetronome.swift */; };
		8124978A234B91EA0047F3E3 /* ObservableMetronomeSnapshot.swift in Sources */ = {isa = PBXBuildFile; fileRef = 81249788234B91730047F3E3 /* ObservableMetronomeSnapshot.swift */; };
		813C8D5C234529E500DE9E82 /* BitViewModel.swift in Sources */ = {isa = PBXBuildFile; fileRef = 813C8D5B234529E500DE9E82 /* BitViewModel.swift */; };
		8166679423439D2B002DC01A /* TempoUpdaterViewController.swift in Sources */ = {isa = PBXBuildFile; fileRef = 8166679323439D2B002DC01A /* TempoUpdaterViewController.swift */; };
		8166679623439D42002DC01A /* TempoUpdaterView.swift in Sources */ = {isa = PBXBuildFile; fileRef = 8166679523439D42002DC01A /* TempoUpdaterView.swift */; };
		8166679823451E7F002DC01A /* TimeSignatureUpdaterViewController.swift in Sources */ = {isa = PBXBuildFile; fileRef = 8166679723451E7F002DC01A /* TimeSignatureUpdaterViewController.swift */; };
		8169CFAC234A72DC009EFB1C /* UIForceTapGestureRecogniser.swift in Sources */ = {isa = PBXBuildFile; fileRef = 8169CFAB234A72DC009EFB1C /* UIForceTapGestureRecogniser.swift */; };
		8169CFAE234A7F57009EFB1C /* HelpViewController.swift in Sources */ = {isa = PBXBuildFile; fileRef = 8169CFAD234A7F57009EFB1C /* HelpViewController.swift */; };
		8169CFB0234A7F71009EFB1C /* HelpView.swift in Sources */ = {isa = PBXBuildFile; fileRef = 8169CFAF234A7F71009EFB1C /* HelpView.swift */; };
		817F9932234CAD0400DA1043 /* Assets.xcassets in Resources */ = {isa = PBXBuildFile; fileRef = 817F9931234CAD0400DA1043 /* Assets.xcassets */; };
		817F9939234CAD0400DA1043 /* Metronome Watch Extension.appex in Embed App Extensions */ = {isa = PBXBuildFile; fileRef = 817F9938234CAD0400DA1043 /* Metronome Watch Extension.appex */; settings = {ATTRIBUTES = (RemoveHeadersOnCopy, ); }; };
		817F9942234CAD0500DA1043 /* Assets.xcassets in Resources */ = {isa = PBXBuildFile; fileRef = 817F9941234CAD0500DA1043 /* Assets.xcassets */; };
		817F994F234CAD6600DA1043 /* ExtensionDelegate.swift in Sources */ = {isa = PBXBuildFile; fileRef = 81249741234B61C00047F3E3 /* ExtensionDelegate.swift */; };
		817F9950234CAD6A00DA1043 /* MetronomeViewModel.swift in Sources */ = {isa = PBXBuildFile; fileRef = 81249781234B6B630047F3E3 /* MetronomeViewModel.swift */; };
		817F9951234CAD6A00DA1043 /* BitViewModel.swift in Sources */ = {isa = PBXBuildFile; fileRef = 81249783234B6BCB0047F3E3 /* BitViewModel.swift */; };
		817F9952234CAD6D00DA1043 /* MetronomeView.swift in Sources */ = {isa = PBXBuildFile; fileRef = 8124977E234B68FF0047F3E3 /* MetronomeView.swift */; };
		817F9953234CAD7000DA1043 /* MetronomeViewController.swift in Sources */ = {isa = PBXBuildFile; fileRef = 8124973F234B61C00047F3E3 /* MetronomeViewController.swift */; };
		817F9954234CADB800DA1043 /* TimeSignature.swift in Sources */ = {isa = PBXBuildFile; fileRef = 81FAF05823427F6F004A8C51 /* TimeSignature.swift */; };
		817F9955234CADB800DA1043 /* Tempo.swift in Sources */ = {isa = PBXBuildFile; fileRef = 81FAF05A234285E3004A8C51 /* Tempo.swift */; };
		817F9956234CADBC00DA1043 /* MetronomeTicker.swift in Sources */ = {isa = PBXBuildFile; fileRef = 819E341A2343678700D56E92 /* MetronomeTicker.swift */; };
		817F9957234CADBC00DA1043 /* MetronomeConfiguration.swift in Sources */ = {isa = PBXBuildFile; fileRef = 81FAF06823436475004A8C51 /* MetronomeConfiguration.swift */; };
		817F9958234CADBC00DA1043 /* Metronome.swift in Sources */ = {isa = PBXBuildFile; fileRef = 81FAF05523427F52004A8C51 /* Metronome.swift */; };
		817F9959234CADBF00DA1043 /* ObservableMetronomeSnapshot.swift in Sources */ = {isa = PBXBuildFile; fileRef = 81249788234B91730047F3E3 /* ObservableMetronomeSnapshot.swift */; };
		817F995A234CADBF00DA1043 /* ObservableMetronome.swift in Sources */ = {isa = PBXBuildFile; fileRef = 81249785234B8EBA0047F3E3 /* ObservableMetronome.swift */; };
		817F995C234CAEFF00DA1043 /* Interface.storyboard in Resources */ = {isa = PBXBuildFile; fileRef = 817F992E234CAD0300DA1043 /* Interface.storyboard */; };
		817F995D234CAF2000DA1043 /* Interface.storyboard in Resources */ = {isa = PBXBuildFile; fileRef = 817F992E234CAD0300DA1043 /* Interface.storyboard */; };
		81811B592348B1F600C06204 /* GestureMetronomePlayerViewController.swift in Sources */ = {isa = PBXBuildFile; fileRef = 81811B582348B1F600C06204 /* GestureMetronomePlayerViewController.swift */; };
		81811B5B2348B29D00C06204 /* ContainerViewController.swift in Sources */ = {isa = PBXBuildFile; fileRef = 81811B5A2348B29D00C06204 /* ContainerViewController.swift */; };
		81919FB3234B4F220061571A /* Localizable.strings in Resources */ = {isa = PBXBuildFile; fileRef = 81919FB2234B4F220061571A /* Localizable.strings */; };
		81919FB5234B515C0061571A /* HelpViewModel.swift in Sources */ = {isa = PBXBuildFile; fileRef = 81919FB4234B515C0061571A /* HelpViewModel.swift */; };
		81919FB7234B51960061571A /* TipViewModel.swift in Sources */ = {isa = PBXBuildFile; fileRef = 81919FB6234B51960061571A /* TipViewModel.swift */; };
		81919FBA234B58900061571A /* ColorPalette.swift in Sources */ = {isa = PBXBuildFile; fileRef = 81919FB9234B58900061571A /* ColorPalette.swift */; };
		81A71C772352455100E86256 /* TogglerGestureController.swift in Sources */ = {isa = PBXBuildFile; fileRef = 81A71C762352455100E86256 /* TogglerGestureController.swift */; };
		81A71C792352477C00E86256 /* TempoUpdaterGestureController.swift in Sources */ = {isa = PBXBuildFile; fileRef = 81A71C782352477C00E86256 /* TempoUpdaterGestureController.swift */; };
		81A71C7B23524B2200E86256 /* BarLengthUpdaterGestureController.swift in Sources */ = {isa = PBXBuildFile; fileRef = 81A71C7A23524B2200E86256 /* BarLengthUpdaterGestureController.swift */; };
		81A8878323524CEF0071BF48 /* NoteLengthUpdaterGestureController.swift in Sources */ = {isa = PBXBuildFile; fileRef = 81A8878223524CEF0071BF48 /* NoteLengthUpdaterGestureController.swift */; };
		81A8878523524EE80071BF48 /* GestureController.swift in Sources */ = {isa = PBXBuildFile; fileRef = 81A8878423524EE80071BF48 /* GestureController.swift */; };
		81A88789235250FE0071BF48 /* TapTempoUpdaterGestureController.swift in Sources */ = {isa = PBXBuildFile; fileRef = 81A88788235250FE0071BF48 /* TapTempoUpdaterGestureController.swift */; };
		81A8878B235257770071BF48 /* TapTempoUpdaterViewController.swift in Sources */ = {isa = PBXBuildFile; fileRef = 81A8878A235257770071BF48 /* TapTempoUpdaterViewController.swift */; };
		81A8878D235343420071BF48 /* TimeSignatureUpdaterViewModel.swift in Sources */ = {isa = PBXBuildFile; fileRef = 81A8878C235343420071BF48 /* TimeSignatureUpdaterViewModel.swift */; };
		81A8878F2353442A0071BF48 /* TempoUpdaterViewModel.swift in Sources */ = {isa = PBXBuildFile; fileRef = 81A8878E2353442A0071BF48 /* TempoUpdaterViewModel.swift */; };
		81AB357E234CB118004C1BCD /* Metronome.app in Embed Watch Content */ = {isa = PBXBuildFile; fileRef = 817F992C234CAD0300DA1043 /* Metronome.app */; settings = {ATTRIBUTES = (RemoveHeadersOnCopy, ); }; };
		81AB3583234CB818004C1BCD /* UpdateTempoView.swift in Sources */ = {isa = PBXBuildFile; fileRef = 81AB3582234CB818004C1BCD /* UpdateTempoView.swift */; };
		81AB3585234CB896004C1BCD /* UpdateTimeSignatureView.swift in Sources */ = {isa = PBXBuildFile; fileRef = 81AB3584234CB896004C1BCD /* UpdateTimeSignatureView.swift */; };
		81BE0C0E2348C8B5000053C6 /* TempoTests.swift in Sources */ = {isa = PBXBuildFile; fileRef = 81BE0C0D2348C8B5000053C6 /* TempoTests.swift */; };
		81BE0C102348C926000053C6 /* TimeSignatureTests.swift in Sources */ = {isa = PBXBuildFile; fileRef = 81BE0C0F2348C926000053C6 /* TimeSignatureTests.swift */; };
		81C0725523523D23009A9523 /* HelpGestureController.swift in Sources */ = {isa = PBXBuildFile; fileRef = 81C0725423523D23009A9523 /* HelpGestureController.swift */; };
		81C0725723523D7F009A9523 /* DefaultGestureMetronomeController.swift in Sources */ = {isa = PBXBuildFile; fileRef = 81C0725623523D7F009A9523 /* DefaultGestureMetronomeController.swift */; };
		81C0B37F23492DB700D01072 /* TimeSignatureUpdaterView.swift in Sources */ = {isa = PBXBuildFile; fileRef = 81C0B37E23492DB700D01072 /* TimeSignatureUpdaterView.swift */; };
		81FAF02F23427ED1004A8C51 /* AppDelegate.swift in Sources */ = {isa = PBXBuildFile; fileRef = 81FAF02E23427ED1004A8C51 /* AppDelegate.swift */; };
		81FAF03123427ED1004A8C51 /* SceneDelegate.swift in Sources */ = {isa = PBXBuildFile; fileRef = 81FAF03023427ED1004A8C51 /* SceneDelegate.swift */; };
		81FAF03323427ED1004A8C51 /* MainViewController.swift in Sources */ = {isa = PBXBuildFile; fileRef = 81FAF03223427ED1004A8C51 /* MainViewController.swift */; };
		81FAF03623427ED1004A8C51 /* Main.storyboard in Resources */ = {isa = PBXBuildFile; fileRef = 81FAF03423427ED1004A8C51 /* Main.storyboard */; };
		81FAF03823427ED2004A8C51 /* Assets.xcassets in Resources */ = {isa = PBXBuildFile; fileRef = 81FAF03723427ED2004A8C51 /* Assets.xcassets */; };
		81FAF03B23427ED2004A8C51 /* LaunchScreen.storyboard in Resources */ = {isa = PBXBuildFile; fileRef = 81FAF03923427ED2004A8C51 /* LaunchScreen.storyboard */; };
		81FAF04623427ED3004A8C51 /* MetronomeTests.swift in Sources */ = {isa = PBXBuildFile; fileRef = 81FAF04523427ED3004A8C51 /* MetronomeTests.swift */; };
		81FAF05F23429A00004A8C51 /* MetronomeView.swift in Sources */ = {isa = PBXBuildFile; fileRef = 81FAF05E23429A00004A8C51 /* MetronomeView.swift */; };
		81FAF06123429A24004A8C51 /* MetronomeViewController.swift in Sources */ = {isa = PBXBuildFile; fileRef = 81FAF06023429A24004A8C51 /* MetronomeViewController.swift */; };
		81FAF06723435823004A8C51 /* MetronomeViewModel.swift in Sources */ = {isa = PBXBuildFile; fileRef = 81FAF06623435823004A8C51 /* MetronomeViewModel.swift */; };
/* End PBXBuildFile section */

/* Begin PBXContainerItemProxy section */
		817F993A234CAD0400DA1043 /* PBXContainerItemProxy */ = {
			isa = PBXContainerItemProxy;
			containerPortal = 81FAF02323427ED1004A8C51 /* Project object */;
			proxyType = 1;
			remoteGlobalIDString = 817F9937234CAD0400DA1043;
			remoteInfo = "Metronome Watch Extension";
		};
		81AB357F234CB118004C1BCD /* PBXContainerItemProxy */ = {
			isa = PBXContainerItemProxy;
			containerPortal = 81FAF02323427ED1004A8C51 /* Project object */;
			proxyType = 1;
			remoteGlobalIDString = 817F992B234CAD0300DA1043;
			remoteInfo = "Metronome Watch";
		};
		81FAF04223427ED3004A8C51 /* PBXContainerItemProxy */ = {
			isa = PBXContainerItemProxy;
			containerPortal = 81FAF02323427ED1004A8C51 /* Project object */;
			proxyType = 1;
			remoteGlobalIDString = 81FAF02A23427ED1004A8C51;
			remoteInfo = Metronome;
		};
/* End PBXContainerItemProxy section */

/* Begin PBXCopyFilesBuildPhase section */
		817F994A234CAD0500DA1043 /* Embed App Extensions */ = {
			isa = PBXCopyFilesBuildPhase;
			buildActionMask = 2147483647;
			dstPath = "";
			dstSubfolderSpec = 13;
			files = (
				817F9939234CAD0400DA1043 /* Metronome Watch Extension.appex in Embed App Extensions */,
			);
			name = "Embed App Extensions";
			runOnlyForDeploymentPostprocessing = 0;
		};
		81AB3581234CB118004C1BCD /* Embed Watch Content */ = {
			isa = PBXCopyFilesBuildPhase;
			buildActionMask = 2147483647;
			dstPath = "$(CONTENTS_FOLDER_PATH)/Watch";
			dstSubfolderSpec = 16;
			files = (
				81AB357E234CB118004C1BCD /* Metronome.app in Embed Watch Content */,
			);
			name = "Embed Watch Content";
			runOnlyForDeploymentPostprocessing = 0;
		};
/* End PBXCopyFilesBuildPhase section */

/* Begin PBXFileReference section */
		8124973F234B61C00047F3E3 /* MetronomeViewController.swift */ = {isa = PBXFileReference; lastKnownFileType = sourcecode.swift; path = MetronomeViewController.swift; sourceTree = "<group>"; };
		81249741234B61C00047F3E3 /* ExtensionDelegate.swift */ = {isa = PBXFileReference; lastKnownFileType = sourcecode.swift; path = ExtensionDelegate.swift; sourceTree = "<group>"; };
		8124977E234B68FF0047F3E3 /* MetronomeView.swift */ = {isa = PBXFileReference; lastKnownFileType = sourcecode.swift; path = MetronomeView.swift; sourceTree = "<group>"; };
		81249781234B6B630047F3E3 /* MetronomeViewModel.swift */ = {isa = PBXFileReference; lastKnownFileType = sourcecode.swift; path = MetronomeViewModel.swift; sourceTree = "<group>"; };
		81249783234B6BCB0047F3E3 /* BitViewModel.swift */ = {isa = PBXFileReference; lastKnownFileType = sourcecode.swift; path = BitViewModel.swift; sourceTree = "<group>"; };
		81249785234B8EBA0047F3E3 /* ObservableMetronome.swift */ = {isa = PBXFileReference; lastKnownFileType = sourcecode.swift; path = ObservableMetronome.swift; sourceTree = "<group>"; };
		81249788234B91730047F3E3 /* ObservableMetronomeSnapshot.swift */ = {isa = PBXFileReference; lastKnownFileType = sourcecode.swift; path = ObservableMetronomeSnapshot.swift; sourceTree = "<group>"; };
		813C8D5B234529E500DE9E82 /* BitViewModel.swift */ = {isa = PBXFileReference; lastKnownFileType = sourcecode.swift; path = BitViewModel.swift; sourceTree = "<group>"; };
		8166679323439D2B002DC01A /* TempoUpdaterViewController.swift */ = {isa = PBXFileReference; lastKnownFileType = sourcecode.swift; path = TempoUpdaterViewController.swift; sourceTree = "<group>"; };
		8166679523439D42002DC01A /* TempoUpdaterView.swift */ = {isa = PBXFileReference; lastKnownFileType = sourcecode.swift; path = TempoUpdaterView.swift; sourceTree = "<group>"; };
		8166679723451E7F002DC01A /* TimeSignatureUpdaterViewController.swift */ = {isa = PBXFileReference; lastKnownFileType = sourcecode.swift; path = TimeSignatureUpdaterViewController.swift; sourceTree = "<group>"; };
		8169CFAB234A72DC009EFB1C /* UIForceTapGestureRecogniser.swift */ = {isa = PBXFileReference; lastKnownFileType = sourcecode.swift; path = UIForceTapGestureRecogniser.swift; sourceTree = "<group>"; };
		8169CFAD234A7F57009EFB1C /* HelpViewController.swift */ = {isa = PBXFileReference; lastKnownFileType = sourcecode.swift; path = HelpViewController.swift; sourceTree = "<group>"; };
		8169CFAF234A7F71009EFB1C /* HelpView.swift */ = {isa = PBXFileReference; lastKnownFileType = sourcecode.swift; path = HelpView.swift; sourceTree = "<group>"; };
		817F992C234CAD0300DA1043 /* Metronome.app */ = {isa = PBXFileReference; explicitFileType = wrapper.application; includeInIndex = 0; path = Metronome.app; sourceTree = BUILT_PRODUCTS_DIR; };
		817F992F234CAD0300DA1043 /* Base */ = {isa = PBXFileReference; lastKnownFileType = file.storyboard; name = Base; path = Base.lproj/Interface.storyboard; sourceTree = "<group>"; };
		817F9931234CAD0400DA1043 /* Assets.xcassets */ = {isa = PBXFileReference; lastKnownFileType = folder.assetcatalog; path = Assets.xcassets; sourceTree = "<group>"; };
		817F9933234CAD0400DA1043 /* Info.plist */ = {isa = PBXFileReference; lastKnownFileType = text.plist.xml; path = Info.plist; sourceTree = "<group>"; };
		817F9938234CAD0400DA1043 /* Metronome Watch Extension.appex */ = {isa = PBXFileReference; explicitFileType = "wrapper.app-extension"; includeInIndex = 0; path = "Metronome Watch Extension.appex"; sourceTree = BUILT_PRODUCTS_DIR; };
		817F9941234CAD0500DA1043 /* Assets.xcassets */ = {isa = PBXFileReference; lastKnownFileType = folder.assetcatalog; path = Assets.xcassets; sourceTree = "<group>"; };
		817F9943234CAD0500DA1043 /* Info.plist */ = {isa = PBXFileReference; lastKnownFileType = text.plist.xml; path = Info.plist; sourceTree = "<group>"; };
		81811B582348B1F600C06204 /* GestureMetronomePlayerViewController.swift */ = {isa = PBXFileReference; lastKnownFileType = sourcecode.swift; path = GestureMetronomePlayerViewController.swift; sourceTree = "<group>"; };
		81811B5A2348B29D00C06204 /* ContainerViewController.swift */ = {isa = PBXFileReference; lastKnownFileType = sourcecode.swift; path = ContainerViewController.swift; sourceTree = "<group>"; };
		81919FB2234B4F220061571A /* Localizable.strings */ = {isa = PBXFileReference; lastKnownFileType = text.plist.strings; path = Localizable.strings; sourceTree = "<group>"; };
		81919FB4234B515C0061571A /* HelpViewModel.swift */ = {isa = PBXFileReference; lastKnownFileType = sourcecode.swift; path = HelpViewModel.swift; sourceTree = "<group>"; };
		81919FB6234B51960061571A /* TipViewModel.swift */ = {isa = PBXFileReference; lastKnownFileType = sourcecode.swift; path = TipViewModel.swift; sourceTree = "<group>"; };
		81919FB9234B58900061571A /* ColorPalette.swift */ = {isa = PBXFileReference; lastKnownFileType = sourcecode.swift; path = ColorPalette.swift; sourceTree = "<group>"; };
		819E341A2343678700D56E92 /* MetronomeTicker.swift */ = {isa = PBXFileReference; lastKnownFileType = sourcecode.swift; path = MetronomeTicker.swift; sourceTree = "<group>"; };
		81A71C762352455100E86256 /* TogglerGestureController.swift */ = {isa = PBXFileReference; lastKnownFileType = sourcecode.swift; path = TogglerGestureController.swift; sourceTree = "<group>"; };
		81A71C782352477C00E86256 /* TempoUpdaterGestureController.swift */ = {isa = PBXFileReference; lastKnownFileType = sourcecode.swift; path = TempoUpdaterGestureController.swift; sourceTree = "<group>"; };
		81A71C7A23524B2200E86256 /* BarLengthUpdaterGestureController.swift */ = {isa = PBXFileReference; lastKnownFileType = sourcecode.swift; path = BarLengthUpdaterGestureController.swift; sourceTree = "<group>"; };
		81A8878223524CEF0071BF48 /* NoteLengthUpdaterGestureController.swift */ = {isa = PBXFileReference; lastKnownFileType = sourcecode.swift; path = NoteLengthUpdaterGestureController.swift; sourceTree = "<group>"; };
		81A8878423524EE80071BF48 /* GestureController.swift */ = {isa = PBXFileReference; lastKnownFileType = sourcecode.swift; path = GestureController.swift; sourceTree = "<group>"; };
		81A887862352501C0071BF48 /* README.md */ = {isa = PBXFileReference; lastKnownFileType = net.daringfireball.markdown; name = README.md; path = ../README.md; sourceTree = "<group>"; };
		81A88788235250FE0071BF48 /* TapTempoUpdaterGestureController.swift */ = {isa = PBXFileReference; lastKnownFileType = sourcecode.swift; path = TapTempoUpdaterGestureController.swift; sourceTree = "<group>"; };
		81A8878A235257770071BF48 /* TapTempoUpdaterViewController.swift */ = {isa = PBXFileReference; lastKnownFileType = sourcecode.swift; path = TapTempoUpdaterViewController.swift; sourceTree = "<group>"; };
		81A8878C235343420071BF48 /* TimeSignatureUpdaterViewModel.swift */ = {isa = PBXFileReference; lastKnownFileType = sourcecode.swift; path = TimeSignatureUpdaterViewModel.swift; sourceTree = "<group>"; };
		81A8878E2353442A0071BF48 /* TempoUpdaterViewModel.swift */ = {isa = PBXFileReference; lastKnownFileType = sourcecode.swift; path = TempoUpdaterViewModel.swift; sourceTree = "<group>"; };
		81AB3582234CB818004C1BCD /* UpdateTempoView.swift */ = {isa = PBXFileReference; lastKnownFileType = sourcecode.swift; path = UpdateTempoView.swift; sourceTree = "<group>"; };
		81AB3584234CB896004C1BCD /* UpdateTimeSignatureView.swift */ = {isa = PBXFileReference; lastKnownFileType = sourcecode.swift; path = UpdateTimeSignatureView.swift; sourceTree = "<group>"; };
		81BE0C0D2348C8B5000053C6 /* TempoTests.swift */ = {isa = PBXFileReference; lastKnownFileType = sourcecode.swift; path = TempoTests.swift; sourceTree = "<group>"; };
		81BE0C0F2348C926000053C6 /* TimeSignatureTests.swift */ = {isa = PBXFileReference; lastKnownFileType = sourcecode.swift; path = TimeSignatureTests.swift; sourceTree = "<group>"; };
		81C0725423523D23009A9523 /* HelpGestureController.swift */ = {isa = PBXFileReference; lastKnownFileType = sourcecode.swift; path = HelpGestureController.swift; sourceTree = "<group>"; };
		81C0725623523D7F009A9523 /* DefaultGestureMetronomeController.swift */ = {isa = PBXFileReference; lastKnownFileType = sourcecode.swift; path = DefaultGestureMetronomeController.swift; sourceTree = "<group>"; };
		81C0B37E23492DB700D01072 /* TimeSignatureUpdaterView.swift */ = {isa = PBXFileReference; fileEncoding = 4; lastKnownFileType = sourcecode.swift; path = TimeSignatureUpdaterView.swift; sourceTree = "<group>"; };
		81FAF02B23427ED1004A8C51 /* Metronome.app */ = {isa = PBXFileReference; explicitFileType = wrapper.application; includeInIndex = 0; path = Metronome.app; sourceTree = BUILT_PRODUCTS_DIR; };
		81FAF02E23427ED1004A8C51 /* AppDelegate.swift */ = {isa = PBXFileReference; lastKnownFileType = sourcecode.swift; path = AppDelegate.swift; sourceTree = "<group>"; };
		81FAF03023427ED1004A8C51 /* SceneDelegate.swift */ = {isa = PBXFileReference; lastKnownFileType = sourcecode.swift; path = SceneDelegate.swift; sourceTree = "<group>"; };
		81FAF03223427ED1004A8C51 /* MainViewController.swift */ = {isa = PBXFileReference; lastKnownFileType = sourcecode.swift; path = MainViewController.swift; sourceTree = "<group>"; };
		81FAF03523427ED1004A8C51 /* Base */ = {isa = PBXFileReference; lastKnownFileType = file.storyboard; name = Base; path = Base.lproj/Main.storyboard; sourceTree = "<group>"; };
		81FAF03723427ED2004A8C51 /* Assets.xcassets */ = {isa = PBXFileReference; lastKnownFileType = folder.assetcatalog; path = Assets.xcassets; sourceTree = "<group>"; };
		81FAF03A23427ED2004A8C51 /* Base */ = {isa = PBXFileReference; lastKnownFileType = file.storyboard; name = Base; path = Base.lproj/LaunchScreen.storyboard; sourceTree = "<group>"; };
		81FAF03C23427ED2004A8C51 /* Info.plist */ = {isa = PBXFileReference; lastKnownFileType = text.plist.xml; path = Info.plist; sourceTree = "<group>"; };
		81FAF04123427ED3004A8C51 /* MetronomeTests.xctest */ = {isa = PBXFileReference; explicitFileType = wrapper.cfbundle; includeInIndex = 0; path = MetronomeTests.xctest; sourceTree = BUILT_PRODUCTS_DIR; };
		81FAF04523427ED3004A8C51 /* MetronomeTests.swift */ = {isa = PBXFileReference; lastKnownFileType = sourcecode.swift; path = MetronomeTests.swift; sourceTree = "<group>"; };
		81FAF04723427ED3004A8C51 /* Info.plist */ = {isa = PBXFileReference; lastKnownFileType = text.plist.xml; path = Info.plist; sourceTree = "<group>"; };
		81FAF05523427F52004A8C51 /* Metronome.swift */ = {isa = PBXFileReference; lastKnownFileType = sourcecode.swift; path = Metronome.swift; sourceTree = "<group>"; };
		81FAF05823427F6F004A8C51 /* TimeSignature.swift */ = {isa = PBXFileReference; lastKnownFileType = sourcecode.swift; path = TimeSignature.swift; sourceTree = "<group>"; };
		81FAF05A234285E3004A8C51 /* Tempo.swift */ = {isa = PBXFileReference; lastKnownFileType = sourcecode.swift; path = Tempo.swift; sourceTree = "<group>"; };
		81FAF05E23429A00004A8C51 /* MetronomeView.swift */ = {isa = PBXFileReference; lastKnownFileType = sourcecode.swift; path = MetronomeView.swift; sourceTree = "<group>"; };
		81FAF06023429A24004A8C51 /* MetronomeViewController.swift */ = {isa = PBXFileReference; lastKnownFileType = sourcecode.swift; path = MetronomeViewController.swift; sourceTree = "<group>"; };
		81FAF06623435823004A8C51 /* MetronomeViewModel.swift */ = {isa = PBXFileReference; lastKnownFileType = sourcecode.swift; path = MetronomeViewModel.swift; sourceTree = "<group>"; };
		81FAF06823436475004A8C51 /* MetronomeConfiguration.swift */ = {isa = PBXFileReference; lastKnownFileType = sourcecode.swift; path = MetronomeConfiguration.swift; sourceTree = "<group>"; };
/* End PBXFileReference section */

/* Begin PBXFrameworksBuildPhase section */
		817F9935234CAD0400DA1043 /* Frameworks */ = {
			isa = PBXFrameworksBuildPhase;
			buildActionMask = 2147483647;
			files = (
			);
			runOnlyForDeploymentPostprocessing = 0;
		};
		81FAF02823427ED1004A8C51 /* Frameworks */ = {
			isa = PBXFrameworksBuildPhase;
			buildActionMask = 2147483647;
			files = (
			);
			runOnlyForDeploymentPostprocessing = 0;
		};
		81FAF03E23427ED3004A8C51 /* Frameworks */ = {
			isa = PBXFrameworksBuildPhase;
			buildActionMask = 2147483647;
			files = (
			);
			runOnlyForDeploymentPostprocessing = 0;
		};
/* End PBXFrameworksBuildPhase section */

/* Begin PBXGroup section */
		81249754234B620D0047F3E3 /* Metronome */ = {
			isa = PBXGroup;
			children = (
				81FAF05723427F65004A8C51 /* Entities */,
				81FAF05423427F48004A8C51 /* Application */,
				81265BEB234910D8001648E1 /* Controllers */,
			);
			path = Metronome;
			sourceTree = "<group>";
		};
		8124977B234B65EF0047F3E3 /* Classes */ = {
			isa = PBXGroup;
			children = (
				81249741234B61C00047F3E3 /* ExtensionDelegate.swift */,
				81249780234B6B340047F3E3 /* Model */,
				8124977D234B68F60047F3E3 /* View */,
				8124977C234B65F30047F3E3 /* Controller */,
			);
			path = Classes;
			sourceTree = "<group>";
		};
		8124977C234B65F30047F3E3 /* Controller */ = {
			isa = PBXGroup;
			children = (
				8124973F234B61C00047F3E3 /* MetronomeViewController.swift */,
			);
			path = Controller;
			sourceTree = "<group>";
		};
		8124977D234B68F60047F3E3 /* View */ = {
			isa = PBXGroup;
			children = (
				8124977E234B68FF0047F3E3 /* MetronomeView.swift */,
				81AB3582234CB818004C1BCD /* UpdateTempoView.swift */,
				81AB3584234CB896004C1BCD /* UpdateTimeSignatureView.swift */,
			);
			path = View;
			sourceTree = "<group>";
		};
		81249780234B6B340047F3E3 /* Model */ = {
			isa = PBXGroup;
			children = (
				81249781234B6B630047F3E3 /* MetronomeViewModel.swift */,
				81249783234B6BCB0047F3E3 /* BitViewModel.swift */,
			);
			path = Model;
			sourceTree = "<group>";
		};
		81265BEB234910D8001648E1 /* Controllers */ = {
			isa = PBXGroup;
			children = (
				81249788234B91730047F3E3 /* ObservableMetronomeSnapshot.swift */,
				81249785234B8EBA0047F3E3 /* ObservableMetronome.swift */,
			);
			path = Controllers;
			sourceTree = "<group>";
		};
		817F992D234CAD0300DA1043 /* Metronome Watch */ = {
			isa = PBXGroup;
			children = (
				817F992E234CAD0300DA1043 /* Interface.storyboard */,
				817F9931234CAD0400DA1043 /* Assets.xcassets */,
				817F9933234CAD0400DA1043 /* Info.plist */,
			);
			path = "Metronome Watch";
			sourceTree = "<group>";
		};
		817F993C234CAD0400DA1043 /* Metronome Watch Extension */ = {
			isa = PBXGroup;
			children = (
				8124977B234B65EF0047F3E3 /* Classes */,
				817F9941234CAD0500DA1043 /* Assets.xcassets */,
				817F9943234CAD0500DA1043 /* Info.plist */,
			);
			path = "Metronome Watch Extension";
			sourceTree = "<group>";
		};
		81919FB1234B4EEF0061571A /* String */ = {
			isa = PBXGroup;
			children = (
				81919FB2234B4F220061571A /* Localizable.strings */,
			);
			path = String;
			sourceTree = "<group>";
		};
		81A71C7C23524B5900E86256 /* Extension */ = {
			isa = PBXGroup;
			children = (
				8169CFAB234A72DC009EFB1C /* UIForceTapGestureRecogniser.swift */,
				81811B5A2348B29D00C06204 /* ContainerViewController.swift */,
			);
			path = Extension;
			sourceTree = "<group>";
		};
		81A71C7D23524B7A00E86256 /* Gesture Controller */ = {
			isa = PBXGroup;
			children = (
				81A8878423524EE80071BF48 /* GestureController.swift */,
				81C0725623523D7F009A9523 /* DefaultGestureMetronomeController.swift */,
				81C0725423523D23009A9523 /* HelpGestureController.swift */,
				81A71C762352455100E86256 /* TogglerGestureController.swift */,
				81A71C782352477C00E86256 /* TempoUpdaterGestureController.swift */,
				81A71C7A23524B2200E86256 /* BarLengthUpdaterGestureController.swift */,
				81A8878223524CEF0071BF48 /* NoteLengthUpdaterGestureController.swift */,
				81A88788235250FE0071BF48 /* TapTempoUpdaterGestureController.swift */,
			);
			path = "Gesture Controller";
			sourceTree = "<group>";
		};
		81AB357D234CB118004C1BCD /* Frameworks */ = {
			isa = PBXGroup;
			children = (
			);
			name = Frameworks;
			sourceTree = "<group>";
		};
		81FAF02223427ED1004A8C51 = {
			isa = PBXGroup;
			children = (
				81A887862352501C0071BF48 /* README.md */,
				81249754234B620D0047F3E3 /* Metronome */,
				81FAF04423427ED3004A8C51 /* MetronomeTests */,
				81FAF02D23427ED1004A8C51 /* Metronome iOS */,
				817F992D234CAD0300DA1043 /* Metronome Watch */,
				817F993C234CAD0400DA1043 /* Metronome Watch Extension */,
				81FAF02C23427ED1004A8C51 /* Products */,
				81AB357D234CB118004C1BCD /* Frameworks */,
			);
			sourceTree = "<group>";
		};
		81FAF02C23427ED1004A8C51 /* Products */ = {
			isa = PBXGroup;
			children = (
				81FAF02B23427ED1004A8C51 /* Metronome.app */,
				81FAF04123427ED3004A8C51 /* MetronomeTests.xctest */,
				817F992C234CAD0300DA1043 /* Metronome.app */,
				817F9938234CAD0400DA1043 /* Metronome Watch Extension.appex */,
			);
			name = Products;
			sourceTree = "<group>";
		};
		81FAF02D23427ED1004A8C51 /* Metronome iOS */ = {
			isa = PBXGroup;
			children = (
				81FAF05023427EEA004A8C51 /* Classes */,
				81FAF05223427F00004A8C51 /* Resources */,
				81FAF03C23427ED2004A8C51 /* Info.plist */,
			);
			path = "Metronome iOS";
			sourceTree = "<group>";
		};
		81FAF04423427ED3004A8C51 /* MetronomeTests */ = {
			isa = PBXGroup;
			children = (
				81FAF04523427ED3004A8C51 /* MetronomeTests.swift */,
				81BE0C0D2348C8B5000053C6 /* TempoTests.swift */,
				81BE0C0F2348C926000053C6 /* TimeSignatureTests.swift */,
				81FAF04723427ED3004A8C51 /* Info.plist */,
			);
			path = MetronomeTests;
			sourceTree = "<group>";
		};
		81FAF05023427EEA004A8C51 /* Classes */ = {
			isa = PBXGroup;
			children = (
				81FAF02E23427ED1004A8C51 /* AppDelegate.swift */,
				81FAF03023427ED1004A8C51 /* SceneDelegate.swift */,
				81FAF06523435816004A8C51 /* Model */,
				81FAF05D234299DE004A8C51 /* View */,
				81FAF05C234299D4004A8C51 /* Controller */,
			);
			path = Classes;
			sourceTree = "<group>";
		};
		81FAF05223427F00004A8C51 /* Resources */ = {
			isa = PBXGroup;
			children = (
				81919FB1234B4EEF0061571A /* String */,
				81FAF05323427F07004A8C51 /* Storyboard */,
				81FAF03723427ED2004A8C51 /* Assets.xcassets */,
			);
			path = Resources;
			sourceTree = "<group>";
		};
		81FAF05323427F07004A8C51 /* Storyboard */ = {
			isa = PBXGroup;
			children = (
				81FAF03423427ED1004A8C51 /* Main.storyboard */,
				81FAF03923427ED2004A8C51 /* LaunchScreen.storyboard */,
			);
			path = Storyboard;
			sourceTree = "<group>";
		};
		81FAF05423427F48004A8C51 /* Application */ = {
			isa = PBXGroup;
			children = (
				819E341A2343678700D56E92 /* MetronomeTicker.swift */,
				81FAF06823436475004A8C51 /* MetronomeConfiguration.swift */,
				81FAF05523427F52004A8C51 /* Metronome.swift */,
			);
			path = Application;
			sourceTree = "<group>";
		};
		81FAF05723427F65004A8C51 /* Entities */ = {
			isa = PBXGroup;
			children = (
				81FAF05823427F6F004A8C51 /* TimeSignature.swift */,
				81FAF05A234285E3004A8C51 /* Tempo.swift */,
			);
			path = Entities;
			sourceTree = "<group>";
		};
		81FAF05C234299D4004A8C51 /* Controller */ = {
			isa = PBXGroup;
			children = (
				81A71C7C23524B5900E86256 /* Extension */,
				81A71C7D23524B7A00E86256 /* Gesture Controller */,
				81FAF03223427ED1004A8C51 /* MainViewController.swift */,
				81FAF06023429A24004A8C51 /* MetronomeViewController.swift */,
				81811B582348B1F600C06204 /* GestureMetronomePlayerViewController.swift */,
				8166679323439D2B002DC01A /* TempoUpdaterViewController.swift */,
				8166679723451E7F002DC01A /* TimeSignatureUpdaterViewController.swift */,
				8169CFAD234A7F57009EFB1C /* HelpViewController.swift */,
				81A8878A235257770071BF48 /* TapTempoUpdaterViewController.swift */,
			);
			path = Controller;
			sourceTree = "<group>";
		};
		81FAF05D234299DE004A8C51 /* View */ = {
			isa = PBXGroup;
			children = (
				81FAF05E23429A00004A8C51 /* MetronomeView.swift */,
				8166679523439D42002DC01A /* TempoUpdaterView.swift */,
				81C0B37E23492DB700D01072 /* TimeSignatureUpdaterView.swift */,
				8169CFAF234A7F71009EFB1C /* HelpView.swift */,
			);
			path = View;
			sourceTree = "<group>";
		};
		81FAF06523435816004A8C51 /* Model */ = {
			isa = PBXGroup;
			children = (
				81919FB9234B58900061571A /* ColorPalette.swift */,
				81FAF06623435823004A8C51 /* MetronomeViewModel.swift */,
				813C8D5B234529E500DE9E82 /* BitViewModel.swift */,
				81919FB4234B515C0061571A /* HelpViewModel.swift */,
				81919FB6234B51960061571A /* TipViewModel.swift */,
				81A8878E2353442A0071BF48 /* TempoUpdaterViewModel.swift */,
				81A8878C235343420071BF48 /* TimeSignatureUpdaterViewModel.swift */,
			);
			path = Model;
			sourceTree = "<group>";
		};
/* End PBXGroup section */

/* Begin PBXNativeTarget section */
		817F992B234CAD0300DA1043 /* Metronome Watch */ = {
			isa = PBXNativeTarget;
			buildConfigurationList = 817F994B234CAD0500DA1043 /* Build configuration list for PBXNativeTarget "Metronome Watch" */;
			buildPhases = (
				817F992A234CAD0300DA1043 /* Resources */,
				817F994A234CAD0500DA1043 /* Embed App Extensions */,
			);
			buildRules = (
			);
			dependencies = (
				817F993B234CAD0400DA1043 /* PBXTargetDependency */,
			);
			name = "Metronome Watch";
			productName = "Metronome Watch";
			productReference = 817F992C234CAD0300DA1043 /* Metronome.app */;
			productType = "com.apple.product-type.application.watchapp2";
		};
		817F9937234CAD0400DA1043 /* Metronome Watch Extension */ = {
			isa = PBXNativeTarget;
			buildConfigurationList = 817F9947234CAD0500DA1043 /* Build configuration list for PBXNativeTarget "Metronome Watch Extension" */;
			buildPhases = (
				817F9934234CAD0400DA1043 /* Sources */,
				817F9935234CAD0400DA1043 /* Frameworks */,
				817F9936234CAD0400DA1043 /* Resources */,
			);
			buildRules = (
			);
			dependencies = (
			);
			name = "Metronome Watch Extension";
			productName = "Metronome Watch Extension";
			productReference = 817F9938234CAD0400DA1043 /* Metronome Watch Extension.appex */;
			productType = "com.apple.product-type.watchkit2-extension";
		};
		81FAF02A23427ED1004A8C51 /* Metronome iOS */ = {
			isa = PBXNativeTarget;
			buildConfigurationList = 81FAF04A23427ED3004A8C51 /* Build configuration list for PBXNativeTarget "Metronome iOS" */;
			buildPhases = (
				81FAF02723427ED1004A8C51 /* Sources */,
				81FAF02823427ED1004A8C51 /* Frameworks */,
				81FAF02923427ED1004A8C51 /* Resources */,
				81AB3581234CB118004C1BCD /* Embed Watch Content */,
			);
			buildRules = (
			);
			dependencies = (
				81AB3580234CB118004C1BCD /* PBXTargetDependency */,
			);
			name = "Metronome iOS";
			productName = Metronome;
			productReference = 81FAF02B23427ED1004A8C51 /* Metronome.app */;
			productType = "com.apple.product-type.application";
		};
		81FAF04023427ED3004A8C51 /* MetronomeTests */ = {
			isa = PBXNativeTarget;
			buildConfigurationList = 81FAF04D23427ED3004A8C51 /* Build configuration list for PBXNativeTarget "MetronomeTests" */;
			buildPhases = (
				81FAF03D23427ED3004A8C51 /* Sources */,
				81FAF03E23427ED3004A8C51 /* Frameworks */,
				81FAF03F23427ED3004A8C51 /* Resources */,
			);
			buildRules = (
			);
			dependencies = (
				81FAF04323427ED3004A8C51 /* PBXTargetDependency */,
			);
			name = MetronomeTests;
			productName = MetronomeTests;
			productReference = 81FAF04123427ED3004A8C51 /* MetronomeTests.xctest */;
			productType = "com.apple.product-type.bundle.unit-test";
		};
/* End PBXNativeTarget section */

/* Begin PBXProject section */
		81FAF02323427ED1004A8C51 /* Project object */ = {
			isa = PBXProject;
			attributes = {
				LastSwiftUpdateCheck = 1110;
				LastUpgradeCheck = 1100;
				ORGANIZATIONNAME = "luca strazzullo";
				TargetAttributes = {
					817F992B234CAD0300DA1043 = {
						CreatedOnToolsVersion = 11.1;
					};
					817F9937234CAD0400DA1043 = {
						CreatedOnToolsVersion = 11.1;
					};
					81FAF02A23427ED1004A8C51 = {
						CreatedOnToolsVersion = 11.0;
					};
					81FAF04023427ED3004A8C51 = {
						CreatedOnToolsVersion = 11.0;
					};
				};
			};
			buildConfigurationList = 81FAF02623427ED1004A8C51 /* Build configuration list for PBXProject "Metronome" */;
			compatibilityVersion = "Xcode 9.3";
			developmentRegion = en;
			hasScannedForEncodings = 0;
			knownRegions = (
				en,
				Base,
			);
			mainGroup = 81FAF02223427ED1004A8C51;
			productRefGroup = 81FAF02C23427ED1004A8C51 /* Products */;
			projectDirPath = "";
			projectRoot = "";
			targets = (
				81FAF04023427ED3004A8C51 /* MetronomeTests */,
				81FAF02A23427ED1004A8C51 /* Metronome iOS */,
				817F992B234CAD0300DA1043 /* Metronome Watch */,
				817F9937234CAD0400DA1043 /* Metronome Watch Extension */,
			);
		};
/* End PBXProject section */

/* Begin PBXResourcesBuildPhase section */
		817F992A234CAD0300DA1043 /* Resources */ = {
			isa = PBXResourcesBuildPhase;
			buildActionMask = 2147483647;
			files = (
				817F995C234CAEFF00DA1043 /* Interface.storyboard in Resources */,
				817F9932234CAD0400DA1043 /* Assets.xcassets in Resources */,
			);
			runOnlyForDeploymentPostprocessing = 0;
		};
		817F9936234CAD0400DA1043 /* Resources */ = {
			isa = PBXResourcesBuildPhase;
			buildActionMask = 2147483647;
			files = (
				817F995D234CAF2000DA1043 /* Interface.storyboard in Resources */,
				817F9942234CAD0500DA1043 /* Assets.xcassets in Resources */,
			);
			runOnlyForDeploymentPostprocessing = 0;
		};
		81FAF02923427ED1004A8C51 /* Resources */ = {
			isa = PBXResourcesBuildPhase;
			buildActionMask = 2147483647;
			files = (
				81FAF03B23427ED2004A8C51 /* LaunchScreen.storyboard in Resources */,
				81919FB3234B4F220061571A /* Localizable.strings in Resources */,
				81FAF03823427ED2004A8C51 /* Assets.xcassets in Resources */,
				81FAF03623427ED1004A8C51 /* Main.storyboard in Resources */,
			);
			runOnlyForDeploymentPostprocessing = 0;
		};
		81FAF03F23427ED3004A8C51 /* Resources */ = {
			isa = PBXResourcesBuildPhase;
			buildActionMask = 2147483647;
			files = (
			);
			runOnlyForDeploymentPostprocessing = 0;
		};
/* End PBXResourcesBuildPhase section */

/* Begin PBXSourcesBuildPhase section */
		817F9934234CAD0400DA1043 /* Sources */ = {
			isa = PBXSourcesBuildPhase;
			buildActionMask = 2147483647;
			files = (
				817F9958234CADBC00DA1043 /* Metronome.swift in Sources */,
				817F9956234CADBC00DA1043 /* MetronomeTicker.swift in Sources */,
				817F994F234CAD6600DA1043 /* ExtensionDelegate.swift in Sources */,
				817F995A234CADBF00DA1043 /* ObservableMetronome.swift in Sources */,
				817F9959234CADBF00DA1043 /* ObservableMetronomeSnapshot.swift in Sources */,
				817F9950234CAD6A00DA1043 /* MetronomeViewModel.swift in Sources */,
				81AB3583234CB818004C1BCD /* UpdateTempoView.swift in Sources */,
				817F9953234CAD7000DA1043 /* MetronomeViewController.swift in Sources */,
				817F9951234CAD6A00DA1043 /* BitViewModel.swift in Sources */,
				81AB3585234CB896004C1BCD /* UpdateTimeSignatureView.swift in Sources */,
				817F9952234CAD6D00DA1043 /* MetronomeView.swift in Sources */,
				817F9957234CADBC00DA1043 /* MetronomeConfiguration.swift in Sources */,
				817F9954234CADB800DA1043 /* TimeSignature.swift in Sources */,
				817F9955234CADB800DA1043 /* Tempo.swift in Sources */,
			);
			runOnlyForDeploymentPostprocessing = 0;
		};
		81FAF02723427ED1004A8C51 /* Sources */ = {
			isa = PBXSourcesBuildPhase;
			buildActionMask = 2147483647;
			files = (
				8166679823451E7F002DC01A /* TimeSignatureUpdaterViewController.swift in Sources */,
				81919FBA234B58900061571A /* ColorPalette.swift in Sources */,
				8169CFAC234A72DC009EFB1C /* UIForceTapGestureRecogniser.swift in Sources */,
				81FAF06723435823004A8C51 /* MetronomeViewModel.swift in Sources */,
				81249773234B64420047F3E3 /* Tempo.swift in Sources */,
				8169CFB0234A7F71009EFB1C /* HelpView.swift in Sources */,
				81249770234B643E0047F3E3 /* MetronomeConfiguration.swift in Sources */,
				81FAF03323427ED1004A8C51 /* MainViewController.swift in Sources */,
				8124976F234B643E0047F3E3 /* MetronomeTicker.swift in Sources */,
				81A88789235250FE0071BF48 /* TapTempoUpdaterGestureController.swift in Sources */,
				8169CFAE234A7F57009EFB1C /* HelpViewController.swift in Sources */,
				8124978A234B91EA0047F3E3 /* ObservableMetronomeSnapshot.swift in Sources */,
				81811B592348B1F600C06204 /* GestureMetronomePlayerViewController.swift in Sources */,
				81FAF05F23429A00004A8C51 /* MetronomeView.swift in Sources */,
				81A71C792352477C00E86256 /* TempoUpdaterGestureController.swift in Sources */,
				81C0725723523D7F009A9523 /* DefaultGestureMetronomeController.swift in Sources */,
				81249787234B8EEE0047F3E3 /* ObservableMetronome.swift in Sources */,
				81C0725523523D23009A9523 /* HelpGestureController.swift in Sources */,
				813C8D5C234529E500DE9E82 /* BitViewModel.swift in Sources */,
				81FAF06123429A24004A8C51 /* MetronomeViewController.swift in Sources */,
				81A8878323524CEF0071BF48 /* NoteLengthUpdaterGestureController.swift in Sources */,
				81A8878B235257770071BF48 /* TapTempoUpdaterViewController.swift in Sources */,
				8166679423439D2B002DC01A /* TempoUpdaterViewController.swift in Sources */,
				8166679623439D42002DC01A /* TempoUpdaterView.swift in Sources */,
				81A8878D235343420071BF48 /* TimeSignatureUpdaterViewModel.swift in Sources */,
				81A8878523524EE80071BF48 /* GestureController.swift in Sources */,
				81A71C772352455100E86256 /* TogglerGestureController.swift in Sources */,
				81FAF02F23427ED1004A8C51 /* AppDelegate.swift in Sources */,
				81A8878F2353442A0071BF48 /* TempoUpdaterViewModel.swift in Sources */,
				81249771234B643E0047F3E3 /* Metronome.swift in Sources */,
				81811B5B2348B29D00C06204 /* ContainerViewController.swift in Sources */,
				81C0B37F23492DB700D01072 /* TimeSignatureUpdaterView.swift in Sources */,
				81919FB5234B515C0061571A /* HelpViewModel.swift in Sources */,
				81919FB7234B51960061571A /* TipViewModel.swift in Sources */,
				81FAF03123427ED1004A8C51 /* SceneDelegate.swift in Sources */,
				81249772234B64420047F3E3 /* TimeSignature.swift in Sources */,
				81A71C7B23524B2200E86256 /* BarLengthUpdaterGestureController.swift in Sources */,
			);
			runOnlyForDeploymentPostprocessing = 0;
		};
		81FAF03D23427ED3004A8C51 /* Sources */ = {
			isa = PBXSourcesBuildPhase;
			buildActionMask = 2147483647;
			files = (
				8124976C234B642C0047F3E3 /* Metronome.swift in Sources */,
				8124976B234B642C0047F3E3 /* MetronomeConfiguration.swift in Sources */,
				8124976A234B642C0047F3E3 /* MetronomeTicker.swift in Sources */,
				81BE0C102348C926000053C6 /* TimeSignatureTests.swift in Sources */,
				81FAF04623427ED3004A8C51 /* MetronomeTests.swift in Sources */,
				81BE0C0E2348C8B5000053C6 /* TempoTests.swift in Sources */,
				81249768234B64280047F3E3 /* TimeSignature.swift in Sources */,
				81249769234B64280047F3E3 /* Tempo.swift in Sources */,
			);
			runOnlyForDeploymentPostprocessing = 0;
		};
/* End PBXSourcesBuildPhase section */

/* Begin PBXTargetDependency section */
		817F993B234CAD0400DA1043 /* PBXTargetDependency */ = {
			isa = PBXTargetDependency;
			target = 817F9937234CAD0400DA1043 /* Metronome Watch Extension */;
			targetProxy = 817F993A234CAD0400DA1043 /* PBXContainerItemProxy */;
		};
		81AB3580234CB118004C1BCD /* PBXTargetDependency */ = {
			isa = PBXTargetDependency;
			target = 817F992B234CAD0300DA1043 /* Metronome Watch */;
			targetProxy = 81AB357F234CB118004C1BCD /* PBXContainerItemProxy */;
		};
		81FAF04323427ED3004A8C51 /* PBXTargetDependency */ = {
			isa = PBXTargetDependency;
			target = 81FAF02A23427ED1004A8C51 /* Metronome iOS */;
			targetProxy = 81FAF04223427ED3004A8C51 /* PBXContainerItemProxy */;
		};
/* End PBXTargetDependency section */

/* Begin PBXVariantGroup section */
		817F992E234CAD0300DA1043 /* Interface.storyboard */ = {
			isa = PBXVariantGroup;
			children = (
				817F992F234CAD0300DA1043 /* Base */,
			);
			name = Interface.storyboard;
			sourceTree = "<group>";
		};
		81FAF03423427ED1004A8C51 /* Main.storyboard */ = {
			isa = PBXVariantGroup;
			children = (
				81FAF03523427ED1004A8C51 /* Base */,
			);
			name = Main.storyboard;
			sourceTree = "<group>";
		};
		81FAF03923427ED2004A8C51 /* LaunchScreen.storyboard */ = {
			isa = PBXVariantGroup;
			children = (
				81FAF03A23427ED2004A8C51 /* Base */,
			);
			name = LaunchScreen.storyboard;
			sourceTree = "<group>";
		};
/* End PBXVariantGroup section */

/* Begin XCBuildConfiguration section */
		817F9948234CAD0500DA1043 /* Debug */ = {
			isa = XCBuildConfiguration;
			buildSettings = {
				ASSETCATALOG_COMPILER_COMPLICATION_NAME = Complication;
				CODE_SIGN_IDENTITY = "iPhone Developer";
				CODE_SIGN_STYLE = Manual;
				CURRENT_PROJECT_VERSION = 9;
				DEVELOPMENT_TEAM = UC9U5RZ8UF;
				INFOPLIST_FILE = "Metronome Watch Extension/Info.plist";
				LD_RUNPATH_SEARCH_PATHS = (
					"$(inherited)",
					"@executable_path/Frameworks",
					"@executable_path/../../Frameworks",
				);
				PRODUCT_BUNDLE_IDENTIFIER = com.lucastrazzullo.metronome.watchkitapp.watchkitextension;
				PRODUCT_NAME = "${TARGET_NAME}";
				PROVISIONING_PROFILE_SPECIFIER = "Metronome watchkitextension - Development";
				SDKROOT = watchos;
				SKIP_INSTALL = YES;
				SWIFT_VERSION = 5.0;
				TARGETED_DEVICE_FAMILY = 4;
				WATCHOS_DEPLOYMENT_TARGET = 6.0;
			};
			name = Debug;
		};
		817F9949234CAD0500DA1043 /* Release */ = {
			isa = XCBuildConfiguration;
			buildSettings = {
				ASSETCATALOG_COMPILER_COMPLICATION_NAME = Complication;
				CODE_SIGN_IDENTITY = "iPhone Distribution";
				CODE_SIGN_STYLE = Manual;
				CURRENT_PROJECT_VERSION = 9;
				DEVELOPMENT_TEAM = UC9U5RZ8UF;
				INFOPLIST_FILE = "Metronome Watch Extension/Info.plist";
				LD_RUNPATH_SEARCH_PATHS = (
					"$(inherited)",
					"@executable_path/Frameworks",
					"@executable_path/../../Frameworks",
				);
				PRODUCT_BUNDLE_IDENTIFIER = com.lucastrazzullo.metronome.watchkitapp.watchkitextension;
				PRODUCT_NAME = "${TARGET_NAME}";
				PROVISIONING_PROFILE_SPECIFIER = "Metronome watchkitextension - Distribution";
				SDKROOT = watchos;
				SKIP_INSTALL = YES;
				SWIFT_VERSION = 5.0;
				TARGETED_DEVICE_FAMILY = 4;
				WATCHOS_DEPLOYMENT_TARGET = 6.0;
			};
			name = Release;
		};
		817F994C234CAD0500DA1043 /* Debug */ = {
			isa = XCBuildConfiguration;
			buildSettings = {
				ALWAYS_EMBED_SWIFT_STANDARD_LIBRARIES = YES;
				ASSETCATALOG_COMPILER_APPICON_NAME = AppIcon;
				CODE_SIGN_IDENTITY = "iPhone Developer";
				CODE_SIGN_STYLE = Manual;
				CURRENT_PROJECT_VERSION = 9;
				DEVELOPMENT_TEAM = UC9U5RZ8UF;
				IBSC_MODULE = Metronome_Watch_Extension;
				INFOPLIST_FILE = "Metronome Watch/Info.plist";
				PRODUCT_BUNDLE_IDENTIFIER = com.lucastrazzullo.metronome.watchkitapp;
				PRODUCT_NAME = Metronome;
				PROVISIONING_PROFILE_SPECIFIER = "Metronome watchkitapp - Development";
				SDKROOT = watchos;
				SKIP_INSTALL = YES;
				SWIFT_VERSION = 5.0;
				TARGETED_DEVICE_FAMILY = 4;
				WATCHOS_DEPLOYMENT_TARGET = 6.0;
			};
			name = Debug;
		};
		817F994D234CAD0500DA1043 /* Release */ = {
			isa = XCBuildConfiguration;
			buildSettings = {
				ALWAYS_EMBED_SWIFT_STANDARD_LIBRARIES = YES;
				ASSETCATALOG_COMPILER_APPICON_NAME = AppIcon;
				CODE_SIGN_IDENTITY = "iPhone Distribution";
				CODE_SIGN_STYLE = Manual;
				CURRENT_PROJECT_VERSION = 9;
				DEVELOPMENT_TEAM = UC9U5RZ8UF;
				IBSC_MODULE = Metronome_Watch_Extension;
				INFOPLIST_FILE = "Metronome Watch/Info.plist";
				PRODUCT_BUNDLE_IDENTIFIER = com.lucastrazzullo.metronome.watchkitapp;
				PRODUCT_NAME = Metronome;
				PROVISIONING_PROFILE_SPECIFIER = "Metronome watchkitapp - Distribution";
				SDKROOT = watchos;
				SKIP_INSTALL = YES;
				SWIFT_VERSION = 5.0;
				TARGETED_DEVICE_FAMILY = 4;
				WATCHOS_DEPLOYMENT_TARGET = 6.0;
			};
			name = Release;
		};
		81FAF04823427ED3004A8C51 /* Debug */ = {
			isa = XCBuildConfiguration;
			buildSettings = {
				ALWAYS_SEARCH_USER_PATHS = NO;
				CLANG_ANALYZER_NONNULL = YES;
				CLANG_ANALYZER_NUMBER_OBJECT_CONVERSION = YES_AGGRESSIVE;
				CLANG_CXX_LANGUAGE_STANDARD = "gnu++14";
				CLANG_CXX_LIBRARY = "libc++";
				CLANG_ENABLE_MODULES = YES;
				CLANG_ENABLE_OBJC_ARC = YES;
				CLANG_ENABLE_OBJC_WEAK = YES;
				CLANG_WARN_BLOCK_CAPTURE_AUTORELEASING = YES;
				CLANG_WARN_BOOL_CONVERSION = YES;
				CLANG_WARN_COMMA = YES;
				CLANG_WARN_CONSTANT_CONVERSION = YES;
				CLANG_WARN_DEPRECATED_OBJC_IMPLEMENTATIONS = YES;
				CLANG_WARN_DIRECT_OBJC_ISA_USAGE = YES_ERROR;
				CLANG_WARN_DOCUMENTATION_COMMENTS = YES;
				CLANG_WARN_EMPTY_BODY = YES;
				CLANG_WARN_ENUM_CONVERSION = YES;
				CLANG_WARN_INFINITE_RECURSION = YES;
				CLANG_WARN_INT_CONVERSION = YES;
				CLANG_WARN_NON_LITERAL_NULL_CONVERSION = YES;
				CLANG_WARN_OBJC_IMPLICIT_RETAIN_SELF = YES;
				CLANG_WARN_OBJC_LITERAL_CONVERSION = YES;
				CLANG_WARN_OBJC_ROOT_CLASS = YES_ERROR;
				CLANG_WARN_RANGE_LOOP_ANALYSIS = YES;
				CLANG_WARN_STRICT_PROTOTYPES = YES;
				CLANG_WARN_SUSPICIOUS_MOVE = YES;
				CLANG_WARN_UNGUARDED_AVAILABILITY = YES_AGGRESSIVE;
				CLANG_WARN_UNREACHABLE_CODE = YES;
				CLANG_WARN__DUPLICATE_METHOD_MATCH = YES;
				COPY_PHASE_STRIP = NO;
				DEBUG_INFORMATION_FORMAT = dwarf;
				ENABLE_STRICT_OBJC_MSGSEND = YES;
				ENABLE_TESTABILITY = YES;
				GCC_C_LANGUAGE_STANDARD = gnu11;
				GCC_DYNAMIC_NO_PIC = NO;
				GCC_NO_COMMON_BLOCKS = YES;
				GCC_OPTIMIZATION_LEVEL = 0;
				GCC_PREPROCESSOR_DEFINITIONS = (
					"DEBUG=1",
					"$(inherited)",
				);
				GCC_WARN_64_TO_32_BIT_CONVERSION = YES;
				GCC_WARN_ABOUT_RETURN_TYPE = YES_ERROR;
				GCC_WARN_UNDECLARED_SELECTOR = YES;
				GCC_WARN_UNINITIALIZED_AUTOS = YES_AGGRESSIVE;
				GCC_WARN_UNUSED_FUNCTION = YES;
				GCC_WARN_UNUSED_VARIABLE = YES;
				IPHONEOS_DEPLOYMENT_TARGET = 13.0;
				MTL_ENABLE_DEBUG_INFO = INCLUDE_SOURCE;
				MTL_FAST_MATH = YES;
				ONLY_ACTIVE_ARCH = YES;
				SDKROOT = iphoneos;
				SWIFT_ACTIVE_COMPILATION_CONDITIONS = DEBUG;
				SWIFT_OPTIMIZATION_LEVEL = "-Onone";
			};
			name = Debug;
		};
		81FAF04923427ED3004A8C51 /* Release */ = {
			isa = XCBuildConfiguration;
			buildSettings = {
				ALWAYS_SEARCH_USER_PATHS = NO;
				CLANG_ANALYZER_NONNULL = YES;
				CLANG_ANALYZER_NUMBER_OBJECT_CONVERSION = YES_AGGRESSIVE;
				CLANG_CXX_LANGUAGE_STANDARD = "gnu++14";
				CLANG_CXX_LIBRARY = "libc++";
				CLANG_ENABLE_MODULES = YES;
				CLANG_ENABLE_OBJC_ARC = YES;
				CLANG_ENABLE_OBJC_WEAK = YES;
				CLANG_WARN_BLOCK_CAPTURE_AUTORELEASING = YES;
				CLANG_WARN_BOOL_CONVERSION = YES;
				CLANG_WARN_COMMA = YES;
				CLANG_WARN_CONSTANT_CONVERSION = YES;
				CLANG_WARN_DEPRECATED_OBJC_IMPLEMENTATIONS = YES;
				CLANG_WARN_DIRECT_OBJC_ISA_USAGE = YES_ERROR;
				CLANG_WARN_DOCUMENTATION_COMMENTS = YES;
				CLANG_WARN_EMPTY_BODY = YES;
				CLANG_WARN_ENUM_CONVERSION = YES;
				CLANG_WARN_INFINITE_RECURSION = YES;
				CLANG_WARN_INT_CONVERSION = YES;
				CLANG_WARN_NON_LITERAL_NULL_CONVERSION = YES;
				CLANG_WARN_OBJC_IMPLICIT_RETAIN_SELF = YES;
				CLANG_WARN_OBJC_LITERAL_CONVERSION = YES;
				CLANG_WARN_OBJC_ROOT_CLASS = YES_ERROR;
				CLANG_WARN_RANGE_LOOP_ANALYSIS = YES;
				CLANG_WARN_STRICT_PROTOTYPES = YES;
				CLANG_WARN_SUSPICIOUS_MOVE = YES;
				CLANG_WARN_UNGUARDED_AVAILABILITY = YES_AGGRESSIVE;
				CLANG_WARN_UNREACHABLE_CODE = YES;
				CLANG_WARN__DUPLICATE_METHOD_MATCH = YES;
				COPY_PHASE_STRIP = NO;
				DEBUG_INFORMATION_FORMAT = "dwarf-with-dsym";
				ENABLE_NS_ASSERTIONS = NO;
				ENABLE_STRICT_OBJC_MSGSEND = YES;
				GCC_C_LANGUAGE_STANDARD = gnu11;
				GCC_NO_COMMON_BLOCKS = YES;
				GCC_WARN_64_TO_32_BIT_CONVERSION = YES;
				GCC_WARN_ABOUT_RETURN_TYPE = YES_ERROR;
				GCC_WARN_UNDECLARED_SELECTOR = YES;
				GCC_WARN_UNINITIALIZED_AUTOS = YES_AGGRESSIVE;
				GCC_WARN_UNUSED_FUNCTION = YES;
				GCC_WARN_UNUSED_VARIABLE = YES;
				IPHONEOS_DEPLOYMENT_TARGET = 13.0;
				MTL_ENABLE_DEBUG_INFO = NO;
				MTL_FAST_MATH = YES;
				SDKROOT = iphoneos;
				SWIFT_COMPILATION_MODE = wholemodule;
				SWIFT_OPTIMIZATION_LEVEL = "-O";
				VALIDATE_PRODUCT = YES;
			};
			name = Release;
		};
		81FAF04B23427ED3004A8C51 /* Debug */ = {
			isa = XCBuildConfiguration;
			buildSettings = {
				ASSETCATALOG_COMPILER_APPICON_NAME = AppIcon;
				CODE_SIGN_IDENTITY = "iPhone Developer";
				CODE_SIGN_STYLE = Manual;
				CURRENT_PROJECT_VERSION = 9;
				DEVELOPMENT_TEAM = UC9U5RZ8UF;
				INFOPLIST_FILE = "Metronome iOS/Info.plist";
				LD_RUNPATH_SEARCH_PATHS = (
					"$(inherited)",
					"@executable_path/Frameworks",
				);
				PRODUCT_BUNDLE_IDENTIFIER = com.lucastrazzullo.metronome;
				PRODUCT_NAME = Metronome;
				PROVISIONING_PROFILE_SPECIFIER = "Metronome - Development";
				SWIFT_VERSION = 5.0;
				TARGETED_DEVICE_FAMILY = 1;
			};
			name = Debug;
		};
		81FAF04C23427ED3004A8C51 /* Release */ = {
			isa = XCBuildConfiguration;
			buildSettings = {
				ASSETCATALOG_COMPILER_APPICON_NAME = AppIcon;
				CODE_SIGN_IDENTITY = "iPhone Distribution";
				CODE_SIGN_STYLE = Manual;
				CURRENT_PROJECT_VERSION = 9;
				DEVELOPMENT_TEAM = UC9U5RZ8UF;
				INFOPLIST_FILE = "Metronome iOS/Info.plist";
				LD_RUNPATH_SEARCH_PATHS = (
					"$(inherited)",
					"@executable_path/Frameworks",
				);
				PRODUCT_BUNDLE_IDENTIFIER = com.lucastrazzullo.metronome;
				PRODUCT_NAME = Metronome;
				PROVISIONING_PROFILE_SPECIFIER = "Metronome - Distribution";
				SWIFT_VERSION = 5.0;
				TARGETED_DEVICE_FAMILY = 1;
			};
			name = Release;
		};
		81FAF04E23427ED3004A8C51 /* Debug */ = {
			isa = XCBuildConfiguration;
			buildSettings = {
				ALWAYS_EMBED_SWIFT_STANDARD_LIBRARIES = YES;
				CODE_SIGN_STYLE = Automatic;
				DEVELOPMENT_TEAM = UC9U5RZ8UF;
				INFOPLIST_FILE = MetronomeTests/Info.plist;
				IPHONEOS_DEPLOYMENT_TARGET = 13.0;
				LD_RUNPATH_SEARCH_PATHS = (
					"$(inherited)",
					"@executable_path/Frameworks",
					"@loader_path/Frameworks",
				);
				PRODUCT_BUNDLE_IDENTIFIER = com.lucastrazzullo.MetronomeTests;
				PRODUCT_NAME = "$(TARGET_NAME)";
				SWIFT_VERSION = 5.0;
				TARGETED_DEVICE_FAMILY = "1,2";
			};
			name = Debug;
		};
		81FAF04F23427ED3004A8C51 /* Release */ = {
			isa = XCBuildConfiguration;
			buildSettings = {
				ALWAYS_EMBED_SWIFT_STANDARD_LIBRARIES = YES;
				CODE_SIGN_STYLE = Automatic;
				DEVELOPMENT_TEAM = UC9U5RZ8UF;
				INFOPLIST_FILE = MetronomeTests/Info.plist;
				IPHONEOS_DEPLOYMENT_TARGET = 13.0;
				LD_RUNPATH_SEARCH_PATHS = (
					"$(inherited)",
					"@executable_path/Frameworks",
					"@loader_path/Frameworks",
				);
				PRODUCT_BUNDLE_IDENTIFIER = com.lucastrazzullo.MetronomeTests;
				PRODUCT_NAME = "$(TARGET_NAME)";
				SWIFT_VERSION = 5.0;
				TARGETED_DEVICE_FAMILY = "1,2";
			};
			name = Release;
		};
/* End XCBuildConfiguration section */

/* Begin XCConfigurationList section */
		817F9947234CAD0500DA1043 /* Build configuration list for PBXNativeTarget "Metronome Watch Extension" */ = {
			isa = XCConfigurationList;
			buildConfigurations = (
				817F9948234CAD0500DA1043 /* Debug */,
				817F9949234CAD0500DA1043 /* Release */,
			);
			defaultConfigurationIsVisible = 0;
			defaultConfigurationName = Release;
		};
		817F994B234CAD0500DA1043 /* Build configuration list for PBXNativeTarget "Metronome Watch" */ = {
			isa = XCConfigurationList;
			buildConfigurations = (
				817F994C234CAD0500DA1043 /* Debug */,
				817F994D234CAD0500DA1043 /* Release */,
			);
			defaultConfigurationIsVisible = 0;
			defaultConfigurationName = Release;
		};
		81FAF02623427ED1004A8C51 /* Build configuration list for PBXProject "Metronome" */ = {
			isa = XCConfigurationList;
			buildConfigurations = (
				81FAF04823427ED3004A8C51 /* Debug */,
				81FAF04923427ED3004A8C51 /* Release */,
			);
			defaultConfigurationIsVisible = 0;
			defaultConfigurationName = Release;
		};
		81FAF04A23427ED3004A8C51 /* Build configuration list for PBXNativeTarget "Metronome iOS" */ = {
			isa = XCConfigurationList;
			buildConfigurations = (
				81FAF04B23427ED3004A8C51 /* Debug */,
				81FAF04C23427ED3004A8C51 /* Release */,
			);
			defaultConfigurationIsVisible = 0;
			defaultConfigurationName = Release;
		};
		81FAF04D23427ED3004A8C51 /* Build configuration list for PBXNativeTarget "MetronomeTests" */ = {
			isa = XCConfigurationList;
			buildConfigurations = (
				81FAF04E23427ED3004A8C51 /* Debug */,
				81FAF04F23427ED3004A8C51 /* Release */,
			);
			defaultConfigurationIsVisible = 0;
			defaultConfigurationName = Release;
		};
/* End XCConfigurationList section */
	};
	rootObject = 81FAF02323427ED1004A8C51 /* Project object */;
}
